// !$*UTF8*$!
{
	archiveVersion = 1;
	classes = {
	};
	objectVersion = 46;
	objects = {

/* Begin PBXBuildFile section */
		04CCD0DC1D81411800651508 /* PLFriendCell.xib in Resources */ = {isa = PBXBuildFile; fileRef = 04CCD0DB1D81411800651508 /* PLFriendCell.xib */; };
		2480F8D81D813E730095995F /* AppDelegate.swift in Sources */ = {isa = PBXBuildFile; fileRef = 2480F86F1D813E730095995F /* AppDelegate.swift */; };
		2480F8D91D813E730095995F /* PLFacade.swift in Sources */ = {isa = PBXBuildFile; fileRef = 2480F8711D813E730095995F /* PLFacade.swift */; };
		2480F8DB1D813E730095995F /* PLNetworkManager.swift in Sources */ = {isa = PBXBuildFile; fileRef = 2480F8731D813E730095995F /* PLNetworkManager.swift */; };
		2480F8DC1D813E730095995F /* PLPageCollection.swift in Sources */ = {isa = PBXBuildFile; fileRef = 2480F8741D813E730095995F /* PLPageCollection.swift */; };
		2480F8DD1D813E730095995F /* PLProfileManager.swift in Sources */ = {isa = PBXBuildFile; fileRef = 2480F8751D813E730095995F /* PLProfileManager.swift */; };
		2480F8DE1D813E730095995F /* PLSettingsManager.swift in Sources */ = {isa = PBXBuildFile; fileRef = 2480F8761D813E730095995F /* PLSettingsManager.swift */; };
		2480F8DF1D813E730095995F /* PLDevice.swift in Sources */ = {isa = PBXBuildFile; fileRef = 2480F8781D813E730095995F /* PLDevice.swift */; };
		2480F8E01D813E730095995F /* PLDictionary.swift in Sources */ = {isa = PBXBuildFile; fileRef = 2480F8791D813E730095995F /* PLDictionary.swift */; };
		2480F8E11D813E730095995F /* PLNavigationController.swift in Sources */ = {isa = PBXBuildFile; fileRef = 2480F87A1D813E730095995F /* PLNavigationController.swift */; };
		2480F8E21D813E730095995F /* PLStoryboard.swift in Sources */ = {isa = PBXBuildFile; fileRef = 2480F87B1D813E730095995F /* PLStoryboard.swift */; };
		2480F8E31D813E730095995F /* PLString.swift in Sources */ = {isa = PBXBuildFile; fileRef = 2480F87C1D813E730095995F /* PLString.swift */; };
		2480F8E41D813E730095995F /* PLDrink.swift in Sources */ = {isa = PBXBuildFile; fileRef = 2480F87E1D813E730095995F /* PLDrink.swift */; };
		2480F8E51D813E730095995F /* PLErrors.swift in Sources */ = {isa = PBXBuildFile; fileRef = 2480F87F1D813E730095995F /* PLErrors.swift */; };
		2480F8E61D813E730095995F /* PLEvent.swift in Sources */ = {isa = PBXBuildFile; fileRef = 2480F8801D813E730095995F /* PLEvent.swift */; };
		2480F8E71D813E730095995F /* PLFakeFeed.swift in Sources */ = {isa = PBXBuildFile; fileRef = 2480F8811D813E730095995F /* PLFakeFeed.swift */; };
		2480F8E81D813E730095995F /* PLKeys.swift in Sources */ = {isa = PBXBuildFile; fileRef = 2480F8821D813E730095995F /* PLKeys.swift */; };
		2480F8E91D813E730095995F /* PLOrder.swift in Sources */ = {isa = PBXBuildFile; fileRef = 2480F8831D813E730095995F /* PLOrder.swift */; };
		2480F8EA1D813E730095995F /* PLPlace.swift in Sources */ = {isa = PBXBuildFile; fileRef = 2480F8841D813E730095995F /* PLPlace.swift */; };
		2480F8EB1D813E730095995F /* PLUniqueObject.swift in Sources */ = {isa = PBXBuildFile; fileRef = 2480F8851D813E730095995F /* PLUniqueObject.swift */; };
		2480F8EC1D813E730095995F /* PLUser.swift in Sources */ = {isa = PBXBuildFile; fileRef = 2480F8861D813E730095995F /* PLUser.swift */; };
		2480F8ED1D813E730095995F /* TGLBackgroundProxyView.m in Sources */ = {isa = PBXBuildFile; fileRef = 2480F88B1D813E730095995F /* TGLBackgroundProxyView.m */; };
		2480F8EE1D813E730095995F /* TGLExposedLayout.m in Sources */ = {isa = PBXBuildFile; fileRef = 2480F88D1D813E730095995F /* TGLExposedLayout.m */; };
		2480F8EF1D813E730095995F /* TGLStackedLayout.m in Sources */ = {isa = PBXBuildFile; fileRef = 2480F88F1D813E730095995F /* TGLStackedLayout.m */; };
		2480F8F01D813E730095995F /* TGLStackedViewController.m in Sources */ = {isa = PBXBuildFile; fileRef = 2480F8911D813E730095995F /* TGLStackedViewController.m */; };
		2480F8F11D813E730095995F /* PLAddFundsView.swift in Sources */ = {isa = PBXBuildFile; fileRef = 2480F8941D813E730095995F /* PLAddFundsView.swift */; };
		2480F8F21D813E730095995F /* PLAddFundsView.xib in Resources */ = {isa = PBXBuildFile; fileRef = 2480F8951D813E730095995F /* PLAddFundsView.xib */; };
		2480F8F31D813E730095995F /* PLAddFundsViewController.swift in Sources */ = {isa = PBXBuildFile; fileRef = 2480F8961D813E730095995F /* PLAddFundsViewController.swift */; };
		2480F8F41D813E730095995F /* PLButton.swift in Sources */ = {isa = PBXBuildFile; fileRef = 2480F8981D813E730095995F /* PLButton.swift */; };
		2480F8F51D813E730095995F /* PLImageView.swift in Sources */ = {isa = PBXBuildFile; fileRef = 2480F8991D813E730095995F /* PLImageView.swift */; };
		2480F8F61D813E730095995F /* PLTextField.swift in Sources */ = {isa = PBXBuildFile; fileRef = 2480F89A1D813E730095995F /* PLTextField.swift */; };
		2480F8F71D813E730095995F /* PLFriendCell.swift in Sources */ = {isa = PBXBuildFile; fileRef = 2480F89C1D813E730095995F /* PLFriendCell.swift */; };
		2480F8F81D813E730095995F /* PLFriendCellData.swift in Sources */ = {isa = PBXBuildFile; fileRef = 2480F89D1D813E730095995F /* PLFriendCellData.swift */; };
		2480F8F91D813E730095995F /* PLFriendProfileViewController.swift in Sources */ = {isa = PBXBuildFile; fileRef = 2480F89E1D813E730095995F /* PLFriendProfileViewController.swift */; };
		2480F8FA1D813E730095995F /* PLFriendsModel.swift in Sources */ = {isa = PBXBuildFile; fileRef = 2480F89F1D813E730095995F /* PLFriendsModel.swift */; };
		2480F8FB1D813E730095995F /* PLFriendsSearchTableViewController.swift in Sources */ = {isa = PBXBuildFile; fileRef = 2480F8A01D813E730095995F /* PLFriendsSearchTableViewController.swift */; };
		2480F8FC1D813E730095995F /* PLFriendsTableViewController.swift in Sources */ = {isa = PBXBuildFile; fileRef = 2480F8A11D813E730095995F /* PLFriendsTableViewController.swift */; };
		2480F8FD1D813E730095995F /* PLLoginViewController.swift in Sources */ = {isa = PBXBuildFile; fileRef = 2480F8A31D813E730095995F /* PLLoginViewController.swift */; };
		2480F8FE1D813E730095995F /* PLOrderViewController.swift in Sources */ = {isa = PBXBuildFile; fileRef = 2480F8A51D813E730095995F /* PLOrderViewController.swift */; };
		2480F8FF1D813E730095995F /* PLOrderDrinkCell.swift in Sources */ = {isa = PBXBuildFile; fileRef = 2480F8A71D813E730095995F /* PLOrderDrinkCell.swift */; };
		2480F9001D813E730095995F /* PLOrderDrinkCell.xib in Resources */ = {isa = PBXBuildFile; fileRef = 2480F8A81D813E730095995F /* PLOrderDrinkCell.xib */; };
		2480F9011D813E730095995F /* PLOrderStillHeader.swift in Sources */ = {isa = PBXBuildFile; fileRef = 2480F8A91D813E730095995F /* PLOrderStillHeader.swift */; };
		2480F9021D813E730095995F /* PLOrderStillHeader.xib in Resources */ = {isa = PBXBuildFile; fileRef = 2480F8AA1D813E730095995F /* PLOrderStillHeader.xib */; };
		2480F9031D813E730095995F /* PLOrdeStickyHeader.swift in Sources */ = {isa = PBXBuildFile; fileRef = 2480F8AB1D813E730095995F /* PLOrdeStickyHeader.swift */; };
		2480F9041D813E730095995F /* PLOrdeStickyHeader.xib in Resources */ = {isa = PBXBuildFile; fileRef = 2480F8AC1D813E730095995F /* PLOrdeStickyHeader.xib */; };
		2480F9081D813E730095995F /* PLPlaceTableViewCell.swift in Sources */ = {isa = PBXBuildFile; fileRef = 2480F8B11D813E730095995F /* PLPlaceTableViewCell.swift */; };
		2480F9091D813E730095995F /* PLPlaceTableViewCell.xib in Resources */ = {isa = PBXBuildFile; fileRef = 2480F8B21D813E730095995F /* PLPlaceTableViewCell.xib */; };
		2480F90D1D813E730095995F /* PLSlidingViewController.swift in Sources */ = {isa = PBXBuildFile; fileRef = 2480F8B61D813E730095995F /* PLSlidingViewController.swift */; };
		2480F90E1D813E730095995F /* PLStickyCollectionViewFlowLayout.swift in Sources */ = {isa = PBXBuildFile; fileRef = 2480F8B71D813E730095995F /* PLStickyCollectionViewFlowLayout.swift */; };
		2480F90F1D813E730095995F /* PLProfileCollectionHelper.swift in Sources */ = {isa = PBXBuildFile; fileRef = 2480F8B91D813E730095995F /* PLProfileCollectionHelper.swift */; };
		2480F9101D813E730095995F /* PLProfileDrinkCollectionViewCell.swift in Sources */ = {isa = PBXBuildFile; fileRef = 2480F8BA1D813E730095995F /* PLProfileDrinkCollectionViewCell.swift */; };
		2480F9111D813E730095995F /* PLProfileDrinkCollectionViewCell.xib in Resources */ = {isa = PBXBuildFile; fileRef = 2480F8BB1D813E730095995F /* PLProfileDrinkCollectionViewCell.xib */; };
		2480F9121D813E730095995F /* PLProfileHeaderView.swift in Sources */ = {isa = PBXBuildFile; fileRef = 2480F8BC1D813E730095995F /* PLProfileHeaderView.swift */; };
		2480F9131D813E730095995F /* PLProfileHeaderView.xib in Resources */ = {isa = PBXBuildFile; fileRef = 2480F8BD1D813E730095995F /* PLProfileHeaderView.xib */; };
		2480F9141D813E730095995F /* PLProfileViewController.swift in Sources */ = {isa = PBXBuildFile; fileRef = 2480F8BE1D813E730095995F /* PLProfileViewController.swift */; };
		2480F9151D813E730095995F /* PLSettingsViewController.swift in Sources */ = {isa = PBXBuildFile; fileRef = 2480F8C01D813E730095995F /* PLSettingsViewController.swift */; };
		2480F9161D813E730095995F /* PLAddButton.swift in Sources */ = {isa = PBXBuildFile; fileRef = 2480F8C21D813E730095995F /* PLAddButton.swift */; };
		2480F9171D813E730095995F /* PLSignUpData.swift in Sources */ = {isa = PBXBuildFile; fileRef = 2480F8C31D813E730095995F /* PLSignUpData.swift */; };
		2480F9181D813E730095995F /* PLSignUpViewController.swift in Sources */ = {isa = PBXBuildFile; fileRef = 2480F8C41D813E730095995F /* PLSignUpViewController.swift */; };
		2480F9191D813E730095995F /* Assets.xcassets in Resources */ = {isa = PBXBuildFile; fileRef = 2480F8C61D813E730095995F /* Assets.xcassets */; };
		2480F91A1D813E730095995F /* config.plist in Resources */ = {isa = PBXBuildFile; fileRef = 2480F8C71D813E730095995F /* config.plist */; };
		2480F91B1D813E730095995F /* friends0.json in Resources */ = {isa = PBXBuildFile; fileRef = 2480F8CA1D813E730095995F /* friends0.json */; };
		2480F91C1D813E730095995F /* friends1.json in Resources */ = {isa = PBXBuildFile; fileRef = 2480F8CB1D813E730095995F /* friends1.json */; };
		2480F91D1D813E730095995F /* friends2.json in Resources */ = {isa = PBXBuildFile; fileRef = 2480F8CC1D813E730095995F /* friends2.json */; };
		2480F91E1D813E730095995F /* friends3.json in Resources */ = {isa = PBXBuildFile; fileRef = 2480F8CD1D813E730095995F /* friends3.json */; };
		2480F91F1D813E730095995F /* login.json in Resources */ = {isa = PBXBuildFile; fileRef = 2480F8CE1D813E730095995F /* login.json */; };
		2480F9201D813E730095995F /* sendpassword.json in Resources */ = {isa = PBXBuildFile; fileRef = 2480F8CF1D813E730095995F /* sendpassword.json */; };
		2480F9211D813E730095995F /* signup.json in Resources */ = {isa = PBXBuildFile; fileRef = 2480F8D01D813E730095995F /* signup.json */; };
		2480F9231D813E730095995F /* LaunchScreen.storyboard in Resources */ = {isa = PBXBuildFile; fileRef = 2480F8D21D813E730095995F /* LaunchScreen.storyboard */; };
		2480F9241D813E730095995F /* Main.storyboard in Resources */ = {isa = PBXBuildFile; fileRef = 2480F8D31D813E730095995F /* Main.storyboard */; };
		2480F9251D813E730095995F /* QTCollectionViewParallaxLayout.m in Sources */ = {isa = PBXBuildFile; fileRef = 2480F8D71D813E730095995F /* QTCollectionViewParallaxLayout.m */; };
		2489E7041D82950E003811D5 /* PLOrderPlacesViewController.swift in Sources */ = {isa = PBXBuildFile; fileRef = 2489E7031D82950E003811D5 /* PLOrderPlacesViewController.swift */; };
		2489E7061D82AC81003811D5 /* PLOrderFriendsViewController.swift in Sources */ = {isa = PBXBuildFile; fileRef = 2489E7051D82AC81003811D5 /* PLOrderFriendsViewController.swift */; };
		24DEF1581D818D2800E40869 /* PLOrderAnimableVipView.swift in Sources */ = {isa = PBXBuildFile; fileRef = 24DEF1571D818D2800E40869 /* PLOrderAnimableVipView.swift */; };
		24DEF15A1D818D3C00E40869 /* PLOrderAnimableVipView.xib in Resources */ = {isa = PBXBuildFile; fileRef = 24DEF1591D818D3C00E40869 /* PLOrderAnimableVipView.xib */; };
		D4950A911D82A0DD00F48F4E /* PLPlaceCellData.swift in Sources */ = {isa = PBXBuildFile; fileRef = D4950A901D82A0DD00F48F4E /* PLPlaceCellData.swift */; };
		D4950A931D82B32700F48F4E /* PLAlert.swift in Sources */ = {isa = PBXBuildFile; fileRef = D4950A921D82B32700F48F4E /* PLAlert.swift */; };
		D4950A951D82C71100F48F4E /* PLViewController.swift in Sources */ = {isa = PBXBuildFile; fileRef = D4950A941D82C71100F48F4E /* PLViewController.swift */; };
		D4950A9B1D82DAE800F48F4E /* orders0.json in Resources */ = {isa = PBXBuildFile; fileRef = D4950A971D82DAE800F48F4E /* orders0.json */; };
		D4950A9C1D82DAE800F48F4E /* orders1.json in Resources */ = {isa = PBXBuildFile; fileRef = D4950A981D82DAE800F48F4E /* orders1.json */; };
		D4950A9D1D82DAE800F48F4E /* orders2.json in Resources */ = {isa = PBXBuildFile; fileRef = D4950A991D82DAE800F48F4E /* orders2.json */; };
		D4950A9E1D82DAE800F48F4E /* orders3.json in Resources */ = {isa = PBXBuildFile; fileRef = D4950A9A1D82DAE800F48F4E /* orders3.json */; };
		D4CEC24D1D818B7300D4CD08 /* places0.json in Resources */ = {isa = PBXBuildFile; fileRef = D4CEC2491D818B7300D4CD08 /* places0.json */; };
		D4CEC24E1D818B7300D4CD08 /* places1.json in Resources */ = {isa = PBXBuildFile; fileRef = D4CEC24A1D818B7300D4CD08 /* places1.json */; };
		D4CEC24F1D818B7300D4CD08 /* places2.json in Resources */ = {isa = PBXBuildFile; fileRef = D4CEC24B1D818B7300D4CD08 /* places2.json */; };
		D4CEC2501D818B7300D4CD08 /* places3.json in Resources */ = {isa = PBXBuildFile; fileRef = D4CEC24C1D818B7300D4CD08 /* places3.json */; };
		D4CEC2521D81941800D4CD08 /* PLLocationManager.swift in Sources */ = {isa = PBXBuildFile; fileRef = D4CEC2511D81941800D4CD08 /* PLLocationManager.swift */; };
		D4CEC2551D81A3B400D4CD08 /* PLFriendsDatasource.swift in Sources */ = {isa = PBXBuildFile; fileRef = D4CEC2541D81A3B400D4CD08 /* PLFriendsDatasource.swift */; };
		D4CEC2571D81A3CB00D4CD08 /* PLDatasource.swift in Sources */ = {isa = PBXBuildFile; fileRef = D4CEC2561D81A3CB00D4CD08 /* PLDatasource.swift */; };
		D4CEC2591D81A45900D4CD08 /* PLPlacesDatasource.swift in Sources */ = {isa = PBXBuildFile; fileRef = D4CEC2581D81A45900D4CD08 /* PLPlacesDatasource.swift */; };
		DC5EA978C0138C7F424C113C /* Pods_Pals.framework in Frameworks */ = {isa = PBXBuildFile; fileRef = 3E1097158C5C13F1394D646D /* Pods_Pals.framework */; };
		E829DDC81D8145E600D8C130 /* PLUIView.swift in Sources */ = {isa = PBXBuildFile; fileRef = E829DDC71D8145E600D8C130 /* PLUIView.swift */; };
		E829DDCB1D8146B200D8C130 /* PLPlaceProfileHeader.swift in Sources */ = {isa = PBXBuildFile; fileRef = E829DDC91D8146B200D8C130 /* PLPlaceProfileHeader.swift */; };
		E829DDCC1D8146B200D8C130 /* PLPlaceProfileHeader.xib in Resources */ = {isa = PBXBuildFile; fileRef = E829DDCA1D8146B200D8C130 /* PLPlaceProfileHeader.xib */; };
		E829DDD21D8151BE00D8C130 /* PLPlaceProfileCollectionViewCell.swift in Sources */ = {isa = PBXBuildFile; fileRef = E829DDCD1D8151BE00D8C130 /* PLPlaceProfileCollectionViewCell.swift */; };
		E829DDD31D8151BE00D8C130 /* PLPlaceProfileCollectionViewCell.xib in Resources */ = {isa = PBXBuildFile; fileRef = E829DDCE1D8151BE00D8C130 /* PLPlaceProfileCollectionViewCell.xib */; };
		E829DDD41D8151BE00D8C130 /* PLPlaceProfileSectionHeader.swift in Sources */ = {isa = PBXBuildFile; fileRef = E829DDCF1D8151BE00D8C130 /* PLPlaceProfileSectionHeader.swift */; };
		E829DDD51D8151BE00D8C130 /* PLPlaceProfileSectionHeader.xib in Resources */ = {isa = PBXBuildFile; fileRef = E829DDD01D8151BE00D8C130 /* PLPlaceProfileSectionHeader.xib */; };
		E829DDD61D8151BE00D8C130 /* PLPlaceProfileViewController.swift in Sources */ = {isa = PBXBuildFile; fileRef = E829DDD11D8151BE00D8C130 /* PLPlaceProfileViewController.swift */; };
		E829DDD81D818EAC00D8C130 /* PLPlacesViewController.swift in Sources */ = {isa = PBXBuildFile; fileRef = E829DDD71D818EAC00D8C130 /* PLPlacesViewController.swift */; };
		E829DDDC1D819A6300D8C130 /* PLConstants.swift in Sources */ = {isa = PBXBuildFile; fileRef = E829DDDB1D819A6300D8C130 /* PLConstants.swift */; };
/* End PBXBuildFile section */

/* Begin PBXFileReference section */
		04CCD0DB1D81411800651508 /* PLFriendCell.xib */ = {isa = PBXFileReference; fileEncoding = 4; lastKnownFileType = file.xib; path = PLFriendCell.xib; sourceTree = "<group>"; };
		2480F86F1D813E730095995F /* AppDelegate.swift */ = {isa = PBXFileReference; fileEncoding = 4; lastKnownFileType = sourcecode.swift; path = AppDelegate.swift; sourceTree = "<group>"; };
		2480F8711D813E730095995F /* PLFacade.swift */ = {isa = PBXFileReference; fileEncoding = 4; lastKnownFileType = sourcecode.swift; path = PLFacade.swift; sourceTree = "<group>"; };
		2480F8731D813E730095995F /* PLNetworkManager.swift */ = {isa = PBXFileReference; fileEncoding = 4; lastKnownFileType = sourcecode.swift; path = PLNetworkManager.swift; sourceTree = "<group>"; };
		2480F8741D813E730095995F /* PLPageCollection.swift */ = {isa = PBXFileReference; fileEncoding = 4; lastKnownFileType = sourcecode.swift; path = PLPageCollection.swift; sourceTree = "<group>"; };
		2480F8751D813E730095995F /* PLProfileManager.swift */ = {isa = PBXFileReference; fileEncoding = 4; lastKnownFileType = sourcecode.swift; path = PLProfileManager.swift; sourceTree = "<group>"; };
		2480F8761D813E730095995F /* PLSettingsManager.swift */ = {isa = PBXFileReference; fileEncoding = 4; lastKnownFileType = sourcecode.swift; path = PLSettingsManager.swift; sourceTree = "<group>"; };
		2480F8781D813E730095995F /* PLDevice.swift */ = {isa = PBXFileReference; fileEncoding = 4; lastKnownFileType = sourcecode.swift; path = PLDevice.swift; sourceTree = "<group>"; };
		2480F8791D813E730095995F /* PLDictionary.swift */ = {isa = PBXFileReference; fileEncoding = 4; lastKnownFileType = sourcecode.swift; path = PLDictionary.swift; sourceTree = "<group>"; };
		2480F87A1D813E730095995F /* PLNavigationController.swift */ = {isa = PBXFileReference; fileEncoding = 4; lastKnownFileType = sourcecode.swift; path = PLNavigationController.swift; sourceTree = "<group>"; };
		2480F87B1D813E730095995F /* PLStoryboard.swift */ = {isa = PBXFileReference; fileEncoding = 4; lastKnownFileType = sourcecode.swift; path = PLStoryboard.swift; sourceTree = "<group>"; };
		2480F87C1D813E730095995F /* PLString.swift */ = {isa = PBXFileReference; fileEncoding = 4; lastKnownFileType = sourcecode.swift; path = PLString.swift; sourceTree = "<group>"; };
		2480F87E1D813E730095995F /* PLDrink.swift */ = {isa = PBXFileReference; fileEncoding = 4; lastKnownFileType = sourcecode.swift; path = PLDrink.swift; sourceTree = "<group>"; };
		2480F87F1D813E730095995F /* PLErrors.swift */ = {isa = PBXFileReference; fileEncoding = 4; lastKnownFileType = sourcecode.swift; path = PLErrors.swift; sourceTree = "<group>"; };
		2480F8801D813E730095995F /* PLEvent.swift */ = {isa = PBXFileReference; fileEncoding = 4; lastKnownFileType = sourcecode.swift; path = PLEvent.swift; sourceTree = "<group>"; };
		2480F8811D813E730095995F /* PLFakeFeed.swift */ = {isa = PBXFileReference; fileEncoding = 4; lastKnownFileType = sourcecode.swift; path = PLFakeFeed.swift; sourceTree = "<group>"; };
		2480F8821D813E730095995F /* PLKeys.swift */ = {isa = PBXFileReference; fileEncoding = 4; lastKnownFileType = sourcecode.swift; path = PLKeys.swift; sourceTree = "<group>"; };
		2480F8831D813E730095995F /* PLOrder.swift */ = {isa = PBXFileReference; fileEncoding = 4; lastKnownFileType = sourcecode.swift; path = PLOrder.swift; sourceTree = "<group>"; };
		2480F8841D813E730095995F /* PLPlace.swift */ = {isa = PBXFileReference; fileEncoding = 4; lastKnownFileType = sourcecode.swift; path = PLPlace.swift; sourceTree = "<group>"; };
		2480F8851D813E730095995F /* PLUniqueObject.swift */ = {isa = PBXFileReference; fileEncoding = 4; lastKnownFileType = sourcecode.swift; path = PLUniqueObject.swift; sourceTree = "<group>"; };
		2480F8861D813E730095995F /* PLUser.swift */ = {isa = PBXFileReference; fileEncoding = 4; lastKnownFileType = sourcecode.swift; path = PLUser.swift; sourceTree = "<group>"; };
		2480F8871D813E730095995F /* Pals-Bridging-Header.h */ = {isa = PBXFileReference; fileEncoding = 4; lastKnownFileType = sourcecode.c.h; path = "Pals-Bridging-Header.h"; sourceTree = "<group>"; };
		2480F88A1D813E730095995F /* TGLBackgroundProxyView.h */ = {isa = PBXFileReference; fileEncoding = 4; lastKnownFileType = sourcecode.c.h; path = TGLBackgroundProxyView.h; sourceTree = "<group>"; };
		2480F88B1D813E730095995F /* TGLBackgroundProxyView.m */ = {isa = PBXFileReference; fileEncoding = 4; lastKnownFileType = sourcecode.c.objc; path = TGLBackgroundProxyView.m; sourceTree = "<group>"; };
		2480F88C1D813E730095995F /* TGLExposedLayout.h */ = {isa = PBXFileReference; fileEncoding = 4; lastKnownFileType = sourcecode.c.h; path = TGLExposedLayout.h; sourceTree = "<group>"; };
		2480F88D1D813E730095995F /* TGLExposedLayout.m */ = {isa = PBXFileReference; fileEncoding = 4; lastKnownFileType = sourcecode.c.objc; path = TGLExposedLayout.m; sourceTree = "<group>"; };
		2480F88E1D813E730095995F /* TGLStackedLayout.h */ = {isa = PBXFileReference; fileEncoding = 4; lastKnownFileType = sourcecode.c.h; path = TGLStackedLayout.h; sourceTree = "<group>"; };
		2480F88F1D813E730095995F /* TGLStackedLayout.m */ = {isa = PBXFileReference; fileEncoding = 4; lastKnownFileType = sourcecode.c.objc; path = TGLStackedLayout.m; sourceTree = "<group>"; };
		2480F8901D813E730095995F /* TGLStackedViewController.h */ = {isa = PBXFileReference; fileEncoding = 4; lastKnownFileType = sourcecode.c.h; path = TGLStackedViewController.h; sourceTree = "<group>"; };
		2480F8911D813E730095995F /* TGLStackedViewController.m */ = {isa = PBXFileReference; fileEncoding = 4; lastKnownFileType = sourcecode.c.objc; path = TGLStackedViewController.m; sourceTree = "<group>"; };
		2480F8941D813E730095995F /* PLAddFundsView.swift */ = {isa = PBXFileReference; fileEncoding = 4; lastKnownFileType = sourcecode.swift; path = PLAddFundsView.swift; sourceTree = "<group>"; };
		2480F8951D813E730095995F /* PLAddFundsView.xib */ = {isa = PBXFileReference; fileEncoding = 4; lastKnownFileType = file.xib; path = PLAddFundsView.xib; sourceTree = "<group>"; };
		2480F8961D813E730095995F /* PLAddFundsViewController.swift */ = {isa = PBXFileReference; fileEncoding = 4; lastKnownFileType = sourcecode.swift; path = PLAddFundsViewController.swift; sourceTree = "<group>"; };
		2480F8981D813E730095995F /* PLButton.swift */ = {isa = PBXFileReference; fileEncoding = 4; lastKnownFileType = sourcecode.swift; path = PLButton.swift; sourceTree = "<group>"; };
		2480F8991D813E730095995F /* PLImageView.swift */ = {isa = PBXFileReference; fileEncoding = 4; lastKnownFileType = sourcecode.swift; path = PLImageView.swift; sourceTree = "<group>"; };
		2480F89A1D813E730095995F /* PLTextField.swift */ = {isa = PBXFileReference; fileEncoding = 4; lastKnownFileType = sourcecode.swift; path = PLTextField.swift; sourceTree = "<group>"; };
		2480F89C1D813E730095995F /* PLFriendCell.swift */ = {isa = PBXFileReference; fileEncoding = 4; lastKnownFileType = sourcecode.swift; path = PLFriendCell.swift; sourceTree = "<group>"; };
		2480F89D1D813E730095995F /* PLFriendCellData.swift */ = {isa = PBXFileReference; fileEncoding = 4; lastKnownFileType = sourcecode.swift; path = PLFriendCellData.swift; sourceTree = "<group>"; };
		2480F89E1D813E730095995F /* PLFriendProfileViewController.swift */ = {isa = PBXFileReference; fileEncoding = 4; lastKnownFileType = sourcecode.swift; path = PLFriendProfileViewController.swift; sourceTree = "<group>"; };
		2480F89F1D813E730095995F /* PLFriendsModel.swift */ = {isa = PBXFileReference; fileEncoding = 4; lastKnownFileType = sourcecode.swift; path = PLFriendsModel.swift; sourceTree = "<group>"; };
		2480F8A01D813E730095995F /* PLFriendsSearchTableViewController.swift */ = {isa = PBXFileReference; fileEncoding = 4; lastKnownFileType = sourcecode.swift; path = PLFriendsSearchTableViewController.swift; sourceTree = "<group>"; };
		2480F8A11D813E730095995F /* PLFriendsTableViewController.swift */ = {isa = PBXFileReference; fileEncoding = 4; lastKnownFileType = sourcecode.swift; path = PLFriendsTableViewController.swift; sourceTree = "<group>"; };
		2480F8A31D813E730095995F /* PLLoginViewController.swift */ = {isa = PBXFileReference; fileEncoding = 4; lastKnownFileType = sourcecode.swift; path = PLLoginViewController.swift; sourceTree = "<group>"; };
		2480F8A51D813E730095995F /* PLOrderViewController.swift */ = {isa = PBXFileReference; fileEncoding = 4; lastKnownFileType = sourcecode.swift; path = PLOrderViewController.swift; sourceTree = "<group>"; };
		2480F8A71D813E730095995F /* PLOrderDrinkCell.swift */ = {isa = PBXFileReference; fileEncoding = 4; lastKnownFileType = sourcecode.swift; path = PLOrderDrinkCell.swift; sourceTree = "<group>"; };
		2480F8A81D813E730095995F /* PLOrderDrinkCell.xib */ = {isa = PBXFileReference; fileEncoding = 4; lastKnownFileType = file.xib; path = PLOrderDrinkCell.xib; sourceTree = "<group>"; };
		2480F8A91D813E730095995F /* PLOrderStillHeader.swift */ = {isa = PBXFileReference; fileEncoding = 4; lastKnownFileType = sourcecode.swift; path = PLOrderStillHeader.swift; sourceTree = "<group>"; };
		2480F8AA1D813E730095995F /* PLOrderStillHeader.xib */ = {isa = PBXFileReference; fileEncoding = 4; lastKnownFileType = file.xib; path = PLOrderStillHeader.xib; sourceTree = "<group>"; };
		2480F8AB1D813E730095995F /* PLOrdeStickyHeader.swift */ = {isa = PBXFileReference; fileEncoding = 4; lastKnownFileType = sourcecode.swift; path = PLOrdeStickyHeader.swift; sourceTree = "<group>"; };
		2480F8AC1D813E730095995F /* PLOrdeStickyHeader.xib */ = {isa = PBXFileReference; fileEncoding = 4; lastKnownFileType = file.xib; path = PLOrdeStickyHeader.xib; sourceTree = "<group>"; };
		2480F8B11D813E730095995F /* PLPlaceTableViewCell.swift */ = {isa = PBXFileReference; fileEncoding = 4; lastKnownFileType = sourcecode.swift; path = PLPlaceTableViewCell.swift; sourceTree = "<group>"; };
		2480F8B21D813E730095995F /* PLPlaceTableViewCell.xib */ = {isa = PBXFileReference; fileEncoding = 4; lastKnownFileType = file.xib; path = PLPlaceTableViewCell.xib; sourceTree = "<group>"; };
		2480F8B61D813E730095995F /* PLSlidingViewController.swift */ = {isa = PBXFileReference; fileEncoding = 4; lastKnownFileType = sourcecode.swift; path = PLSlidingViewController.swift; sourceTree = "<group>"; };
		2480F8B71D813E730095995F /* PLStickyCollectionViewFlowLayout.swift */ = {isa = PBXFileReference; fileEncoding = 4; lastKnownFileType = sourcecode.swift; path = PLStickyCollectionViewFlowLayout.swift; sourceTree = "<group>"; };
		2480F8B91D813E730095995F /* PLProfileCollectionHelper.swift */ = {isa = PBXFileReference; fileEncoding = 4; lastKnownFileType = sourcecode.swift; path = PLProfileCollectionHelper.swift; sourceTree = "<group>"; };
		2480F8BA1D813E730095995F /* PLProfileDrinkCollectionViewCell.swift */ = {isa = PBXFileReference; fileEncoding = 4; lastKnownFileType = sourcecode.swift; path = PLProfileDrinkCollectionViewCell.swift; sourceTree = "<group>"; };
		2480F8BB1D813E730095995F /* PLProfileDrinkCollectionViewCell.xib */ = {isa = PBXFileReference; fileEncoding = 4; lastKnownFileType = file.xib; path = PLProfileDrinkCollectionViewCell.xib; sourceTree = "<group>"; };
		2480F8BC1D813E730095995F /* PLProfileHeaderView.swift */ = {isa = PBXFileReference; fileEncoding = 4; lastKnownFileType = sourcecode.swift; path = PLProfileHeaderView.swift; sourceTree = "<group>"; };
		2480F8BD1D813E730095995F /* PLProfileHeaderView.xib */ = {isa = PBXFileReference; fileEncoding = 4; lastKnownFileType = file.xib; path = PLProfileHeaderView.xib; sourceTree = "<group>"; };
		2480F8BE1D813E730095995F /* PLProfileViewController.swift */ = {isa = PBXFileReference; fileEncoding = 4; lastKnownFileType = sourcecode.swift; path = PLProfileViewController.swift; sourceTree = "<group>"; };
		2480F8C01D813E730095995F /* PLSettingsViewController.swift */ = {isa = PBXFileReference; fileEncoding = 4; lastKnownFileType = sourcecode.swift; path = PLSettingsViewController.swift; sourceTree = "<group>"; };
		2480F8C21D813E730095995F /* PLAddButton.swift */ = {isa = PBXFileReference; fileEncoding = 4; lastKnownFileType = sourcecode.swift; path = PLAddButton.swift; sourceTree = "<group>"; };
		2480F8C31D813E730095995F /* PLSignUpData.swift */ = {isa = PBXFileReference; fileEncoding = 4; lastKnownFileType = sourcecode.swift; path = PLSignUpData.swift; sourceTree = "<group>"; };
		2480F8C41D813E730095995F /* PLSignUpViewController.swift */ = {isa = PBXFileReference; fileEncoding = 4; lastKnownFileType = sourcecode.swift; path = PLSignUpViewController.swift; sourceTree = "<group>"; };
		2480F8C61D813E730095995F /* Assets.xcassets */ = {isa = PBXFileReference; lastKnownFileType = folder.assetcatalog; path = Assets.xcassets; sourceTree = "<group>"; };
		2480F8C71D813E730095995F /* config.plist */ = {isa = PBXFileReference; fileEncoding = 4; lastKnownFileType = text.plist.xml; path = config.plist; sourceTree = "<group>"; };
		2480F8CA1D813E730095995F /* friends0.json */ = {isa = PBXFileReference; fileEncoding = 4; lastKnownFileType = text.json; path = friends0.json; sourceTree = "<group>"; };
		2480F8CB1D813E730095995F /* friends1.json */ = {isa = PBXFileReference; fileEncoding = 4; lastKnownFileType = text.json; path = friends1.json; sourceTree = "<group>"; };
		2480F8CC1D813E730095995F /* friends2.json */ = {isa = PBXFileReference; fileEncoding = 4; lastKnownFileType = text.json; path = friends2.json; sourceTree = "<group>"; };
		2480F8CD1D813E730095995F /* friends3.json */ = {isa = PBXFileReference; fileEncoding = 4; lastKnownFileType = text.json; path = friends3.json; sourceTree = "<group>"; };
		2480F8CE1D813E730095995F /* login.json */ = {isa = PBXFileReference; fileEncoding = 4; lastKnownFileType = text.json; path = login.json; sourceTree = "<group>"; };
		2480F8CF1D813E730095995F /* sendpassword.json */ = {isa = PBXFileReference; fileEncoding = 4; lastKnownFileType = text.json; path = sendpassword.json; sourceTree = "<group>"; };
		2480F8D01D813E730095995F /* signup.json */ = {isa = PBXFileReference; fileEncoding = 4; lastKnownFileType = text.json; path = signup.json; sourceTree = "<group>"; };
		2480F8D11D813E730095995F /* Info.plist */ = {isa = PBXFileReference; fileEncoding = 4; lastKnownFileType = text.plist.xml; path = Info.plist; sourceTree = "<group>"; };
		2480F8D21D813E730095995F /* LaunchScreen.storyboard */ = {isa = PBXFileReference; fileEncoding = 4; lastKnownFileType = file.storyboard; path = LaunchScreen.storyboard; sourceTree = "<group>"; };
		2480F8D31D813E730095995F /* Main.storyboard */ = {isa = PBXFileReference; fileEncoding = 4; lastKnownFileType = file.storyboard; path = Main.storyboard; sourceTree = "<group>"; };
		2480F8D61D813E730095995F /* QTCollectionViewParallaxLayout.h */ = {isa = PBXFileReference; fileEncoding = 4; lastKnownFileType = sourcecode.c.h; path = QTCollectionViewParallaxLayout.h; sourceTree = "<group>"; };
		2480F8D71D813E730095995F /* QTCollectionViewParallaxLayout.m */ = {isa = PBXFileReference; fileEncoding = 4; lastKnownFileType = sourcecode.c.objc; path = QTCollectionViewParallaxLayout.m; sourceTree = "<group>"; };
		2489E7031D82950E003811D5 /* PLOrderPlacesViewController.swift */ = {isa = PBXFileReference; fileEncoding = 4; lastKnownFileType = sourcecode.swift; path = PLOrderPlacesViewController.swift; sourceTree = "<group>"; };
		2489E7051D82AC81003811D5 /* PLOrderFriendsViewController.swift */ = {isa = PBXFileReference; fileEncoding = 4; lastKnownFileType = sourcecode.swift; path = PLOrderFriendsViewController.swift; sourceTree = "<group>"; };
		24DEF1571D818D2800E40869 /* PLOrderAnimableVipView.swift */ = {isa = PBXFileReference; fileEncoding = 4; lastKnownFileType = sourcecode.swift; path = PLOrderAnimableVipView.swift; sourceTree = "<group>"; };
		24DEF1591D818D3C00E40869 /* PLOrderAnimableVipView.xib */ = {isa = PBXFileReference; fileEncoding = 4; lastKnownFileType = file.xib; path = PLOrderAnimableVipView.xib; sourceTree = "<group>"; };
		3E1097158C5C13F1394D646D /* Pods_Pals.framework */ = {isa = PBXFileReference; explicitFileType = wrapper.framework; includeInIndex = 0; path = Pods_Pals.framework; sourceTree = BUILT_PRODUCTS_DIR; };
		590973F66E3E7966FD0200FE /* Pods-Pals.release.xcconfig */ = {isa = PBXFileReference; includeInIndex = 1; lastKnownFileType = text.xcconfig; name = "Pods-Pals.release.xcconfig"; path = "Pods/Target Support Files/Pods-Pals/Pods-Pals.release.xcconfig"; sourceTree = "<group>"; };
		D42F53C51D76B497005DEA34 /* Pals.app */ = {isa = PBXFileReference; explicitFileType = wrapper.application; includeInIndex = 0; path = Pals.app; sourceTree = BUILT_PRODUCTS_DIR; };
		D4950A901D82A0DD00F48F4E /* PLPlaceCellData.swift */ = {isa = PBXFileReference; fileEncoding = 4; lastKnownFileType = sourcecode.swift; path = PLPlaceCellData.swift; sourceTree = "<group>"; };
		D4950A921D82B32700F48F4E /* PLAlert.swift */ = {isa = PBXFileReference; fileEncoding = 4; lastKnownFileType = sourcecode.swift; path = PLAlert.swift; sourceTree = "<group>"; };
		D4950A941D82C71100F48F4E /* PLViewController.swift */ = {isa = PBXFileReference; fileEncoding = 4; lastKnownFileType = sourcecode.swift; path = PLViewController.swift; sourceTree = "<group>"; };
		D4950A971D82DAE800F48F4E /* orders0.json */ = {isa = PBXFileReference; fileEncoding = 4; lastKnownFileType = text.json; path = orders0.json; sourceTree = "<group>"; };
		D4950A981D82DAE800F48F4E /* orders1.json */ = {isa = PBXFileReference; fileEncoding = 4; lastKnownFileType = text.json; path = orders1.json; sourceTree = "<group>"; };
		D4950A991D82DAE800F48F4E /* orders2.json */ = {isa = PBXFileReference; fileEncoding = 4; lastKnownFileType = text.json; path = orders2.json; sourceTree = "<group>"; };
		D4950A9A1D82DAE800F48F4E /* orders3.json */ = {isa = PBXFileReference; fileEncoding = 4; lastKnownFileType = text.json; path = orders3.json; sourceTree = "<group>"; };
		D4CEC2491D818B7300D4CD08 /* places0.json */ = {isa = PBXFileReference; fileEncoding = 4; lastKnownFileType = text.json; path = places0.json; sourceTree = "<group>"; };
		D4CEC24A1D818B7300D4CD08 /* places1.json */ = {isa = PBXFileReference; fileEncoding = 4; lastKnownFileType = text.json; path = places1.json; sourceTree = "<group>"; };
		D4CEC24B1D818B7300D4CD08 /* places2.json */ = {isa = PBXFileReference; fileEncoding = 4; lastKnownFileType = text.json; path = places2.json; sourceTree = "<group>"; };
		D4CEC24C1D818B7300D4CD08 /* places3.json */ = {isa = PBXFileReference; fileEncoding = 4; lastKnownFileType = text.json; path = places3.json; sourceTree = "<group>"; };
		D4CEC2511D81941800D4CD08 /* PLLocationManager.swift */ = {isa = PBXFileReference; fileEncoding = 4; lastKnownFileType = sourcecode.swift; path = PLLocationManager.swift; sourceTree = "<group>"; };
		D4CEC2541D81A3B400D4CD08 /* PLFriendsDatasource.swift */ = {isa = PBXFileReference; fileEncoding = 4; lastKnownFileType = sourcecode.swift; path = PLFriendsDatasource.swift; sourceTree = "<group>"; };
		D4CEC2561D81A3CB00D4CD08 /* PLDatasource.swift */ = {isa = PBXFileReference; fileEncoding = 4; lastKnownFileType = sourcecode.swift; path = PLDatasource.swift; sourceTree = "<group>"; };
		D4CEC2581D81A45900D4CD08 /* PLPlacesDatasource.swift */ = {isa = PBXFileReference; fileEncoding = 4; lastKnownFileType = sourcecode.swift; path = PLPlacesDatasource.swift; sourceTree = "<group>"; };
		E829DDC71D8145E600D8C130 /* PLUIView.swift */ = {isa = PBXFileReference; fileEncoding = 4; lastKnownFileType = sourcecode.swift; path = PLUIView.swift; sourceTree = "<group>"; };
		E829DDC91D8146B200D8C130 /* PLPlaceProfileHeader.swift */ = {isa = PBXFileReference; fileEncoding = 4; lastKnownFileType = sourcecode.swift; name = PLPlaceProfileHeader.swift; path = "Place Profile/PLPlaceProfileHeader.swift"; sourceTree = "<group>"; };
		E829DDCA1D8146B200D8C130 /* PLPlaceProfileHeader.xib */ = {isa = PBXFileReference; fileEncoding = 4; lastKnownFileType = file.xib; name = PLPlaceProfileHeader.xib; path = "Place Profile/PLPlaceProfileHeader.xib"; sourceTree = "<group>"; };
		E829DDCD1D8151BE00D8C130 /* PLPlaceProfileCollectionViewCell.swift */ = {isa = PBXFileReference; fileEncoding = 4; lastKnownFileType = sourcecode.swift; name = PLPlaceProfileCollectionViewCell.swift; path = "Place Profile/PLPlaceProfileCollectionViewCell.swift"; sourceTree = "<group>"; };
		E829DDCE1D8151BE00D8C130 /* PLPlaceProfileCollectionViewCell.xib */ = {isa = PBXFileReference; fileEncoding = 4; lastKnownFileType = file.xib; name = PLPlaceProfileCollectionViewCell.xib; path = "Place Profile/PLPlaceProfileCollectionViewCell.xib"; sourceTree = "<group>"; };
		E829DDCF1D8151BE00D8C130 /* PLPlaceProfileSectionHeader.swift */ = {isa = PBXFileReference; fileEncoding = 4; lastKnownFileType = sourcecode.swift; name = PLPlaceProfileSectionHeader.swift; path = "Place Profile/PLPlaceProfileSectionHeader.swift"; sourceTree = "<group>"; };
		E829DDD01D8151BE00D8C130 /* PLPlaceProfileSectionHeader.xib */ = {isa = PBXFileReference; fileEncoding = 4; lastKnownFileType = file.xib; name = PLPlaceProfileSectionHeader.xib; path = "Place Profile/PLPlaceProfileSectionHeader.xib"; sourceTree = "<group>"; };
		E829DDD11D8151BE00D8C130 /* PLPlaceProfileViewController.swift */ = {isa = PBXFileReference; fileEncoding = 4; lastKnownFileType = sourcecode.swift; name = PLPlaceProfileViewController.swift; path = "Place Profile/PLPlaceProfileViewController.swift"; sourceTree = "<group>"; };
		E829DDD71D818EAC00D8C130 /* PLPlacesViewController.swift */ = {isa = PBXFileReference; fileEncoding = 4; lastKnownFileType = sourcecode.swift; path = PLPlacesViewController.swift; sourceTree = "<group>"; };
		E829DDDB1D819A6300D8C130 /* PLConstants.swift */ = {isa = PBXFileReference; fileEncoding = 4; lastKnownFileType = sourcecode.swift; path = PLConstants.swift; sourceTree = "<group>"; };
		F68B4BF8C8ACD9F362E9AFD7 /* Pods-Pals.debug.xcconfig */ = {isa = PBXFileReference; includeInIndex = 1; lastKnownFileType = text.xcconfig; name = "Pods-Pals.debug.xcconfig"; path = "Pods/Target Support Files/Pods-Pals/Pods-Pals.debug.xcconfig"; sourceTree = "<group>"; };
/* End PBXFileReference section */

/* Begin PBXFrameworksBuildPhase section */
		D42F53C21D76B497005DEA34 /* Frameworks */ = {
			isa = PBXFrameworksBuildPhase;
			buildActionMask = 2147483647;
			files = (
				DC5EA978C0138C7F424C113C /* Pods_Pals.framework in Frameworks */,
			);
			runOnlyForDeploymentPostprocessing = 0;
		};
/* End PBXFrameworksBuildPhase section */

/* Begin PBXGroup section */
		2480F86D1D813E730095995F /* Pals */ = {
			isa = PBXGroup;
			children = (
				2480F86E1D813E730095995F /* Classes */,
				2480F8C51D813E730095995F /* Resources */,
				2480F8D41D813E730095995F /* Thrird Party Libraries */,
			);
			path = Pals;
			sourceTree = "<group>";
		};
		2480F86E1D813E730095995F /* Classes */ = {
			isa = PBXGroup;
			children = (
				2480F86F1D813E730095995F /* AppDelegate.swift */,
				2480F8701D813E730095995F /* Business */,
				2480F8771D813E730095995F /* Extensions */,
				2480F87D1D813E730095995F /* Model */,
				2480F8871D813E730095995F /* Pals-Bridging-Header.h */,
				2480F8881D813E730095995F /* Thrird Party */,
				2480F8921D813E730095995F /* UI */,
			);
			path = Classes;
			sourceTree = "<group>";
		};
		2480F8701D813E730095995F /* Business */ = {
			isa = PBXGroup;
			children = (
				D4CEC2531D81A3B400D4CD08 /* Datasources */,
				2480F8711D813E730095995F /* PLFacade.swift */,
				2480F8731D813E730095995F /* PLNetworkManager.swift */,
				2480F8741D813E730095995F /* PLPageCollection.swift */,
				2480F8751D813E730095995F /* PLProfileManager.swift */,
				2480F8761D813E730095995F /* PLSettingsManager.swift */,
				D4CEC2511D81941800D4CD08 /* PLLocationManager.swift */,
			);
			path = Business;
			sourceTree = "<group>";
		};
		2480F8771D813E730095995F /* Extensions */ = {
			isa = PBXGroup;
			children = (
				2480F8781D813E730095995F /* PLDevice.swift */,
				2480F8791D813E730095995F /* PLDictionary.swift */,
				2480F87A1D813E730095995F /* PLNavigationController.swift */,
				2480F87B1D813E730095995F /* PLStoryboard.swift */,
				2480F87C1D813E730095995F /* PLString.swift */,
				E829DDC71D8145E600D8C130 /* PLUIView.swift */,
				E829DDDB1D819A6300D8C130 /* PLConstants.swift */,
			);
			path = Extensions;
			sourceTree = "<group>";
		};
		2480F87D1D813E730095995F /* Model */ = {
			isa = PBXGroup;
			children = (
				2480F87E1D813E730095995F /* PLDrink.swift */,
				2480F87F1D813E730095995F /* PLErrors.swift */,
				2480F8801D813E730095995F /* PLEvent.swift */,
				2480F8811D813E730095995F /* PLFakeFeed.swift */,
				2480F8821D813E730095995F /* PLKeys.swift */,
				2480F8831D813E730095995F /* PLOrder.swift */,
				2480F8841D813E730095995F /* PLPlace.swift */,
				2480F8851D813E730095995F /* PLUniqueObject.swift */,
				2480F8861D813E730095995F /* PLUser.swift */,
			);
			path = Model;
			sourceTree = "<group>";
		};
		2480F8881D813E730095995F /* Thrird Party */ = {
			isa = PBXGroup;
			children = (
				2480F8891D813E730095995F /* TGLStackedViewController */,
			);
			path = "Thrird Party";
			sourceTree = "<group>";
		};
		2480F8891D813E730095995F /* TGLStackedViewController */ = {
			isa = PBXGroup;
			children = (
				2480F88A1D813E730095995F /* TGLBackgroundProxyView.h */,
				2480F88B1D813E730095995F /* TGLBackgroundProxyView.m */,
				2480F88C1D813E730095995F /* TGLExposedLayout.h */,
				2480F88D1D813E730095995F /* TGLExposedLayout.m */,
				2480F88E1D813E730095995F /* TGLStackedLayout.h */,
				2480F88F1D813E730095995F /* TGLStackedLayout.m */,
				2480F8901D813E730095995F /* TGLStackedViewController.h */,
				2480F8911D813E730095995F /* TGLStackedViewController.m */,
			);
			path = TGLStackedViewController;
			sourceTree = "<group>";
		};
		2480F8921D813E730095995F /* UI */ = {
			isa = PBXGroup;
			children = (
				2480F8931D813E730095995F /* AddFunds */,
				2480F8971D813E730095995F /* Basic */,
				2480F89B1D813E730095995F /* Friends */,
				2480F8A21D813E730095995F /* Login */,
				2480F8A41D813E730095995F /* Order */,
				2480F8AD1D813E730095995F /* Places */,
				E829DDC61D81447600D8C130 /* Place Profile */,
				2480F8B61D813E730095995F /* PLSlidingViewController.swift */,
				2480F8B71D813E730095995F /* PLStickyCollectionViewFlowLayout.swift */,
				2480F8B81D813E730095995F /* Profile */,
				2480F8BF1D813E730095995F /* Settings */,
				2480F8C11D813E730095995F /* SignUp */,
			);
			path = UI;
			sourceTree = "<group>";
		};
		2480F8931D813E730095995F /* AddFunds */ = {
			isa = PBXGroup;
			children = (
				2480F8941D813E730095995F /* PLAddFundsView.swift */,
				2480F8951D813E730095995F /* PLAddFundsView.xib */,
				2480F8961D813E730095995F /* PLAddFundsViewController.swift */,
			);
			path = AddFunds;
			sourceTree = "<group>";
		};
		2480F8971D813E730095995F /* Basic */ = {
			isa = PBXGroup;
			children = (
				2480F8981D813E730095995F /* PLButton.swift */,
				2480F8991D813E730095995F /* PLImageView.swift */,
				2480F89A1D813E730095995F /* PLTextField.swift */,
				D4950A921D82B32700F48F4E /* PLAlert.swift */,
				D4950A941D82C71100F48F4E /* PLViewController.swift */,
			);
			path = Basic;
			sourceTree = "<group>";
		};
		2480F89B1D813E730095995F /* Friends */ = {
			isa = PBXGroup;
			children = (
				04CCD0DB1D81411800651508 /* PLFriendCell.xib */,
				2480F89C1D813E730095995F /* PLFriendCell.swift */,
				2480F89D1D813E730095995F /* PLFriendCellData.swift */,
				2480F89E1D813E730095995F /* PLFriendProfileViewController.swift */,
				2480F89F1D813E730095995F /* PLFriendsModel.swift */,
				2480F8A01D813E730095995F /* PLFriendsSearchTableViewController.swift */,
				2480F8A11D813E730095995F /* PLFriendsTableViewController.swift */,
			);
			path = Friends;
			sourceTree = "<group>";
		};
		2480F8A21D813E730095995F /* Login */ = {
			isa = PBXGroup;
			children = (
				2480F8A31D813E730095995F /* PLLoginViewController.swift */,
			);
			path = Login;
			sourceTree = "<group>";
		};
		2480F8A41D813E730095995F /* Order */ = {
			isa = PBXGroup;
			children = (
				2480F8A51D813E730095995F /* PLOrderViewController.swift */,
				2489E7031D82950E003811D5 /* PLOrderPlacesViewController.swift */,
				2489E7051D82AC81003811D5 /* PLOrderFriendsViewController.swift */,
				2480F8A61D813E730095995F /* Resources */,
			);
			path = Order;
			sourceTree = "<group>";
		};
		2480F8A61D813E730095995F /* Resources */ = {
			isa = PBXGroup;
			children = (
				2480F8A71D813E730095995F /* PLOrderDrinkCell.swift */,
				2480F8A81D813E730095995F /* PLOrderDrinkCell.xib */,
				2480F8A91D813E730095995F /* PLOrderStillHeader.swift */,
				2480F8AA1D813E730095995F /* PLOrderStillHeader.xib */,
				2480F8AB1D813E730095995F /* PLOrdeStickyHeader.swift */,
				2480F8AC1D813E730095995F /* PLOrdeStickyHeader.xib */,
				24DEF1571D818D2800E40869 /* PLOrderAnimableVipView.swift */,
				24DEF1591D818D3C00E40869 /* PLOrderAnimableVipView.xib */,
			);
			path = Resources;
			sourceTree = "<group>";
		};
		2480F8AD1D813E730095995F /* Places */ = {
			isa = PBXGroup;
			children = (
				E829DDD71D818EAC00D8C130 /* PLPlacesViewController.swift */,
				D4950A901D82A0DD00F48F4E /* PLPlaceCellData.swift */,
				2480F8B11D813E730095995F /* PLPlaceTableViewCell.swift */,
				2480F8B21D813E730095995F /* PLPlaceTableViewCell.xib */,
			);
			path = Places;
			sourceTree = "<group>";
		};
		2480F8B81D813E730095995F /* Profile */ = {
			isa = PBXGroup;
			children = (
				2480F8B91D813E730095995F /* PLProfileCollectionHelper.swift */,
				2480F8BA1D813E730095995F /* PLProfileDrinkCollectionViewCell.swift */,
				2480F8BB1D813E730095995F /* PLProfileDrinkCollectionViewCell.xib */,
				2480F8BC1D813E730095995F /* PLProfileHeaderView.swift */,
				2480F8BD1D813E730095995F /* PLProfileHeaderView.xib */,
				2480F8BE1D813E730095995F /* PLProfileViewController.swift */,
			);
			path = Profile;
			sourceTree = "<group>";
		};
		2480F8BF1D813E730095995F /* Settings */ = {
			isa = PBXGroup;
			children = (
				2480F8C01D813E730095995F /* PLSettingsViewController.swift */,
			);
			path = Settings;
			sourceTree = "<group>";
		};
		2480F8C11D813E730095995F /* SignUp */ = {
			isa = PBXGroup;
			children = (
				2480F8C21D813E730095995F /* PLAddButton.swift */,
				2480F8C31D813E730095995F /* PLSignUpData.swift */,
				2480F8C41D813E730095995F /* PLSignUpViewController.swift */,
			);
			path = SignUp;
			sourceTree = "<group>";
		};
		2480F8C51D813E730095995F /* Resources */ = {
			isa = PBXGroup;
			children = (
				2480F8C61D813E730095995F /* Assets.xcassets */,
				2480F8C71D813E730095995F /* config.plist */,
				2480F8C81D813E730095995F /* FakeFeeds */,
				2480F8D11D813E730095995F /* Info.plist */,
				2480F8D21D813E730095995F /* LaunchScreen.storyboard */,
				2480F8D31D813E730095995F /* Main.storyboard */,
			);
			path = Resources;
			sourceTree = "<group>";
		};
		2480F8C81D813E730095995F /* FakeFeeds */ = {
			isa = PBXGroup;
			children = (
				2480F8C91D813E730095995F /* Friends */,
				D4CEC2481D818B7300D4CD08 /* Places */,
				D4950A961D82DAE800F48F4E /* Orders */,
				2480F8CE1D813E730095995F /* login.json */,
				2480F8CF1D813E730095995F /* sendpassword.json */,
				2480F8D01D813E730095995F /* signup.json */,
			);
			path = FakeFeeds;
			sourceTree = "<group>";
		};
		2480F8C91D813E730095995F /* Friends */ = {
			isa = PBXGroup;
			children = (
				2480F8CA1D813E730095995F /* friends0.json */,
				2480F8CB1D813E730095995F /* friends1.json */,
				2480F8CC1D813E730095995F /* friends2.json */,
				2480F8CD1D813E730095995F /* friends3.json */,
			);
			path = Friends;
			sourceTree = "<group>";
		};
		2480F8D41D813E730095995F /* Thrird Party Libraries */ = {
			isa = PBXGroup;
			children = (
				2480F8D51D813E730095995F /* QTCollectionParallaxLayout */,
			);
			path = "Thrird Party Libraries";
			sourceTree = "<group>";
		};
		2480F8D51D813E730095995F /* QTCollectionParallaxLayout */ = {
			isa = PBXGroup;
			children = (
				2480F8D61D813E730095995F /* QTCollectionViewParallaxLayout.h */,
				2480F8D71D813E730095995F /* QTCollectionViewParallaxLayout.m */,
			);
			path = QTCollectionParallaxLayout;
			sourceTree = "<group>";
		};
		3031C286B9CA11146B8E1FA5 /* Pods */ = {
			isa = PBXGroup;
			children = (
				F68B4BF8C8ACD9F362E9AFD7 /* Pods-Pals.debug.xcconfig */,
				590973F66E3E7966FD0200FE /* Pods-Pals.release.xcconfig */,
			);
			name = Pods;
			sourceTree = "<group>";
		};
		38538A45B4B15C074AAEF5B7 /* Frameworks */ = {
			isa = PBXGroup;
			children = (
				3E1097158C5C13F1394D646D /* Pods_Pals.framework */,
			);
			name = Frameworks;
			sourceTree = "<group>";
		};
		D42F53BC1D76B497005DEA34 = {
			isa = PBXGroup;
			children = (
				2480F86D1D813E730095995F /* Pals */,
				D42F53C61D76B497005DEA34 /* Products */,
				3031C286B9CA11146B8E1FA5 /* Pods */,
				38538A45B4B15C074AAEF5B7 /* Frameworks */,
			);
			sourceTree = "<group>";
		};
		D42F53C61D76B497005DEA34 /* Products */ = {
			isa = PBXGroup;
			children = (
				D42F53C51D76B497005DEA34 /* Pals.app */,
			);
			name = Products;
			sourceTree = "<group>";
		};
		D4950A961D82DAE800F48F4E /* Orders */ = {
			isa = PBXGroup;
			children = (
				D4950A971D82DAE800F48F4E /* orders0.json */,
				D4950A981D82DAE800F48F4E /* orders1.json */,
				D4950A991D82DAE800F48F4E /* orders2.json */,
				D4950A9A1D82DAE800F48F4E /* orders3.json */,
			);
			path = Orders;
			sourceTree = "<group>";
		};
		D4CEC2481D818B7300D4CD08 /* Places */ = {
			isa = PBXGroup;
			children = (
				D4CEC2491D818B7300D4CD08 /* places0.json */,
				D4CEC24A1D818B7300D4CD08 /* places1.json */,
				D4CEC24B1D818B7300D4CD08 /* places2.json */,
				D4CEC24C1D818B7300D4CD08 /* places3.json */,
			);
			path = Places;
			sourceTree = "<group>";
		};
		D4CEC2531D81A3B400D4CD08 /* Datasources */ = {
			isa = PBXGroup;
			children = (
				D4CEC2561D81A3CB00D4CD08 /* PLDatasource.swift */,
				D4CEC2541D81A3B400D4CD08 /* PLFriendsDatasource.swift */,
				D4CEC2581D81A45900D4CD08 /* PLPlacesDatasource.swift */,
			);
			path = Datasources;
			sourceTree = "<group>";
		};
		E829DDC61D81447600D8C130 /* Place Profile */ = {
			isa = PBXGroup;
			children = (
				E829DDD11D8151BE00D8C130 /* PLPlaceProfileViewController.swift */,
				E829DDCD1D8151BE00D8C130 /* PLPlaceProfileCollectionViewCell.swift */,
				E829DDCE1D8151BE00D8C130 /* PLPlaceProfileCollectionViewCell.xib */,
				E829DDCF1D8151BE00D8C130 /* PLPlaceProfileSectionHeader.swift */,
				E829DDD01D8151BE00D8C130 /* PLPlaceProfileSectionHeader.xib */,
				E829DDC91D8146B200D8C130 /* PLPlaceProfileHeader.swift */,
				E829DDCA1D8146B200D8C130 /* PLPlaceProfileHeader.xib */,
			);
			name = "Place Profile";
			sourceTree = "<group>";
		};
/* End PBXGroup section */

/* Begin PBXNativeTarget section */
		D42F53C41D76B497005DEA34 /* Pals */ = {
			isa = PBXNativeTarget;
			buildConfigurationList = D42F53D71D76B497005DEA34 /* Build configuration list for PBXNativeTarget "Pals" */;
			buildPhases = (
				F5AB92BEE7FD97B1DE8EBA28 /* [CP] Check Pods Manifest.lock */,
				D42F53C11D76B497005DEA34 /* Sources */,
				D42F53C21D76B497005DEA34 /* Frameworks */,
				D42F53C31D76B497005DEA34 /* Resources */,
				A071B8C436598B4DA0F999B2 /* [CP] Embed Pods Frameworks */,
				B3C08415ECB10D4F8B4851DC /* [CP] Copy Pods Resources */,
			);
			buildRules = (
			);
			dependencies = (
			);
			name = Pals;
			productName = Pals;
			productReference = D42F53C51D76B497005DEA34 /* Pals.app */;
			productType = "com.apple.product-type.application";
		};
/* End PBXNativeTarget section */

/* Begin PBXProject section */
		D42F53BD1D76B497005DEA34 /* Project object */ = {
			isa = PBXProject;
			attributes = {
				CLASSPREFIX = PL;
				LastSwiftUpdateCheck = 0730;
				LastUpgradeCheck = 0730;
				ORGANIZATIONNAME = citirex;
				TargetAttributes = {
					D42F53C41D76B497005DEA34 = {
						CreatedOnToolsVersion = 7.3.1;
						SystemCapabilities = {
							com.apple.BackgroundModes = {
								enabled = 0;
							};
						};
					};
				};
			};
			buildConfigurationList = D42F53C01D76B497005DEA34 /* Build configuration list for PBXProject "Pals" */;
			compatibilityVersion = "Xcode 3.2";
			developmentRegion = English;
			hasScannedForEncodings = 0;
			knownRegions = (
				en,
				Base,
			);
			mainGroup = D42F53BC1D76B497005DEA34;
			productRefGroup = D42F53C61D76B497005DEA34 /* Products */;
			projectDirPath = "";
			projectRoot = "";
			targets = (
				D42F53C41D76B497005DEA34 /* Pals */,
			);
		};
/* End PBXProject section */

/* Begin PBXResourcesBuildPhase section */
		D42F53C31D76B497005DEA34 /* Resources */ = {
			isa = PBXResourcesBuildPhase;
			buildActionMask = 2147483647;
			files = (
				E829DDD51D8151BE00D8C130 /* PLPlaceProfileSectionHeader.xib in Resources */,
				E829DDD31D8151BE00D8C130 /* PLPlaceProfileCollectionViewCell.xib in Resources */,
				2480F9241D813E730095995F /* Main.storyboard in Resources */,
				D4950A9C1D82DAE800F48F4E /* orders1.json in Resources */,
				2480F9111D813E730095995F /* PLProfileDrinkCollectionViewCell.xib in Resources */,
				2480F9201D813E730095995F /* sendpassword.json in Resources */,
				2480F91A1D813E730095995F /* config.plist in Resources */,
				2480F91C1D813E730095995F /* friends1.json in Resources */,
				2480F9021D813E730095995F /* PLOrderStillHeader.xib in Resources */,
				2480F9191D813E730095995F /* Assets.xcassets in Resources */,
				D4CEC24D1D818B7300D4CD08 /* places0.json in Resources */,
				D4950A9D1D82DAE800F48F4E /* orders2.json in Resources */,
				04CCD0DC1D81411800651508 /* PLFriendCell.xib in Resources */,
				E829DDCC1D8146B200D8C130 /* PLPlaceProfileHeader.xib in Resources */,
				D4CEC24F1D818B7300D4CD08 /* places2.json in Resources */,
				2480F9041D813E730095995F /* PLOrdeStickyHeader.xib in Resources */,
				D4CEC24E1D818B7300D4CD08 /* places1.json in Resources */,
				2480F9211D813E730095995F /* signup.json in Resources */,
				2480F91D1D813E730095995F /* friends2.json in Resources */,
				2480F8F21D813E730095995F /* PLAddFundsView.xib in Resources */,
				2480F9231D813E730095995F /* LaunchScreen.storyboard in Resources */,
				24DEF15A1D818D3C00E40869 /* PLOrderAnimableVipView.xib in Resources */,
				2480F9001D813E730095995F /* PLOrderDrinkCell.xib in Resources */,
				2480F91F1D813E730095995F /* login.json in Resources */,
				D4CEC2501D818B7300D4CD08 /* places3.json in Resources */,
				D4950A9B1D82DAE800F48F4E /* orders0.json in Resources */,
				2480F91E1D813E730095995F /* friends3.json in Resources */,
				D4950A9E1D82DAE800F48F4E /* orders3.json in Resources */,
				2480F9131D813E730095995F /* PLProfileHeaderView.xib in Resources */,
				2480F9091D813E730095995F /* PLPlaceTableViewCell.xib in Resources */,
				2480F91B1D813E730095995F /* friends0.json in Resources */,
			);
			runOnlyForDeploymentPostprocessing = 0;
		};
/* End PBXResourcesBuildPhase section */

/* Begin PBXShellScriptBuildPhase section */
		A071B8C436598B4DA0F999B2 /* [CP] Embed Pods Frameworks */ = {
			isa = PBXShellScriptBuildPhase;
			buildActionMask = 2147483647;
			files = (
			);
			inputPaths = (
			);
			name = "[CP] Embed Pods Frameworks";
			outputPaths = (
			);
			runOnlyForDeploymentPostprocessing = 0;
			shellPath = /bin/sh;
			shellScript = "\"${SRCROOT}/Pods/Target Support Files/Pods-Pals/Pods-Pals-frameworks.sh\"\n";
			showEnvVarsInLog = 0;
		};
		B3C08415ECB10D4F8B4851DC /* [CP] Copy Pods Resources */ = {
			isa = PBXShellScriptBuildPhase;
			buildActionMask = 2147483647;
			files = (
			);
			inputPaths = (
			);
			name = "[CP] Copy Pods Resources";
			outputPaths = (
			);
			runOnlyForDeploymentPostprocessing = 0;
			shellPath = /bin/sh;
			shellScript = "\"${SRCROOT}/Pods/Target Support Files/Pods-Pals/Pods-Pals-resources.sh\"\n";
			showEnvVarsInLog = 0;
		};
		F5AB92BEE7FD97B1DE8EBA28 /* [CP] Check Pods Manifest.lock */ = {
			isa = PBXShellScriptBuildPhase;
			buildActionMask = 2147483647;
			files = (
			);
			inputPaths = (
			);
			name = "[CP] Check Pods Manifest.lock";
			outputPaths = (
			);
			runOnlyForDeploymentPostprocessing = 0;
			shellPath = /bin/sh;
			shellScript = "diff \"${PODS_ROOT}/../Podfile.lock\" \"${PODS_ROOT}/Manifest.lock\" > /dev/null\nif [[ $? != 0 ]] ; then\n    cat << EOM\nerror: The sandbox is not in sync with the Podfile.lock. Run 'pod install' or update your CocoaPods installation.\nEOM\n    exit 1\nfi\n";
			showEnvVarsInLog = 0;
		};
/* End PBXShellScriptBuildPhase section */

/* Begin PBXSourcesBuildPhase section */
		D42F53C11D76B497005DEA34 /* Sources */ = {
			isa = PBXSourcesBuildPhase;
			buildActionMask = 2147483647;
			files = (
				2480F8E31D813E730095995F /* PLString.swift in Sources */,
				2480F8D81D813E730095995F /* AppDelegate.swift in Sources */,
				2480F8F91D813E730095995F /* PLFriendProfileViewController.swift in Sources */,
				2480F8E71D813E730095995F /* PLFakeFeed.swift in Sources */,
				E829DDD41D8151BE00D8C130 /* PLPlaceProfileSectionHeader.swift in Sources */,
				2480F8DE1D813E730095995F /* PLSettingsManager.swift in Sources */,
				2480F8FE1D813E730095995F /* PLOrderViewController.swift in Sources */,
				2480F8DD1D813E730095995F /* PLProfileManager.swift in Sources */,
				2480F8E41D813E730095995F /* PLDrink.swift in Sources */,
				2480F8FB1D813E730095995F /* PLFriendsSearchTableViewController.swift in Sources */,
				2480F8EA1D813E730095995F /* PLPlace.swift in Sources */,
				2480F8EC1D813E730095995F /* PLUser.swift in Sources */,
				2480F8E11D813E730095995F /* PLNavigationController.swift in Sources */,
				2480F8EF1D813E730095995F /* TGLStackedLayout.m in Sources */,
				D4CEC2571D81A3CB00D4CD08 /* PLDatasource.swift in Sources */,
				2480F9171D813E730095995F /* PLSignUpData.swift in Sources */,
				2480F8EE1D813E730095995F /* TGLExposedLayout.m in Sources */,
				2489E7061D82AC81003811D5 /* PLOrderFriendsViewController.swift in Sources */,
				2480F8E61D813E730095995F /* PLEvent.swift in Sources */,
				E829DDDC1D819A6300D8C130 /* PLConstants.swift in Sources */,
				2480F8EB1D813E730095995F /* PLUniqueObject.swift in Sources */,
				2480F8E91D813E730095995F /* PLOrder.swift in Sources */,
				2480F9161D813E730095995F /* PLAddButton.swift in Sources */,
				2480F8F71D813E730095995F /* PLFriendCell.swift in Sources */,
				2480F8E21D813E730095995F /* PLStoryboard.swift in Sources */,
				2480F8DC1D813E730095995F /* PLPageCollection.swift in Sources */,
				E829DDCB1D8146B200D8C130 /* PLPlaceProfileHeader.swift in Sources */,
				2480F8F41D813E730095995F /* PLButton.swift in Sources */,
				2480F8ED1D813E730095995F /* TGLBackgroundProxyView.m in Sources */,
				E829DDD61D8151BE00D8C130 /* PLPlaceProfileViewController.swift in Sources */,
				2480F8F31D813E730095995F /* PLAddFundsViewController.swift in Sources */,
				2480F8FD1D813E730095995F /* PLLoginViewController.swift in Sources */,
				2480F8E81D813E730095995F /* PLKeys.swift in Sources */,
				2480F9141D813E730095995F /* PLProfileViewController.swift in Sources */,
				2480F8FA1D813E730095995F /* PLFriendsModel.swift in Sources */,
				2480F9181D813E730095995F /* PLSignUpViewController.swift in Sources */,
				2480F9081D813E730095995F /* PLPlaceTableViewCell.swift in Sources */,
				D4950A951D82C71100F48F4E /* PLViewController.swift in Sources */,
				D4950A931D82B32700F48F4E /* PLAlert.swift in Sources */,
				2489E7041D82950E003811D5 /* PLOrderPlacesViewController.swift in Sources */,
				24DEF1581D818D2800E40869 /* PLOrderAnimableVipView.swift in Sources */,
				2480F8DF1D813E730095995F /* PLDevice.swift in Sources */,
				2480F9251D813E730095995F /* QTCollectionViewParallaxLayout.m in Sources */,
				2480F8E51D813E730095995F /* PLErrors.swift in Sources */,
				2480F8FF1D813E730095995F /* PLOrderDrinkCell.swift in Sources */,
				2480F90E1D813E730095995F /* PLStickyCollectionViewFlowLayout.swift in Sources */,
				2480F8F11D813E730095995F /* PLAddFundsView.swift in Sources */,
				D4CEC2551D81A3B400D4CD08 /* PLFriendsDatasource.swift in Sources */,
				2480F90D1D813E730095995F /* PLSlidingViewController.swift in Sources */,
				2480F90F1D813E730095995F /* PLProfileCollectionHelper.swift in Sources */,
				2480F8F51D813E730095995F /* PLImageView.swift in Sources */,
				D4CEC2521D81941800D4CD08 /* PLLocationManager.swift in Sources */,
				2480F8E01D813E730095995F /* PLDictionary.swift in Sources */,
				2480F9121D813E730095995F /* PLProfileHeaderView.swift in Sources */,
				D4950A911D82A0DD00F48F4E /* PLPlaceCellData.swift in Sources */,
				2480F8F01D813E730095995F /* TGLStackedViewController.m in Sources */,
				2480F8DB1D813E730095995F /* PLNetworkManager.swift in Sources */,
				E829DDD21D8151BE00D8C130 /* PLPlaceProfileCollectionViewCell.swift in Sources */,
				2480F8D91D813E730095995F /* PLFacade.swift in Sources */,
				2480F9101D813E730095995F /* PLProfileDrinkCollectionViewCell.swift in Sources */,
				E829DDC81D8145E600D8C130 /* PLUIView.swift in Sources */,
				D4CEC2591D81A45900D4CD08 /* PLPlacesDatasource.swift in Sources */,
				2480F9151D813E730095995F /* PLSettingsViewController.swift in Sources */,
				2480F9011D813E730095995F /* PLOrderStillHeader.swift in Sources */,
				2480F9031D813E730095995F /* PLOrdeStickyHeader.swift in Sources */,
				2480F8F61D813E730095995F /* PLTextField.swift in Sources */,
				2480F8F81D813E730095995F /* PLFriendCellData.swift in Sources */,
				E829DDD81D818EAC00D8C130 /* PLPlacesViewController.swift in Sources */,
				2480F8FC1D813E730095995F /* PLFriendsTableViewController.swift in Sources */,
			);
			runOnlyForDeploymentPostprocessing = 0;
		};
/* End PBXSourcesBuildPhase section */

/* Begin XCBuildConfiguration section */
		D42F53D51D76B497005DEA34 /* Debug */ = {
			isa = XCBuildConfiguration;
			buildSettings = {
				ALWAYS_SEARCH_USER_PATHS = NO;
				CLANG_ANALYZER_NONNULL = YES;
				CLANG_CXX_LANGUAGE_STANDARD = "gnu++0x";
				CLANG_CXX_LIBRARY = "libc++";
				CLANG_ENABLE_MODULES = YES;
				CLANG_ENABLE_OBJC_ARC = YES;
				CLANG_WARN_BOOL_CONVERSION = YES;
				CLANG_WARN_CONSTANT_CONVERSION = YES;
				CLANG_WARN_DIRECT_OBJC_ISA_USAGE = YES_ERROR;
				CLANG_WARN_EMPTY_BODY = YES;
				CLANG_WARN_ENUM_CONVERSION = YES;
				CLANG_WARN_INT_CONVERSION = YES;
				CLANG_WARN_OBJC_ROOT_CLASS = YES_ERROR;
				CLANG_WARN_UNREACHABLE_CODE = YES;
				CLANG_WARN__DUPLICATE_METHOD_MATCH = YES;
				"CODE_SIGN_IDENTITY[sdk=iphoneos*]" = "iPhone Developer";
				COPY_PHASE_STRIP = NO;
				DEBUG_INFORMATION_FORMAT = dwarf;
				ENABLE_STRICT_OBJC_MSGSEND = YES;
				ENABLE_TESTABILITY = YES;
				GCC_C_LANGUAGE_STANDARD = gnu99;
				GCC_DYNAMIC_NO_PIC = NO;
				GCC_NO_COMMON_BLOCKS = YES;
				GCC_OPTIMIZATION_LEVEL = 0;
				GCC_PREPROCESSOR_DEFINITIONS = (
					"DEBUG=1",
					"$(inherited)",
				);
				GCC_WARN_64_TO_32_BIT_CONVERSION = YES;
				GCC_WARN_ABOUT_RETURN_TYPE = YES_ERROR;
				GCC_WARN_UNDECLARED_SELECTOR = YES;
				GCC_WARN_UNINITIALIZED_AUTOS = YES_AGGRESSIVE;
				GCC_WARN_UNUSED_FUNCTION = YES;
				GCC_WARN_UNUSED_VARIABLE = YES;
				IPHONEOS_DEPLOYMENT_TARGET = 9.3;
				MTL_ENABLE_DEBUG_INFO = YES;
				ONLY_ACTIVE_ARCH = YES;
				SDKROOT = iphoneos;
				SWIFT_OPTIMIZATION_LEVEL = "-Onone";
			};
			name = Debug;
		};
		D42F53D61D76B497005DEA34 /* Release */ = {
			isa = XCBuildConfiguration;
			buildSettings = {
				ALWAYS_SEARCH_USER_PATHS = NO;
				CLANG_ANALYZER_NONNULL = YES;
				CLANG_CXX_LANGUAGE_STANDARD = "gnu++0x";
				CLANG_CXX_LIBRARY = "libc++";
				CLANG_ENABLE_MODULES = YES;
				CLANG_ENABLE_OBJC_ARC = YES;
				CLANG_WARN_BOOL_CONVERSION = YES;
				CLANG_WARN_CONSTANT_CONVERSION = YES;
				CLANG_WARN_DIRECT_OBJC_ISA_USAGE = YES_ERROR;
				CLANG_WARN_EMPTY_BODY = YES;
				CLANG_WARN_ENUM_CONVERSION = YES;
				CLANG_WARN_INT_CONVERSION = YES;
				CLANG_WARN_OBJC_ROOT_CLASS = YES_ERROR;
				CLANG_WARN_UNREACHABLE_CODE = YES;
				CLANG_WARN__DUPLICATE_METHOD_MATCH = YES;
				"CODE_SIGN_IDENTITY[sdk=iphoneos*]" = "iPhone Developer";
				COPY_PHASE_STRIP = NO;
				DEBUG_INFORMATION_FORMAT = "dwarf-with-dsym";
				ENABLE_NS_ASSERTIONS = NO;
				ENABLE_STRICT_OBJC_MSGSEND = YES;
				GCC_C_LANGUAGE_STANDARD = gnu99;
				GCC_NO_COMMON_BLOCKS = YES;
				GCC_WARN_64_TO_32_BIT_CONVERSION = YES;
				GCC_WARN_ABOUT_RETURN_TYPE = YES_ERROR;
				GCC_WARN_UNDECLARED_SELECTOR = YES;
				GCC_WARN_UNINITIALIZED_AUTOS = YES_AGGRESSIVE;
				GCC_WARN_UNUSED_FUNCTION = YES;
				GCC_WARN_UNUSED_VARIABLE = YES;
				IPHONEOS_DEPLOYMENT_TARGET = 9.3;
				MTL_ENABLE_DEBUG_INFO = NO;
				SDKROOT = iphoneos;
				VALIDATE_PRODUCT = YES;
			};
			name = Release;
		};
		D42F53D81D76B497005DEA34 /* Debug */ = {
			isa = XCBuildConfiguration;
			baseConfigurationReference = F68B4BF8C8ACD9F362E9AFD7 /* Pods-Pals.debug.xcconfig */;
			buildSettings = {
				ASSETCATALOG_COMPILER_APPICON_NAME = AppIcon;
				CODE_SIGN_IDENTITY = "iPhone Developer";
				"CODE_SIGN_IDENTITY[sdk=iphoneos*]" = "iPhone Developer";
				INFOPLIST_FILE = Pals/Resources/Info.plist;
				IPHONEOS_DEPLOYMENT_TARGET = 8.0;
				LD_RUNPATH_SEARCH_PATHS = "$(inherited) @executable_path/Frameworks";
				PRODUCT_BUNDLE_IDENTIFIER = com.citirex.Pals;
				PRODUCT_NAME = "$(TARGET_NAME)";
				PROVISIONING_PROFILE = "de5f0ce2-2b43-473b-acf1-ebd2d9ee525e";
				SWIFT_OBJC_BRIDGING_HEADER = "$(SRCROOT)/Pals/Classes/Pals-Bridging-Header.h";
			};
			name = Debug;
		};
		D42F53D91D76B497005DEA34 /* Release */ = {
			isa = XCBuildConfiguration;
			baseConfigurationReference = 590973F66E3E7966FD0200FE /* Pods-Pals.release.xcconfig */;
			buildSettings = {
				ASSETCATALOG_COMPILER_APPICON_NAME = AppIcon;
				CODE_SIGN_IDENTITY = "iPhone Developer";
				"CODE_SIGN_IDENTITY[sdk=iphoneos*]" = "iPhone Developer";
				INFOPLIST_FILE = Pals/Resources/Info.plist;
				IPHONEOS_DEPLOYMENT_TARGET = 8.0;
				LD_RUNPATH_SEARCH_PATHS = "$(inherited) @executable_path/Frameworks";
				PRODUCT_BUNDLE_IDENTIFIER = com.citirex.Pals;
				PRODUCT_NAME = "$(TARGET_NAME)";
				PROVISIONING_PROFILE = "de5f0ce2-2b43-473b-acf1-ebd2d9ee525e";
				SWIFT_OBJC_BRIDGING_HEADER = "$(SRCROOT)/Pals/Classes/Pals-Bridging-Header.h";
			};
			name = Release;
		};
/* End XCBuildConfiguration section */

/* Begin XCConfigurationList section */
		D42F53C01D76B497005DEA34 /* Build configuration list for PBXProject "Pals" */ = {
			isa = XCConfigurationList;
			buildConfigurations = (
				D42F53D51D76B497005DEA34 /* Debug */,
				D42F53D61D76B497005DEA34 /* Release */,
			);
			defaultConfigurationIsVisible = 0;
			defaultConfigurationName = Release;
		};
		D42F53D71D76B497005DEA34 /* Build configuration list for PBXNativeTarget "Pals" */ = {
			isa = XCConfigurationList;
			buildConfigurations = (
				D42F53D81D76B497005DEA34 /* Debug */,
				D42F53D91D76B497005DEA34 /* Release */,
			);
			defaultConfigurationIsVisible = 0;
			defaultConfigurationName = Release;
		};
/* End XCConfigurationList section */
	};
	rootObject = D42F53BD1D76B497005DEA34 /* Project object */;
}
