// !$*UTF8*$!
{
	archiveVersion = 1;
	classes = {
	};
	objectVersion = 46;
	objects = {

/* Begin PBXBuildFile section */
		D483E88F1D80210600FCD614 /* AppDelegate.swift in Sources */ = {isa = PBXBuildFile; fileRef = D483E8341D80210600FCD614 /* AppDelegate.swift */; };
		D483E8901D80210600FCD614 /* PLFacade.swift in Sources */ = {isa = PBXBuildFile; fileRef = D483E8361D80210600FCD614 /* PLFacade.swift */; };
		D483E8911D80210600FCD614 /* PLNetworkManager.swift in Sources */ = {isa = PBXBuildFile; fileRef = D483E8371D80210600FCD614 /* PLNetworkManager.swift */; };
		D483E8921D80210600FCD614 /* PLPageCollection.swift in Sources */ = {isa = PBXBuildFile; fileRef = D483E8381D80210600FCD614 /* PLPageCollection.swift */; };
		D483E8931D80210600FCD614 /* PLProfileManager.swift in Sources */ = {isa = PBXBuildFile; fileRef = D483E8391D80210600FCD614 /* PLProfileManager.swift */; };
		D483E8941D80210600FCD614 /* PLSettingsManager.swift in Sources */ = {isa = PBXBuildFile; fileRef = D483E83A1D80210600FCD614 /* PLSettingsManager.swift */; };
		D483E8951D80210600FCD614 /* PLDevice.swift in Sources */ = {isa = PBXBuildFile; fileRef = D483E83C1D80210600FCD614 /* PLDevice.swift */; };
		D483E8961D80210600FCD614 /* PLDictionary.swift in Sources */ = {isa = PBXBuildFile; fileRef = D483E83D1D80210600FCD614 /* PLDictionary.swift */; };
		D483E8971D80210600FCD614 /* PLNavigationController.swift in Sources */ = {isa = PBXBuildFile; fileRef = D483E83E1D80210600FCD614 /* PLNavigationController.swift */; };
		D483E8991D80210600FCD614 /* PLStoryboard.swift in Sources */ = {isa = PBXBuildFile; fileRef = D483E8401D80210600FCD614 /* PLStoryboard.swift */; };
		D483E89A1D80210600FCD614 /* PLString.swift in Sources */ = {isa = PBXBuildFile; fileRef = D483E8411D80210600FCD614 /* PLString.swift */; };
		D483E89B1D80210600FCD614 /* PLDrink.swift in Sources */ = {isa = PBXBuildFile; fileRef = D483E8431D80210600FCD614 /* PLDrink.swift */; };
		D483E89C1D80210600FCD614 /* PLErrors.swift in Sources */ = {isa = PBXBuildFile; fileRef = D483E8441D80210600FCD614 /* PLErrors.swift */; };
		D483E89D1D80210600FCD614 /* PLEvent.swift in Sources */ = {isa = PBXBuildFile; fileRef = D483E8451D80210600FCD614 /* PLEvent.swift */; };
		D483E89E1D80210600FCD614 /* PLFakeFeed.swift in Sources */ = {isa = PBXBuildFile; fileRef = D483E8461D80210600FCD614 /* PLFakeFeed.swift */; };
		D483E89F1D80210600FCD614 /* PLOrder.swift in Sources */ = {isa = PBXBuildFile; fileRef = D483E8471D80210600FCD614 /* PLOrder.swift */; };
		D483E8A01D80210600FCD614 /* PLPlace.swift in Sources */ = {isa = PBXBuildFile; fileRef = D483E8481D80210600FCD614 /* PLPlace.swift */; };
		D483E8A11D80210600FCD614 /* PLUniqueObject.swift in Sources */ = {isa = PBXBuildFile; fileRef = D483E8491D80210600FCD614 /* PLUniqueObject.swift */; };
		D483E8A21D80210600FCD614 /* PLUser.swift in Sources */ = {isa = PBXBuildFile; fileRef = D483E84A1D80210600FCD614 /* PLUser.swift */; };
		D483E8A41D80210600FCD614 /* TGLBackgroundProxyView.m in Sources */ = {isa = PBXBuildFile; fileRef = D483E8501D80210600FCD614 /* TGLBackgroundProxyView.m */; };
		D483E8A51D80210600FCD614 /* TGLExposedLayout.m in Sources */ = {isa = PBXBuildFile; fileRef = D483E8521D80210600FCD614 /* TGLExposedLayout.m */; };
		D483E8A61D80210600FCD614 /* TGLStackedLayout.m in Sources */ = {isa = PBXBuildFile; fileRef = D483E8541D80210600FCD614 /* TGLStackedLayout.m */; };
		D483E8A71D80210600FCD614 /* TGLStackedViewController.m in Sources */ = {isa = PBXBuildFile; fileRef = D483E8561D80210600FCD614 /* TGLStackedViewController.m */; };
		D483E8D01D80210600FCD614 /* Assets.xcassets in Resources */ = {isa = PBXBuildFile; fileRef = D483E8811D80210600FCD614 /* Assets.xcassets */; };
		D483E8D11D80210600FCD614 /* config.plist in Resources */ = {isa = PBXBuildFile; fileRef = D483E8821D80210600FCD614 /* config.plist */; };
		D483E8D21D80210600FCD614 /* friends.json in Resources */ = {isa = PBXBuildFile; fileRef = D483E8851D80210600FCD614 /* friends.json */; };
		D483E8D31D80210600FCD614 /* friends1.json in Resources */ = {isa = PBXBuildFile; fileRef = D483E8861D80210600FCD614 /* friends1.json */; };
		D483E8D41D80210600FCD614 /* friends2.json in Resources */ = {isa = PBXBuildFile; fileRef = D483E8871D80210600FCD614 /* friends2.json */; };
		D483E8D51D80210600FCD614 /* friends3.json in Resources */ = {isa = PBXBuildFile; fileRef = D483E8881D80210600FCD614 /* friends3.json */; };
		D483E8D61D80210600FCD614 /* login.json in Resources */ = {isa = PBXBuildFile; fileRef = D483E8891D80210600FCD614 /* login.json */; };
		D483E8D71D80210600FCD614 /* sendpassword.json in Resources */ = {isa = PBXBuildFile; fileRef = D483E88A1D80210600FCD614 /* sendpassword.json */; };
		D483E8D81D80210600FCD614 /* signup.json in Resources */ = {isa = PBXBuildFile; fileRef = D483E88B1D80210600FCD614 /* signup.json */; };
		D483E8DA1D80210600FCD614 /* LaunchScreen.storyboard in Resources */ = {isa = PBXBuildFile; fileRef = D483E88D1D80210600FCD614 /* LaunchScreen.storyboard */; };
		D483E8DB1D80210600FCD614 /* Main.storyboard in Resources */ = {isa = PBXBuildFile; fileRef = D483E88E1D80210600FCD614 /* Main.storyboard */; };
		D483E8DD1D80474F00FCD614 /* PLFriendsDatasource.swift in Sources */ = {isa = PBXBuildFile; fileRef = D483E8DC1D80474F00FCD614 /* PLFriendsDatasource.swift */; };
		D483E96B1D804A4900FCD614 /* PLAddFundsView.swift in Sources */ = {isa = PBXBuildFile; fileRef = D483E93A1D804A4900FCD614 /* PLAddFundsView.swift */; };
		D483E96C1D804A4900FCD614 /* PLAddFundsView.xib in Resources */ = {isa = PBXBuildFile; fileRef = D483E93B1D804A4900FCD614 /* PLAddFundsView.xib */; };
		D483E96D1D804A4900FCD614 /* PLAddFundsViewController.swift in Sources */ = {isa = PBXBuildFile; fileRef = D483E93C1D804A4900FCD614 /* PLAddFundsViewController.swift */; };
		D483E96E1D804A4900FCD614 /* PLButton.swift in Sources */ = {isa = PBXBuildFile; fileRef = D483E93E1D804A4900FCD614 /* PLButton.swift */; };
		D483E96F1D804A4900FCD614 /* PLImageView.swift in Sources */ = {isa = PBXBuildFile; fileRef = D483E93F1D804A4900FCD614 /* PLImageView.swift */; };
		D483E9701D804A4900FCD614 /* PLTextField.swift in Sources */ = {isa = PBXBuildFile; fileRef = D483E9401D804A4900FCD614 /* PLTextField.swift */; };
		D483E9711D804A4900FCD614 /* PLFriendCell.swift in Sources */ = {isa = PBXBuildFile; fileRef = D483E9421D804A4900FCD614 /* PLFriendCell.swift */; };
		D483E9721D804A4900FCD614 /* PLFriendCellData.swift in Sources */ = {isa = PBXBuildFile; fileRef = D483E9431D804A4900FCD614 /* PLFriendCellData.swift */; };
		D483E9731D804A4900FCD614 /* PLFriendProfileViewController.swift in Sources */ = {isa = PBXBuildFile; fileRef = D483E9441D804A4900FCD614 /* PLFriendProfileViewController.swift */; };
		D483E9741D804A4900FCD614 /* PLFriendSearchTableViewCell.swift in Sources */ = {isa = PBXBuildFile; fileRef = D483E9451D804A4900FCD614 /* PLFriendSearchTableViewCell.swift */; };
		D483E9751D804A4900FCD614 /* PLFriendsModel.swift in Sources */ = {isa = PBXBuildFile; fileRef = D483E9461D804A4900FCD614 /* PLFriendsModel.swift */; };
		D483E9761D804A4900FCD614 /* PLFriendsSearchTableViewController.swift in Sources */ = {isa = PBXBuildFile; fileRef = D483E9471D804A4900FCD614 /* PLFriendsSearchTableViewController.swift */; };
		D483E9771D804A4900FCD614 /* PLFriendsTableViewController.swift in Sources */ = {isa = PBXBuildFile; fileRef = D483E9481D804A4900FCD614 /* PLFriendsTableViewController.swift */; };
		D483E9781D804A4900FCD614 /* PLLoginViewController.swift in Sources */ = {isa = PBXBuildFile; fileRef = D483E94A1D804A4900FCD614 /* PLLoginViewController.swift */; };
		D483E9791D804A4900FCD614 /* PLOrderBackgroundView.swift in Sources */ = {isa = PBXBuildFile; fileRef = D483E94C1D804A4900FCD614 /* PLOrderBackgroundView.swift */; };
		D483E97A1D804A4900FCD614 /* PLOrderBackgroundView.xib in Resources */ = {isa = PBXBuildFile; fileRef = D483E94D1D804A4900FCD614 /* PLOrderBackgroundView.xib */; };
		D483E97B1D804A4900FCD614 /* PLOrderDrinkTableViewCell.swift in Sources */ = {isa = PBXBuildFile; fileRef = D483E94E1D804A4900FCD614 /* PLOrderDrinkTableViewCell.swift */; };
		D483E97C1D804A4900FCD614 /* PLOrderDrinkTableViewCell.xib in Resources */ = {isa = PBXBuildFile; fileRef = D483E94F1D804A4900FCD614 /* PLOrderDrinkTableViewCell.xib */; };
		D483E97D1D804A4900FCD614 /* PLOrderOffersView.swift in Sources */ = {isa = PBXBuildFile; fileRef = D483E9501D804A4900FCD614 /* PLOrderOffersView.swift */; };
		D483E97E1D804A4900FCD614 /* PLOrderOffersView.xib in Resources */ = {isa = PBXBuildFile; fileRef = D483E9511D804A4900FCD614 /* PLOrderOffersView.xib */; };
		D483E97F1D804A4900FCD614 /* PLOrderViewController.swift in Sources */ = {isa = PBXBuildFile; fileRef = D483E9521D804A4900FCD614 /* PLOrderViewController.swift */; };
		D483E9801D804A4900FCD614 /* PLEventCollectionViewCell.swift in Sources */ = {isa = PBXBuildFile; fileRef = D483E9541D804A4900FCD614 /* PLEventCollectionViewCell.swift */; };
		D483E9811D804A4900FCD614 /* PLEventCollectionViewCell.xib in Resources */ = {isa = PBXBuildFile; fileRef = D483E9551D804A4900FCD614 /* PLEventCollectionViewCell.xib */; };
		D483E9821D804A4900FCD614 /* PLPlaceProfileCollectionViewController.swift in Sources */ = {isa = PBXBuildFile; fileRef = D483E9561D804A4900FCD614 /* PLPlaceProfileCollectionViewController.swift */; };
		D483E9831D804A4900FCD614 /* PLPlaceProfileHeader.swift in Sources */ = {isa = PBXBuildFile; fileRef = D483E9571D804A4900FCD614 /* PLPlaceProfileHeader.swift */; };
		D483E9841D804A4900FCD614 /* PLPlaceProfileHeader.xib in Resources */ = {isa = PBXBuildFile; fileRef = D483E9581D804A4900FCD614 /* PLPlaceProfileHeader.xib */; };
		D483E9851D804A4900FCD614 /* PLPlaceProfileSectionHeader.swift in Sources */ = {isa = PBXBuildFile; fileRef = D483E9591D804A4900FCD614 /* PLPlaceProfileSectionHeader.swift */; };
		D483E9861D804A4900FCD614 /* PLPlaceProfileSectionHeader.xib in Resources */ = {isa = PBXBuildFile; fileRef = D483E95A1D804A4900FCD614 /* PLPlaceProfileSectionHeader.xib */; };
		D483E9871D804A4900FCD614 /* PLPlacesTableViewController.swift in Sources */ = {isa = PBXBuildFile; fileRef = D483E95B1D804A4900FCD614 /* PLPlacesTableViewController.swift */; };
		D483E9881D804A4900FCD614 /* PLPlaceTableViewCell.swift in Sources */ = {isa = PBXBuildFile; fileRef = D483E95C1D804A4900FCD614 /* PLPlaceTableViewCell.swift */; };
		D483E9891D804A4900FCD614 /* PLPlaceTableViewCell.xib in Resources */ = {isa = PBXBuildFile; fileRef = D483E95D1D804A4900FCD614 /* PLPlaceTableViewCell.xib */; };
		D483E98A1D804A4900FCD614 /* PLSlidingViewController.swift in Sources */ = {isa = PBXBuildFile; fileRef = D483E95E1D804A4900FCD614 /* PLSlidingViewController.swift */; };
		D483E98B1D804A4900FCD614 /* PLProfileCollectionHelper.swift in Sources */ = {isa = PBXBuildFile; fileRef = D483E9601D804A4900FCD614 /* PLProfileCollectionHelper.swift */; };
		D483E98C1D804A4900FCD614 /* PLProfileDrinkCollectionViewCell.swift in Sources */ = {isa = PBXBuildFile; fileRef = D483E9611D804A4900FCD614 /* PLProfileDrinkCollectionViewCell.swift */; };
		D483E98D1D804A4900FCD614 /* PLProfileDrinkCollectionViewCell.xib in Resources */ = {isa = PBXBuildFile; fileRef = D483E9621D804A4900FCD614 /* PLProfileDrinkCollectionViewCell.xib */; };
		D483E98E1D804A4900FCD614 /* PLProfileHeaderView.swift in Sources */ = {isa = PBXBuildFile; fileRef = D483E9631D804A4900FCD614 /* PLProfileHeaderView.swift */; };
		D483E98F1D804A4900FCD614 /* PLProfileHeaderView.xib in Resources */ = {isa = PBXBuildFile; fileRef = D483E9641D804A4900FCD614 /* PLProfileHeaderView.xib */; };
		D483E9901D804A4900FCD614 /* PLProfileViewController.swift in Sources */ = {isa = PBXBuildFile; fileRef = D483E9651D804A4900FCD614 /* PLProfileViewController.swift */; };
		D483E9911D804A4900FCD614 /* PLSettingsViewController.swift in Sources */ = {isa = PBXBuildFile; fileRef = D483E9671D804A4900FCD614 /* PLSettingsViewController.swift */; };
		D483E9921D804A4900FCD614 /* PLAddButton.swift in Sources */ = {isa = PBXBuildFile; fileRef = D483E9691D804A4900FCD614 /* PLAddButton.swift */; };
		D483E9931D804A4900FCD614 /* PLSignUpViewController.swift in Sources */ = {isa = PBXBuildFile; fileRef = D483E96A1D804A4900FCD614 /* PLSignUpViewController.swift */; };
		D483E9951D804C1200FCD614 /* PLSignUpData.swift in Sources */ = {isa = PBXBuildFile; fileRef = D483E9941D804C1200FCD614 /* PLSignUpData.swift */; };
		DC5EA978C0138C7F424C113C /* Pods_Pals.framework in Frameworks */ = {isa = PBXBuildFile; fileRef = 3E1097158C5C13F1394D646D /* Pods_Pals.framework */; };
/* End PBXBuildFile section */

/* Begin PBXFileReference section */
		3E1097158C5C13F1394D646D /* Pods_Pals.framework */ = {isa = PBXFileReference; explicitFileType = wrapper.framework; includeInIndex = 0; path = Pods_Pals.framework; sourceTree = BUILT_PRODUCTS_DIR; };
		590973F66E3E7966FD0200FE /* Pods-Pals.release.xcconfig */ = {isa = PBXFileReference; includeInIndex = 1; lastKnownFileType = text.xcconfig; name = "Pods-Pals.release.xcconfig"; path = "Pods/Target Support Files/Pods-Pals/Pods-Pals.release.xcconfig"; sourceTree = "<group>"; };
		D42F53C51D76B497005DEA34 /* Pals.app */ = {isa = PBXFileReference; explicitFileType = wrapper.application; includeInIndex = 0; path = Pals.app; sourceTree = BUILT_PRODUCTS_DIR; };
		D483E8341D80210600FCD614 /* AppDelegate.swift */ = {isa = PBXFileReference; fileEncoding = 4; lastKnownFileType = sourcecode.swift; path = AppDelegate.swift; sourceTree = "<group>"; };
		D483E8361D80210600FCD614 /* PLFacade.swift */ = {isa = PBXFileReference; fileEncoding = 4; lastKnownFileType = sourcecode.swift; path = PLFacade.swift; sourceTree = "<group>"; };
		D483E8371D80210600FCD614 /* PLNetworkManager.swift */ = {isa = PBXFileReference; fileEncoding = 4; lastKnownFileType = sourcecode.swift; path = PLNetworkManager.swift; sourceTree = "<group>"; };
		D483E8381D80210600FCD614 /* PLPageCollection.swift */ = {isa = PBXFileReference; fileEncoding = 4; lastKnownFileType = sourcecode.swift; path = PLPageCollection.swift; sourceTree = "<group>"; };
		D483E8391D80210600FCD614 /* PLProfileManager.swift */ = {isa = PBXFileReference; fileEncoding = 4; lastKnownFileType = sourcecode.swift; path = PLProfileManager.swift; sourceTree = "<group>"; };
		D483E83A1D80210600FCD614 /* PLSettingsManager.swift */ = {isa = PBXFileReference; fileEncoding = 4; lastKnownFileType = sourcecode.swift; path = PLSettingsManager.swift; sourceTree = "<group>"; };
		D483E83C1D80210600FCD614 /* PLDevice.swift */ = {isa = PBXFileReference; fileEncoding = 4; lastKnownFileType = sourcecode.swift; path = PLDevice.swift; sourceTree = "<group>"; };
		D483E83D1D80210600FCD614 /* PLDictionary.swift */ = {isa = PBXFileReference; fileEncoding = 4; lastKnownFileType = sourcecode.swift; path = PLDictionary.swift; sourceTree = "<group>"; };
		D483E83E1D80210600FCD614 /* PLNavigationController.swift */ = {isa = PBXFileReference; fileEncoding = 4; lastKnownFileType = sourcecode.swift; path = PLNavigationController.swift; sourceTree = "<group>"; };
		D483E8401D80210600FCD614 /* PLStoryboard.swift */ = {isa = PBXFileReference; fileEncoding = 4; lastKnownFileType = sourcecode.swift; path = PLStoryboard.swift; sourceTree = "<group>"; };
		D483E8411D80210600FCD614 /* PLString.swift */ = {isa = PBXFileReference; fileEncoding = 4; lastKnownFileType = sourcecode.swift; path = PLString.swift; sourceTree = "<group>"; };
		D483E8431D80210600FCD614 /* PLDrink.swift */ = {isa = PBXFileReference; fileEncoding = 4; lastKnownFileType = sourcecode.swift; path = PLDrink.swift; sourceTree = "<group>"; };
		D483E8441D80210600FCD614 /* PLErrors.swift */ = {isa = PBXFileReference; fileEncoding = 4; lastKnownFileType = sourcecode.swift; path = PLErrors.swift; sourceTree = "<group>"; };
		D483E8451D80210600FCD614 /* PLEvent.swift */ = {isa = PBXFileReference; fileEncoding = 4; lastKnownFileType = sourcecode.swift; path = PLEvent.swift; sourceTree = "<group>"; };
		D483E8461D80210600FCD614 /* PLFakeFeed.swift */ = {isa = PBXFileReference; fileEncoding = 4; lastKnownFileType = sourcecode.swift; path = PLFakeFeed.swift; sourceTree = "<group>"; };
		D483E8471D80210600FCD614 /* PLOrder.swift */ = {isa = PBXFileReference; fileEncoding = 4; lastKnownFileType = sourcecode.swift; path = PLOrder.swift; sourceTree = "<group>"; };
		D483E8481D80210600FCD614 /* PLPlace.swift */ = {isa = PBXFileReference; fileEncoding = 4; lastKnownFileType = sourcecode.swift; path = PLPlace.swift; sourceTree = "<group>"; };
		D483E8491D80210600FCD614 /* PLUniqueObject.swift */ = {isa = PBXFileReference; fileEncoding = 4; lastKnownFileType = sourcecode.swift; path = PLUniqueObject.swift; sourceTree = "<group>"; };
		D483E84A1D80210600FCD614 /* PLUser.swift */ = {isa = PBXFileReference; fileEncoding = 4; lastKnownFileType = sourcecode.swift; path = PLUser.swift; sourceTree = "<group>"; };
		D483E84B1D80210600FCD614 /* Pals-Bridging-Header.h */ = {isa = PBXFileReference; fileEncoding = 4; lastKnownFileType = sourcecode.c.h; path = "Pals-Bridging-Header.h"; sourceTree = "<group>"; };
		D483E84F1D80210600FCD614 /* TGLBackgroundProxyView.h */ = {isa = PBXFileReference; fileEncoding = 4; lastKnownFileType = sourcecode.c.h; path = TGLBackgroundProxyView.h; sourceTree = "<group>"; };
		D483E8501D80210600FCD614 /* TGLBackgroundProxyView.m */ = {isa = PBXFileReference; fileEncoding = 4; lastKnownFileType = sourcecode.c.objc; path = TGLBackgroundProxyView.m; sourceTree = "<group>"; };
		D483E8511D80210600FCD614 /* TGLExposedLayout.h */ = {isa = PBXFileReference; fileEncoding = 4; lastKnownFileType = sourcecode.c.h; path = TGLExposedLayout.h; sourceTree = "<group>"; };
		D483E8521D80210600FCD614 /* TGLExposedLayout.m */ = {isa = PBXFileReference; fileEncoding = 4; lastKnownFileType = sourcecode.c.objc; path = TGLExposedLayout.m; sourceTree = "<group>"; };
		D483E8531D80210600FCD614 /* TGLStackedLayout.h */ = {isa = PBXFileReference; fileEncoding = 4; lastKnownFileType = sourcecode.c.h; path = TGLStackedLayout.h; sourceTree = "<group>"; };
		D483E8541D80210600FCD614 /* TGLStackedLayout.m */ = {isa = PBXFileReference; fileEncoding = 4; lastKnownFileType = sourcecode.c.objc; path = TGLStackedLayout.m; sourceTree = "<group>"; };
		D483E8551D80210600FCD614 /* TGLStackedViewController.h */ = {isa = PBXFileReference; fileEncoding = 4; lastKnownFileType = sourcecode.c.h; path = TGLStackedViewController.h; sourceTree = "<group>"; };
		D483E8561D80210600FCD614 /* TGLStackedViewController.m */ = {isa = PBXFileReference; fileEncoding = 4; lastKnownFileType = sourcecode.c.objc; path = TGLStackedViewController.m; sourceTree = "<group>"; };
		D483E8811D80210600FCD614 /* Assets.xcassets */ = {isa = PBXFileReference; lastKnownFileType = folder.assetcatalog; path = Assets.xcassets; sourceTree = "<group>"; };
		D483E8821D80210600FCD614 /* config.plist */ = {isa = PBXFileReference; fileEncoding = 4; lastKnownFileType = text.plist.xml; path = config.plist; sourceTree = "<group>"; };
		D483E8851D80210600FCD614 /* friends.json */ = {isa = PBXFileReference; fileEncoding = 4; lastKnownFileType = text.json; path = friends.json; sourceTree = "<group>"; };
		D483E8861D80210600FCD614 /* friends1.json */ = {isa = PBXFileReference; fileEncoding = 4; lastKnownFileType = text.json; path = friends1.json; sourceTree = "<group>"; };
		D483E8871D80210600FCD614 /* friends2.json */ = {isa = PBXFileReference; fileEncoding = 4; lastKnownFileType = text.json; path = friends2.json; sourceTree = "<group>"; };
		D483E8881D80210600FCD614 /* friends3.json */ = {isa = PBXFileReference; fileEncoding = 4; lastKnownFileType = text.json; path = friends3.json; sourceTree = "<group>"; };
		D483E8891D80210600FCD614 /* login.json */ = {isa = PBXFileReference; fileEncoding = 4; lastKnownFileType = text.json; path = login.json; sourceTree = "<group>"; };
		D483E88A1D80210600FCD614 /* sendpassword.json */ = {isa = PBXFileReference; fileEncoding = 4; lastKnownFileType = text.json; path = sendpassword.json; sourceTree = "<group>"; };
		D483E88B1D80210600FCD614 /* signup.json */ = {isa = PBXFileReference; fileEncoding = 4; lastKnownFileType = text.json; path = signup.json; sourceTree = "<group>"; };
		D483E88C1D80210600FCD614 /* Info.plist */ = {isa = PBXFileReference; fileEncoding = 4; lastKnownFileType = text.plist.xml; path = Info.plist; sourceTree = "<group>"; };
		D483E88D1D80210600FCD614 /* LaunchScreen.storyboard */ = {isa = PBXFileReference; fileEncoding = 4; lastKnownFileType = file.storyboard; path = LaunchScreen.storyboard; sourceTree = "<group>"; };
		D483E88E1D80210600FCD614 /* Main.storyboard */ = {isa = PBXFileReference; fileEncoding = 4; lastKnownFileType = file.storyboard; path = Main.storyboard; sourceTree = "<group>"; };
		D483E8DC1D80474F00FCD614 /* PLFriendsDatasource.swift */ = {isa = PBXFileReference; fileEncoding = 4; lastKnownFileType = sourcecode.swift; path = PLFriendsDatasource.swift; sourceTree = "<group>"; };
		D483E93A1D804A4900FCD614 /* PLAddFundsView.swift */ = {isa = PBXFileReference; fileEncoding = 4; lastKnownFileType = sourcecode.swift; path = PLAddFundsView.swift; sourceTree = "<group>"; };
		D483E93B1D804A4900FCD614 /* PLAddFundsView.xib */ = {isa = PBXFileReference; fileEncoding = 4; lastKnownFileType = file.xib; path = PLAddFundsView.xib; sourceTree = "<group>"; };
		D483E93C1D804A4900FCD614 /* PLAddFundsViewController.swift */ = {isa = PBXFileReference; fileEncoding = 4; lastKnownFileType = sourcecode.swift; path = PLAddFundsViewController.swift; sourceTree = "<group>"; };
		D483E93E1D804A4900FCD614 /* PLButton.swift */ = {isa = PBXFileReference; fileEncoding = 4; lastKnownFileType = sourcecode.swift; path = PLButton.swift; sourceTree = "<group>"; };
		D483E93F1D804A4900FCD614 /* PLImageView.swift */ = {isa = PBXFileReference; fileEncoding = 4; lastKnownFileType = sourcecode.swift; path = PLImageView.swift; sourceTree = "<group>"; };
		D483E9401D804A4900FCD614 /* PLTextField.swift */ = {isa = PBXFileReference; fileEncoding = 4; lastKnownFileType = sourcecode.swift; path = PLTextField.swift; sourceTree = "<group>"; };
		D483E9421D804A4900FCD614 /* PLFriendCell.swift */ = {isa = PBXFileReference; fileEncoding = 4; lastKnownFileType = sourcecode.swift; path = PLFriendCell.swift; sourceTree = "<group>"; };
		D483E9431D804A4900FCD614 /* PLFriendCellData.swift */ = {isa = PBXFileReference; fileEncoding = 4; lastKnownFileType = sourcecode.swift; path = PLFriendCellData.swift; sourceTree = "<group>"; };
		D483E9441D804A4900FCD614 /* PLFriendProfileViewController.swift */ = {isa = PBXFileReference; fileEncoding = 4; lastKnownFileType = sourcecode.swift; path = PLFriendProfileViewController.swift; sourceTree = "<group>"; };
		D483E9451D804A4900FCD614 /* PLFriendSearchTableViewCell.swift */ = {isa = PBXFileReference; fileEncoding = 4; lastKnownFileType = sourcecode.swift; path = PLFriendSearchTableViewCell.swift; sourceTree = "<group>"; };
		D483E9461D804A4900FCD614 /* PLFriendsModel.swift */ = {isa = PBXFileReference; fileEncoding = 4; lastKnownFileType = sourcecode.swift; path = PLFriendsModel.swift; sourceTree = "<group>"; };
		D483E9471D804A4900FCD614 /* PLFriendsSearchTableViewController.swift */ = {isa = PBXFileReference; fileEncoding = 4; lastKnownFileType = sourcecode.swift; path = PLFriendsSearchTableViewController.swift; sourceTree = "<group>"; };
		D483E9481D804A4900FCD614 /* PLFriendsTableViewController.swift */ = {isa = PBXFileReference; fileEncoding = 4; lastKnownFileType = sourcecode.swift; path = PLFriendsTableViewController.swift; sourceTree = "<group>"; };
		D483E94A1D804A4900FCD614 /* PLLoginViewController.swift */ = {isa = PBXFileReference; fileEncoding = 4; lastKnownFileType = sourcecode.swift; path = PLLoginViewController.swift; sourceTree = "<group>"; };
		D483E94C1D804A4900FCD614 /* PLOrderBackgroundView.swift */ = {isa = PBXFileReference; fileEncoding = 4; lastKnownFileType = sourcecode.swift; path = PLOrderBackgroundView.swift; sourceTree = "<group>"; };
		D483E94D1D804A4900FCD614 /* PLOrderBackgroundView.xib */ = {isa = PBXFileReference; fileEncoding = 4; lastKnownFileType = file.xib; path = PLOrderBackgroundView.xib; sourceTree = "<group>"; };
		D483E94E1D804A4900FCD614 /* PLOrderDrinkTableViewCell.swift */ = {isa = PBXFileReference; fileEncoding = 4; lastKnownFileType = sourcecode.swift; path = PLOrderDrinkTableViewCell.swift; sourceTree = "<group>"; };
		D483E94F1D804A4900FCD614 /* PLOrderDrinkTableViewCell.xib */ = {isa = PBXFileReference; fileEncoding = 4; lastKnownFileType = file.xib; path = PLOrderDrinkTableViewCell.xib; sourceTree = "<group>"; };
		D483E9501D804A4900FCD614 /* PLOrderOffersView.swift */ = {isa = PBXFileReference; fileEncoding = 4; lastKnownFileType = sourcecode.swift; path = PLOrderOffersView.swift; sourceTree = "<group>"; };
		D483E9511D804A4900FCD614 /* PLOrderOffersView.xib */ = {isa = PBXFileReference; fileEncoding = 4; lastKnownFileType = file.xib; path = PLOrderOffersView.xib; sourceTree = "<group>"; };
		D483E9521D804A4900FCD614 /* PLOrderViewController.swift */ = {isa = PBXFileReference; fileEncoding = 4; lastKnownFileType = sourcecode.swift; path = PLOrderViewController.swift; sourceTree = "<group>"; };
		D483E9541D804A4900FCD614 /* PLEventCollectionViewCell.swift */ = {isa = PBXFileReference; fileEncoding = 4; lastKnownFileType = sourcecode.swift; path = PLEventCollectionViewCell.swift; sourceTree = "<group>"; };
		D483E9551D804A4900FCD614 /* PLEventCollectionViewCell.xib */ = {isa = PBXFileReference; fileEncoding = 4; lastKnownFileType = file.xib; path = PLEventCollectionViewCell.xib; sourceTree = "<group>"; };
		D483E9561D804A4900FCD614 /* PLPlaceProfileCollectionViewController.swift */ = {isa = PBXFileReference; fileEncoding = 4; lastKnownFileType = sourcecode.swift; path = PLPlaceProfileCollectionViewController.swift; sourceTree = "<group>"; };
		D483E9571D804A4900FCD614 /* PLPlaceProfileHeader.swift */ = {isa = PBXFileReference; fileEncoding = 4; lastKnownFileType = sourcecode.swift; path = PLPlaceProfileHeader.swift; sourceTree = "<group>"; };
		D483E9581D804A4900FCD614 /* PLPlaceProfileHeader.xib */ = {isa = PBXFileReference; fileEncoding = 4; lastKnownFileType = file.xib; path = PLPlaceProfileHeader.xib; sourceTree = "<group>"; };
		D483E9591D804A4900FCD614 /* PLPlaceProfileSectionHeader.swift */ = {isa = PBXFileReference; fileEncoding = 4; lastKnownFileType = sourcecode.swift; path = PLPlaceProfileSectionHeader.swift; sourceTree = "<group>"; };
		D483E95A1D804A4900FCD614 /* PLPlaceProfileSectionHeader.xib */ = {isa = PBXFileReference; fileEncoding = 4; lastKnownFileType = file.xib; path = PLPlaceProfileSectionHeader.xib; sourceTree = "<group>"; };
		D483E95B1D804A4900FCD614 /* PLPlacesTableViewController.swift */ = {isa = PBXFileReference; fileEncoding = 4; lastKnownFileType = sourcecode.swift; path = PLPlacesTableViewController.swift; sourceTree = "<group>"; };
		D483E95C1D804A4900FCD614 /* PLPlaceTableViewCell.swift */ = {isa = PBXFileReference; fileEncoding = 4; lastKnownFileType = sourcecode.swift; path = PLPlaceTableViewCell.swift; sourceTree = "<group>"; };
		D483E95D1D804A4900FCD614 /* PLPlaceTableViewCell.xib */ = {isa = PBXFileReference; fileEncoding = 4; lastKnownFileType = file.xib; path = PLPlaceTableViewCell.xib; sourceTree = "<group>"; };
		D483E95E1D804A4900FCD614 /* PLSlidingViewController.swift */ = {isa = PBXFileReference; fileEncoding = 4; lastKnownFileType = sourcecode.swift; path = PLSlidingViewController.swift; sourceTree = "<group>"; };
		D483E9601D804A4900FCD614 /* PLProfileCollectionHelper.swift */ = {isa = PBXFileReference; fileEncoding = 4; lastKnownFileType = sourcecode.swift; path = PLProfileCollectionHelper.swift; sourceTree = "<group>"; };
		D483E9611D804A4900FCD614 /* PLProfileDrinkCollectionViewCell.swift */ = {isa = PBXFileReference; fileEncoding = 4; lastKnownFileType = sourcecode.swift; path = PLProfileDrinkCollectionViewCell.swift; sourceTree = "<group>"; };
		D483E9621D804A4900FCD614 /* PLProfileDrinkCollectionViewCell.xib */ = {isa = PBXFileReference; fileEncoding = 4; lastKnownFileType = file.xib; path = PLProfileDrinkCollectionViewCell.xib; sourceTree = "<group>"; };
		D483E9631D804A4900FCD614 /* PLProfileHeaderView.swift */ = {isa = PBXFileReference; fileEncoding = 4; lastKnownFileType = sourcecode.swift; path = PLProfileHeaderView.swift; sourceTree = "<group>"; };
		D483E9641D804A4900FCD614 /* PLProfileHeaderView.xib */ = {isa = PBXFileReference; fileEncoding = 4; lastKnownFileType = file.xib; path = PLProfileHeaderView.xib; sourceTree = "<group>"; };
		D483E9651D804A4900FCD614 /* PLProfileViewController.swift */ = {isa = PBXFileReference; fileEncoding = 4; lastKnownFileType = sourcecode.swift; path = PLProfileViewController.swift; sourceTree = "<group>"; };
		D483E9671D804A4900FCD614 /* PLSettingsViewController.swift */ = {isa = PBXFileReference; fileEncoding = 4; lastKnownFileType = sourcecode.swift; path = PLSettingsViewController.swift; sourceTree = "<group>"; };
		D483E9691D804A4900FCD614 /* PLAddButton.swift */ = {isa = PBXFileReference; fileEncoding = 4; lastKnownFileType = sourcecode.swift; path = PLAddButton.swift; sourceTree = "<group>"; };
		D483E96A1D804A4900FCD614 /* PLSignUpViewController.swift */ = {isa = PBXFileReference; fileEncoding = 4; lastKnownFileType = sourcecode.swift; path = PLSignUpViewController.swift; sourceTree = "<group>"; };
		D483E9941D804C1200FCD614 /* PLSignUpData.swift */ = {isa = PBXFileReference; fileEncoding = 4; lastKnownFileType = sourcecode.swift; path = PLSignUpData.swift; sourceTree = "<group>"; };
		F68B4BF8C8ACD9F362E9AFD7 /* Pods-Pals.debug.xcconfig */ = {isa = PBXFileReference; includeInIndex = 1; lastKnownFileType = text.xcconfig; name = "Pods-Pals.debug.xcconfig"; path = "Pods/Target Support Files/Pods-Pals/Pods-Pals.debug.xcconfig"; sourceTree = "<group>"; };
/* End PBXFileReference section */

/* Begin PBXFrameworksBuildPhase section */
		D42F53C21D76B497005DEA34 /* Frameworks */ = {
			isa = PBXFrameworksBuildPhase;
			buildActionMask = 2147483647;
			files = (
				DC5EA978C0138C7F424C113C /* Pods_Pals.framework in Frameworks */,
			);
			runOnlyForDeploymentPostprocessing = 0;
		};
/* End PBXFrameworksBuildPhase section */

/* Begin PBXGroup section */
		3031C286B9CA11146B8E1FA5 /* Pods */ = {
			isa = PBXGroup;
			children = (
				F68B4BF8C8ACD9F362E9AFD7 /* Pods-Pals.debug.xcconfig */,
				590973F66E3E7966FD0200FE /* Pods-Pals.release.xcconfig */,
			);
			name = Pods;
			sourceTree = "<group>";
		};
		38538A45B4B15C074AAEF5B7 /* Frameworks */ = {
			isa = PBXGroup;
			children = (
				3E1097158C5C13F1394D646D /* Pods_Pals.framework */,
			);
			name = Frameworks;
			sourceTree = "<group>";
		};
		D42F53BC1D76B497005DEA34 = {
			isa = PBXGroup;
			children = (
				D483E8321D80210600FCD614 /* Pals */,
				D42F53C61D76B497005DEA34 /* Products */,
				3031C286B9CA11146B8E1FA5 /* Pods */,
				38538A45B4B15C074AAEF5B7 /* Frameworks */,
			);
			sourceTree = "<group>";
		};
		D42F53C61D76B497005DEA34 /* Products */ = {
			isa = PBXGroup;
			children = (
				D42F53C51D76B497005DEA34 /* Pals.app */,
			);
			name = Products;
			sourceTree = "<group>";
		};
		D483E8321D80210600FCD614 /* Pals */ = {
			isa = PBXGroup;
			children = (
				D483E8331D80210600FCD614 /* Classes */,
				D483E8801D80210600FCD614 /* Resources */,
			);
			path = Pals;
			sourceTree = "<group>";
		};
		D483E8331D80210600FCD614 /* Classes */ = {
			isa = PBXGroup;
			children = (
				D483E8341D80210600FCD614 /* AppDelegate.swift */,
				D483E84B1D80210600FCD614 /* Pals-Bridging-Header.h */,
				D483E8421D80210600FCD614 /* Model */,
				D483E8351D80210600FCD614 /* Business */,
				D483E9381D804A4900FCD614 /* UI */,
				D483E83B1D80210600FCD614 /* Extensions */,
				D483E84D1D80210600FCD614 /* Thrird Party */,
			);
			path = Classes;
			sourceTree = "<group>";
		};
		D483E8351D80210600FCD614 /* Business */ = {
			isa = PBXGroup;
			children = (
				D483E8361D80210600FCD614 /* PLFacade.swift */,
				D483E8371D80210600FCD614 /* PLNetworkManager.swift */,
				D483E8381D80210600FCD614 /* PLPageCollection.swift */,
				D483E8391D80210600FCD614 /* PLProfileManager.swift */,
				D483E83A1D80210600FCD614 /* PLSettingsManager.swift */,
				D483E8DC1D80474F00FCD614 /* PLFriendsDatasource.swift */,
			);
			path = Business;
			sourceTree = "<group>";
		};
		D483E83B1D80210600FCD614 /* Extensions */ = {
			isa = PBXGroup;
			children = (
				D483E83C1D80210600FCD614 /* PLDevice.swift */,
				D483E83D1D80210600FCD614 /* PLDictionary.swift */,
				D483E83E1D80210600FCD614 /* PLNavigationController.swift */,
				D483E8401D80210600FCD614 /* PLStoryboard.swift */,
				D483E8411D80210600FCD614 /* PLString.swift */,
			);
			path = Extensions;
			sourceTree = "<group>";
		};
		D483E8421D80210600FCD614 /* Model */ = {
			isa = PBXGroup;
			children = (
				D483E8431D80210600FCD614 /* PLDrink.swift */,
				D483E8441D80210600FCD614 /* PLErrors.swift */,
				D483E8451D80210600FCD614 /* PLEvent.swift */,
				D483E8461D80210600FCD614 /* PLFakeFeed.swift */,
				D483E8471D80210600FCD614 /* PLOrder.swift */,
				D483E8481D80210600FCD614 /* PLPlace.swift */,
				D483E8491D80210600FCD614 /* PLUniqueObject.swift */,
				D483E84A1D80210600FCD614 /* PLUser.swift */,
			);
			path = Model;
			sourceTree = "<group>";
		};
		D483E84D1D80210600FCD614 /* Thrird Party */ = {
			isa = PBXGroup;
			children = (
				D483E84E1D80210600FCD614 /* TGLStackedViewController */,
			);
			path = "Thrird Party";
			sourceTree = "<group>";
		};
		D483E84E1D80210600FCD614 /* TGLStackedViewController */ = {
			isa = PBXGroup;
			children = (
				D483E84F1D80210600FCD614 /* TGLBackgroundProxyView.h */,
				D483E8501D80210600FCD614 /* TGLBackgroundProxyView.m */,
				D483E8511D80210600FCD614 /* TGLExposedLayout.h */,
				D483E8521D80210600FCD614 /* TGLExposedLayout.m */,
				D483E8531D80210600FCD614 /* TGLStackedLayout.h */,
				D483E8541D80210600FCD614 /* TGLStackedLayout.m */,
				D483E8551D80210600FCD614 /* TGLStackedViewController.h */,
				D483E8561D80210600FCD614 /* TGLStackedViewController.m */,
			);
			path = TGLStackedViewController;
			sourceTree = "<group>";
		};
		D483E8801D80210600FCD614 /* Resources */ = {
			isa = PBXGroup;
			children = (
				D483E8811D80210600FCD614 /* Assets.xcassets */,
				D483E8821D80210600FCD614 /* config.plist */,
				D483E8831D80210600FCD614 /* FakeFeeds */,
				D483E88C1D80210600FCD614 /* Info.plist */,
				D483E88D1D80210600FCD614 /* LaunchScreen.storyboard */,
				D483E88E1D80210600FCD614 /* Main.storyboard */,
			);
			path = Resources;
			sourceTree = "<group>";
		};
		D483E8831D80210600FCD614 /* FakeFeeds */ = {
			isa = PBXGroup;
			children = (
				D483E8841D80210600FCD614 /* Friends */,
				D483E8891D80210600FCD614 /* login.json */,
				D483E88A1D80210600FCD614 /* sendpassword.json */,
				D483E88B1D80210600FCD614 /* signup.json */,
			);
			path = FakeFeeds;
			sourceTree = "<group>";
		};
		D483E8841D80210600FCD614 /* Friends */ = {
			isa = PBXGroup;
			children = (
				D483E8851D80210600FCD614 /* friends.json */,
				D483E8861D80210600FCD614 /* friends1.json */,
				D483E8871D80210600FCD614 /* friends2.json */,
				D483E8881D80210600FCD614 /* friends3.json */,
			);
			path = Friends;
			sourceTree = "<group>";
		};
		D483E9381D804A4900FCD614 /* UI */ = {
			isa = PBXGroup;
			children = (
				D483E93D1D804A4900FCD614 /* Basic */,
				D483E9391D804A4900FCD614 /* AddFunds */,
				D483E9411D804A4900FCD614 /* Friends */,
				D483E9491D804A4900FCD614 /* Login */,
				D483E94B1D804A4900FCD614 /* Order */,
				D483E9531D804A4900FCD614 /* Places */,
				D483E95E1D804A4900FCD614 /* PLSlidingViewController.swift */,
				D483E95F1D804A4900FCD614 /* Profile */,
				D483E9661D804A4900FCD614 /* Settings */,
				D483E9681D804A4900FCD614 /* SignUp */,
			);
			path = UI;
			sourceTree = "<group>";
		};
		D483E9391D804A4900FCD614 /* AddFunds */ = {
			isa = PBXGroup;
			children = (
				D483E93A1D804A4900FCD614 /* PLAddFundsView.swift */,
				D483E93B1D804A4900FCD614 /* PLAddFundsView.xib */,
				D483E93C1D804A4900FCD614 /* PLAddFundsViewController.swift */,
			);
			path = AddFunds;
			sourceTree = "<group>";
		};
		D483E93D1D804A4900FCD614 /* Basic */ = {
			isa = PBXGroup;
			children = (
				D483E93E1D804A4900FCD614 /* PLButton.swift */,
				D483E93F1D804A4900FCD614 /* PLImageView.swift */,
				D483E9401D804A4900FCD614 /* PLTextField.swift */,
			);
			path = Basic;
			sourceTree = "<group>";
		};
		D483E9411D804A4900FCD614 /* Friends */ = {
			isa = PBXGroup;
			children = (
				D483E9421D804A4900FCD614 /* PLFriendCell.swift */,
				D483E9431D804A4900FCD614 /* PLFriendCellData.swift */,
				D483E9441D804A4900FCD614 /* PLFriendProfileViewController.swift */,
				D483E9451D804A4900FCD614 /* PLFriendSearchTableViewCell.swift */,
				D483E9461D804A4900FCD614 /* PLFriendsModel.swift */,
				D483E9471D804A4900FCD614 /* PLFriendsSearchTableViewController.swift */,
				D483E9481D804A4900FCD614 /* PLFriendsTableViewController.swift */,
			);
			path = Friends;
			sourceTree = "<group>";
		};
		D483E9491D804A4900FCD614 /* Login */ = {
			isa = PBXGroup;
			children = (
				D483E94A1D804A4900FCD614 /* PLLoginViewController.swift */,
			);
			path = Login;
			sourceTree = "<group>";
		};
		D483E94B1D804A4900FCD614 /* Order */ = {
			isa = PBXGroup;
			children = (
				D483E94C1D804A4900FCD614 /* PLOrderBackgroundView.swift */,
				D483E94D1D804A4900FCD614 /* PLOrderBackgroundView.xib */,
				D483E94E1D804A4900FCD614 /* PLOrderDrinkTableViewCell.swift */,
				D483E94F1D804A4900FCD614 /* PLOrderDrinkTableViewCell.xib */,
				D483E9501D804A4900FCD614 /* PLOrderOffersView.swift */,
				D483E9511D804A4900FCD614 /* PLOrderOffersView.xib */,
				D483E9521D804A4900FCD614 /* PLOrderViewController.swift */,
			);
			path = Order;
			sourceTree = "<group>";
		};
		D483E9531D804A4900FCD614 /* Places */ = {
			isa = PBXGroup;
			children = (
				D483E9541D804A4900FCD614 /* PLEventCollectionViewCell.swift */,
				D483E9551D804A4900FCD614 /* PLEventCollectionViewCell.xib */,
				D483E9561D804A4900FCD614 /* PLPlaceProfileCollectionViewController.swift */,
				D483E9571D804A4900FCD614 /* PLPlaceProfileHeader.swift */,
				D483E9581D804A4900FCD614 /* PLPlaceProfileHeader.xib */,
				D483E9591D804A4900FCD614 /* PLPlaceProfileSectionHeader.swift */,
				D483E95A1D804A4900FCD614 /* PLPlaceProfileSectionHeader.xib */,
				D483E95B1D804A4900FCD614 /* PLPlacesTableViewController.swift */,
				D483E95C1D804A4900FCD614 /* PLPlaceTableViewCell.swift */,
				D483E95D1D804A4900FCD614 /* PLPlaceTableViewCell.xib */,
			);
			path = Places;
			sourceTree = "<group>";
		};
		D483E95F1D804A4900FCD614 /* Profile */ = {
			isa = PBXGroup;
			children = (
				D483E9601D804A4900FCD614 /* PLProfileCollectionHelper.swift */,
				D483E9611D804A4900FCD614 /* PLProfileDrinkCollectionViewCell.swift */,
				D483E9621D804A4900FCD614 /* PLProfileDrinkCollectionViewCell.xib */,
				D483E9631D804A4900FCD614 /* PLProfileHeaderView.swift */,
				D483E9641D804A4900FCD614 /* PLProfileHeaderView.xib */,
				D483E9651D804A4900FCD614 /* PLProfileViewController.swift */,
			);
			path = Profile;
			sourceTree = "<group>";
		};
		D483E9661D804A4900FCD614 /* Settings */ = {
			isa = PBXGroup;
			children = (
				D483E9671D804A4900FCD614 /* PLSettingsViewController.swift */,
			);
			path = Settings;
			sourceTree = "<group>";
		};
		D483E9681D804A4900FCD614 /* SignUp */ = {
			isa = PBXGroup;
			children = (
				D483E9691D804A4900FCD614 /* PLAddButton.swift */,
				D483E9941D804C1200FCD614 /* PLSignUpData.swift */,
				D483E96A1D804A4900FCD614 /* PLSignUpViewController.swift */,
			);
			path = SignUp;
			sourceTree = "<group>";
		};
/* End PBXGroup section */

/* Begin PBXNativeTarget section */
		D42F53C41D76B497005DEA34 /* Pals */ = {
			isa = PBXNativeTarget;
			buildConfigurationList = D42F53D71D76B497005DEA34 /* Build configuration list for PBXNativeTarget "Pals" */;
			buildPhases = (
				F5AB92BEE7FD97B1DE8EBA28 /* [CP] Check Pods Manifest.lock */,
				D42F53C11D76B497005DEA34 /* Sources */,
				D42F53C21D76B497005DEA34 /* Frameworks */,
				D42F53C31D76B497005DEA34 /* Resources */,
				A071B8C436598B4DA0F999B2 /* [CP] Embed Pods Frameworks */,
				B3C08415ECB10D4F8B4851DC /* [CP] Copy Pods Resources */,
			);
			buildRules = (
			);
			dependencies = (
			);
			name = Pals;
			productName = Pals;
			productReference = D42F53C51D76B497005DEA34 /* Pals.app */;
			productType = "com.apple.product-type.application";
		};
/* End PBXNativeTarget section */

/* Begin PBXProject section */
		D42F53BD1D76B497005DEA34 /* Project object */ = {
			isa = PBXProject;
			attributes = {
				CLASSPREFIX = PL;
				LastSwiftUpdateCheck = 0730;
				LastUpgradeCheck = 0730;
				ORGANIZATIONNAME = citirex;
				TargetAttributes = {
					D42F53C41D76B497005DEA34 = {
						CreatedOnToolsVersion = 7.3.1;
					};
				};
			};
			buildConfigurationList = D42F53C01D76B497005DEA34 /* Build configuration list for PBXProject "Pals" */;
			compatibilityVersion = "Xcode 3.2";
			developmentRegion = English;
			hasScannedForEncodings = 0;
			knownRegions = (
				en,
				Base,
			);
			mainGroup = D42F53BC1D76B497005DEA34;
			productRefGroup = D42F53C61D76B497005DEA34 /* Products */;
			projectDirPath = "";
			projectRoot = "";
			targets = (
				D42F53C41D76B497005DEA34 /* Pals */,
			);
		};
/* End PBXProject section */

/* Begin PBXResourcesBuildPhase section */
		D42F53C31D76B497005DEA34 /* Resources */ = {
			isa = PBXResourcesBuildPhase;
			buildActionMask = 2147483647;
			files = (
				D483E8D71D80210600FCD614 /* sendpassword.json in Resources */,
				D483E98F1D804A4900FCD614 /* PLProfileHeaderView.xib in Resources */,
				D483E8D01D80210600FCD614 /* Assets.xcassets in Resources */,
				D483E8D51D80210600FCD614 /* friends3.json in Resources */,
				D483E9811D804A4900FCD614 /* PLEventCollectionViewCell.xib in Resources */,
				D483E9861D804A4900FCD614 /* PLPlaceProfileSectionHeader.xib in Resources */,
				D483E98D1D804A4900FCD614 /* PLProfileDrinkCollectionViewCell.xib in Resources */,
				D483E97E1D804A4900FCD614 /* PLOrderOffersView.xib in Resources */,
				D483E97C1D804A4900FCD614 /* PLOrderDrinkTableViewCell.xib in Resources */,
				D483E8DB1D80210600FCD614 /* Main.storyboard in Resources */,
				D483E8D31D80210600FCD614 /* friends1.json in Resources */,
				D483E8D21D80210600FCD614 /* friends.json in Resources */,
				D483E97A1D804A4900FCD614 /* PLOrderBackgroundView.xib in Resources */,
				D483E8D61D80210600FCD614 /* login.json in Resources */,
				D483E96C1D804A4900FCD614 /* PLAddFundsView.xib in Resources */,
				D483E8D11D80210600FCD614 /* config.plist in Resources */,
				D483E9841D804A4900FCD614 /* PLPlaceProfileHeader.xib in Resources */,
				D483E8D41D80210600FCD614 /* friends2.json in Resources */,
				D483E8DA1D80210600FCD614 /* LaunchScreen.storyboard in Resources */,
				D483E8D81D80210600FCD614 /* signup.json in Resources */,
				D483E9891D804A4900FCD614 /* PLPlaceTableViewCell.xib in Resources */,
			);
			runOnlyForDeploymentPostprocessing = 0;
		};
/* End PBXResourcesBuildPhase section */

/* Begin PBXShellScriptBuildPhase section */
		A071B8C436598B4DA0F999B2 /* [CP] Embed Pods Frameworks */ = {
			isa = PBXShellScriptBuildPhase;
			buildActionMask = 2147483647;
			files = (
			);
			inputPaths = (
			);
			name = "[CP] Embed Pods Frameworks";
			outputPaths = (
			);
			runOnlyForDeploymentPostprocessing = 0;
			shellPath = /bin/sh;
			shellScript = "\"${SRCROOT}/Pods/Target Support Files/Pods-Pals/Pods-Pals-frameworks.sh\"\n";
			showEnvVarsInLog = 0;
		};
		B3C08415ECB10D4F8B4851DC /* [CP] Copy Pods Resources */ = {
			isa = PBXShellScriptBuildPhase;
			buildActionMask = 2147483647;
			files = (
			);
			inputPaths = (
			);
			name = "[CP] Copy Pods Resources";
			outputPaths = (
			);
			runOnlyForDeploymentPostprocessing = 0;
			shellPath = /bin/sh;
			shellScript = "\"${SRCROOT}/Pods/Target Support Files/Pods-Pals/Pods-Pals-resources.sh\"\n";
			showEnvVarsInLog = 0;
		};
		F5AB92BEE7FD97B1DE8EBA28 /* [CP] Check Pods Manifest.lock */ = {
			isa = PBXShellScriptBuildPhase;
			buildActionMask = 2147483647;
			files = (
			);
			inputPaths = (
			);
			name = "[CP] Check Pods Manifest.lock";
			outputPaths = (
			);
			runOnlyForDeploymentPostprocessing = 0;
			shellPath = /bin/sh;
			shellScript = "diff \"${PODS_ROOT}/../Podfile.lock\" \"${PODS_ROOT}/Manifest.lock\" > /dev/null\nif [[ $? != 0 ]] ; then\n    cat << EOM\nerror: The sandbox is not in sync with the Podfile.lock. Run 'pod install' or update your CocoaPods installation.\nEOM\n    exit 1\nfi\n";
			showEnvVarsInLog = 0;
		};
/* End PBXShellScriptBuildPhase section */

/* Begin PBXSourcesBuildPhase section */
		D42F53C11D76B497005DEA34 /* Sources */ = {
			isa = PBXSourcesBuildPhase;
			buildActionMask = 2147483647;
			files = (
				D483E89A1D80210600FCD614 /* PLString.swift in Sources */,
				D483E98B1D804A4900FCD614 /* PLProfileCollectionHelper.swift in Sources */,
				D483E88F1D80210600FCD614 /* AppDelegate.swift in Sources */,
				D483E9731D804A4900FCD614 /* PLFriendProfileViewController.swift in Sources */,
				D483E89E1D80210600FCD614 /* PLFakeFeed.swift in Sources */,
				D483E8DD1D80474F00FCD614 /* PLFriendsDatasource.swift in Sources */,
				D483E9791D804A4900FCD614 /* PLOrderBackgroundView.swift in Sources */,
				D483E8911D80210600FCD614 /* PLNetworkManager.swift in Sources */,
				D483E9781D804A4900FCD614 /* PLLoginViewController.swift in Sources */,
				D483E98E1D804A4900FCD614 /* PLProfileHeaderView.swift in Sources */,
				D483E9921D804A4900FCD614 /* PLAddButton.swift in Sources */,
				D483E8941D80210600FCD614 /* PLSettingsManager.swift in Sources */,
				D483E89B1D80210600FCD614 /* PLDrink.swift in Sources */,
				D483E8A21D80210600FCD614 /* PLUser.swift in Sources */,
				D483E8921D80210600FCD614 /* PLPageCollection.swift in Sources */,
				D483E89D1D80210600FCD614 /* PLEvent.swift in Sources */,
				D483E97B1D804A4900FCD614 /* PLOrderDrinkTableViewCell.swift in Sources */,
				D483E8A61D80210600FCD614 /* TGLStackedLayout.m in Sources */,
				D483E8A51D80210600FCD614 /* TGLExposedLayout.m in Sources */,
				D483E8A11D80210600FCD614 /* PLUniqueObject.swift in Sources */,
				D483E8931D80210600FCD614 /* PLProfileManager.swift in Sources */,
				D483E9711D804A4900FCD614 /* PLFriendCell.swift in Sources */,
				D483E8991D80210600FCD614 /* PLStoryboard.swift in Sources */,
				D483E9741D804A4900FCD614 /* PLFriendSearchTableViewCell.swift in Sources */,
				D483E97F1D804A4900FCD614 /* PLOrderViewController.swift in Sources */,
				D483E9951D804C1200FCD614 /* PLSignUpData.swift in Sources */,
				D483E8951D80210600FCD614 /* PLDevice.swift in Sources */,
				D483E9831D804A4900FCD614 /* PLPlaceProfileHeader.swift in Sources */,
				D483E9801D804A4900FCD614 /* PLEventCollectionViewCell.swift in Sources */,
				D483E9881D804A4900FCD614 /* PLPlaceTableViewCell.swift in Sources */,
				D483E9761D804A4900FCD614 /* PLFriendsSearchTableViewController.swift in Sources */,
				D483E8901D80210600FCD614 /* PLFacade.swift in Sources */,
				D483E96E1D804A4900FCD614 /* PLButton.swift in Sources */,
				D483E9931D804A4900FCD614 /* PLSignUpViewController.swift in Sources */,
				D483E9871D804A4900FCD614 /* PLPlacesTableViewController.swift in Sources */,
				D483E89C1D80210600FCD614 /* PLErrors.swift in Sources */,
				D483E9821D804A4900FCD614 /* PLPlaceProfileCollectionViewController.swift in Sources */,
				D483E96D1D804A4900FCD614 /* PLAddFundsViewController.swift in Sources */,
				D483E8A41D80210600FCD614 /* TGLBackgroundProxyView.m in Sources */,
				D483E9751D804A4900FCD614 /* PLFriendsModel.swift in Sources */,
				D483E8A01D80210600FCD614 /* PLPlace.swift in Sources */,
				D483E98C1D804A4900FCD614 /* PLProfileDrinkCollectionViewCell.swift in Sources */,
				D483E96B1D804A4900FCD614 /* PLAddFundsView.swift in Sources */,
				D483E9851D804A4900FCD614 /* PLPlaceProfileSectionHeader.swift in Sources */,
				D483E96F1D804A4900FCD614 /* PLImageView.swift in Sources */,
				D483E9911D804A4900FCD614 /* PLSettingsViewController.swift in Sources */,
				D483E97D1D804A4900FCD614 /* PLOrderOffersView.swift in Sources */,
				D483E8971D80210600FCD614 /* PLNavigationController.swift in Sources */,
				D483E8A71D80210600FCD614 /* TGLStackedViewController.m in Sources */,
				D483E9771D804A4900FCD614 /* PLFriendsTableViewController.swift in Sources */,
				D483E8961D80210600FCD614 /* PLDictionary.swift in Sources */,
				D483E98A1D804A4900FCD614 /* PLSlidingViewController.swift in Sources */,
				D483E89F1D80210600FCD614 /* PLOrder.swift in Sources */,
				D483E9701D804A4900FCD614 /* PLTextField.swift in Sources */,
				D483E9901D804A4900FCD614 /* PLProfileViewController.swift in Sources */,
				D483E9721D804A4900FCD614 /* PLFriendCellData.swift in Sources */,
			);
			runOnlyForDeploymentPostprocessing = 0;
		};
/* End PBXSourcesBuildPhase section */

/* Begin XCBuildConfiguration section */
		D42F53D51D76B497005DEA34 /* Debug */ = {
			isa = XCBuildConfiguration;
			buildSettings = {
				ALWAYS_SEARCH_USER_PATHS = NO;
				CLANG_ANALYZER_NONNULL = YES;
				CLANG_CXX_LANGUAGE_STANDARD = "gnu++0x";
				CLANG_CXX_LIBRARY = "libc++";
				CLANG_ENABLE_MODULES = YES;
				CLANG_ENABLE_OBJC_ARC = YES;
				CLANG_WARN_BOOL_CONVERSION = YES;
				CLANG_WARN_CONSTANT_CONVERSION = YES;
				CLANG_WARN_DIRECT_OBJC_ISA_USAGE = YES_ERROR;
				CLANG_WARN_EMPTY_BODY = YES;
				CLANG_WARN_ENUM_CONVERSION = YES;
				CLANG_WARN_INT_CONVERSION = YES;
				CLANG_WARN_OBJC_ROOT_CLASS = YES_ERROR;
				CLANG_WARN_UNREACHABLE_CODE = YES;
				CLANG_WARN__DUPLICATE_METHOD_MATCH = YES;
				"CODE_SIGN_IDENTITY[sdk=iphoneos*]" = "iPhone Developer";
				COPY_PHASE_STRIP = NO;
				DEBUG_INFORMATION_FORMAT = dwarf;
				ENABLE_STRICT_OBJC_MSGSEND = YES;
				ENABLE_TESTABILITY = YES;
				GCC_C_LANGUAGE_STANDARD = gnu99;
				GCC_DYNAMIC_NO_PIC = NO;
				GCC_NO_COMMON_BLOCKS = YES;
				GCC_OPTIMIZATION_LEVEL = 0;
				GCC_PREPROCESSOR_DEFINITIONS = (
					"DEBUG=1",
					"$(inherited)",
				);
				GCC_WARN_64_TO_32_BIT_CONVERSION = YES;
				GCC_WARN_ABOUT_RETURN_TYPE = YES_ERROR;
				GCC_WARN_UNDECLARED_SELECTOR = YES;
				GCC_WARN_UNINITIALIZED_AUTOS = YES_AGGRESSIVE;
				GCC_WARN_UNUSED_FUNCTION = YES;
				GCC_WARN_UNUSED_VARIABLE = YES;
				IPHONEOS_DEPLOYMENT_TARGET = 9.3;
				MTL_ENABLE_DEBUG_INFO = YES;
				ONLY_ACTIVE_ARCH = YES;
				SDKROOT = iphoneos;
				SWIFT_OPTIMIZATION_LEVEL = "-Onone";
			};
			name = Debug;
		};
		D42F53D61D76B497005DEA34 /* Release */ = {
			isa = XCBuildConfiguration;
			buildSettings = {
				ALWAYS_SEARCH_USER_PATHS = NO;
				CLANG_ANALYZER_NONNULL = YES;
				CLANG_CXX_LANGUAGE_STANDARD = "gnu++0x";
				CLANG_CXX_LIBRARY = "libc++";
				CLANG_ENABLE_MODULES = YES;
				CLANG_ENABLE_OBJC_ARC = YES;
				CLANG_WARN_BOOL_CONVERSION = YES;
				CLANG_WARN_CONSTANT_CONVERSION = YES;
				CLANG_WARN_DIRECT_OBJC_ISA_USAGE = YES_ERROR;
				CLANG_WARN_EMPTY_BODY = YES;
				CLANG_WARN_ENUM_CONVERSION = YES;
				CLANG_WARN_INT_CONVERSION = YES;
				CLANG_WARN_OBJC_ROOT_CLASS = YES_ERROR;
				CLANG_WARN_UNREACHABLE_CODE = YES;
				CLANG_WARN__DUPLICATE_METHOD_MATCH = YES;
				"CODE_SIGN_IDENTITY[sdk=iphoneos*]" = "iPhone Developer";
				COPY_PHASE_STRIP = NO;
				DEBUG_INFORMATION_FORMAT = "dwarf-with-dsym";
				ENABLE_NS_ASSERTIONS = NO;
				ENABLE_STRICT_OBJC_MSGSEND = YES;
				GCC_C_LANGUAGE_STANDARD = gnu99;
				GCC_NO_COMMON_BLOCKS = YES;
				GCC_WARN_64_TO_32_BIT_CONVERSION = YES;
				GCC_WARN_ABOUT_RETURN_TYPE = YES_ERROR;
				GCC_WARN_UNDECLARED_SELECTOR = YES;
				GCC_WARN_UNINITIALIZED_AUTOS = YES_AGGRESSIVE;
				GCC_WARN_UNUSED_FUNCTION = YES;
				GCC_WARN_UNUSED_VARIABLE = YES;
				IPHONEOS_DEPLOYMENT_TARGET = 9.3;
				MTL_ENABLE_DEBUG_INFO = NO;
				SDKROOT = iphoneos;
				VALIDATE_PRODUCT = YES;
			};
			name = Release;
		};
		D42F53D81D76B497005DEA34 /* Debug */ = {
			isa = XCBuildConfiguration;
			baseConfigurationReference = F68B4BF8C8ACD9F362E9AFD7 /* Pods-Pals.debug.xcconfig */;
			buildSettings = {
				ASSETCATALOG_COMPILER_APPICON_NAME = AppIcon;
				CODE_SIGN_IDENTITY = "iPhone Developer";
				"CODE_SIGN_IDENTITY[sdk=iphoneos*]" = "iPhone Developer";
				GCC_PREFIX_HEADER = "";
				INFOPLIST_FILE = "$(SRCROOT)/Pals/Resources/Info.plist";
				IPHONEOS_DEPLOYMENT_TARGET = 8.0;
				LD_RUNPATH_SEARCH_PATHS = "$(inherited) @executable_path/Frameworks";
				PRODUCT_BUNDLE_IDENTIFIER = com.citirex.Pals;
				PRODUCT_NAME = "$(TARGET_NAME)";
				PROVISIONING_PROFILE = "de5f0ce2-2b43-473b-acf1-ebd2d9ee525e";
				SWIFT_OBJC_BRIDGING_HEADER = "$(SRCROOT)/Pals/Classes/Pals-Bridging-Header.h";
			};
			name = Debug;
		};
		D42F53D91D76B497005DEA34 /* Release */ = {
			isa = XCBuildConfiguration;
			baseConfigurationReference = 590973F66E3E7966FD0200FE /* Pods-Pals.release.xcconfig */;
			buildSettings = {
				ASSETCATALOG_COMPILER_APPICON_NAME = AppIcon;
				CODE_SIGN_IDENTITY = "iPhone Developer";
				"CODE_SIGN_IDENTITY[sdk=iphoneos*]" = "iPhone Developer";
				GCC_PREFIX_HEADER = "";
				INFOPLIST_FILE = "$(SRCROOT)/Pals/Resources/Info.plist";
				IPHONEOS_DEPLOYMENT_TARGET = 8.0;
				LD_RUNPATH_SEARCH_PATHS = "$(inherited) @executable_path/Frameworks";
				PRODUCT_BUNDLE_IDENTIFIER = com.citirex.Pals;
				PRODUCT_NAME = "$(TARGET_NAME)";
				PROVISIONING_PROFILE = "de5f0ce2-2b43-473b-acf1-ebd2d9ee525e";
				SWIFT_OBJC_BRIDGING_HEADER = "$(SRCROOT)/Pals/Classes/Pals-Bridging-Header.h";
			};
			name = Release;
		};
/* End XCBuildConfiguration section */

/* Begin XCConfigurationList section */
		D42F53C01D76B497005DEA34 /* Build configuration list for PBXProject "Pals" */ = {
			isa = XCConfigurationList;
			buildConfigurations = (
				D42F53D51D76B497005DEA34 /* Debug */,
				D42F53D61D76B497005DEA34 /* Release */,
			);
			defaultConfigurationIsVisible = 0;
			defaultConfigurationName = Release;
		};
		D42F53D71D76B497005DEA34 /* Build configuration list for PBXNativeTarget "Pals" */ = {
			isa = XCConfigurationList;
			buildConfigurations = (
				D42F53D81D76B497005DEA34 /* Debug */,
				D42F53D91D76B497005DEA34 /* Release */,
			);
			defaultConfigurationIsVisible = 0;
			defaultConfigurationName = Release;
		};
/* End XCConfigurationList section */
	};
	rootObject = D42F53BD1D76B497005DEA34 /* Project object */;
}
