// !$*UTF8*$!
{
	archiveVersion = 1;
	classes = {
	};
	objectVersion = 46;
	objects = {

/* Begin PBXBuildFile section */
		04532A591D7EBC530027FB31 /* PLFriendsSearchTableViewController.swift in Sources */ = {isa = PBXBuildFile; fileRef = 04532A581D7EBC530027FB31 /* PLFriendsSearchTableViewController.swift */; };
		045772871D7D744D004D5B0C /* PLFriendCell.swift in Sources */ = {isa = PBXBuildFile; fileRef = 045772831D7D744D004D5B0C /* PLFriendCell.swift */; };
		045772891D7D744D004D5B0C /* PLFriendsModel.swift in Sources */ = {isa = PBXBuildFile; fileRef = 045772851D7D744D004D5B0C /* PLFriendsModel.swift */; };
		0457728A1D7D744D004D5B0C /* PLFriendsTableViewController.swift in Sources */ = {isa = PBXBuildFile; fileRef = 045772861D7D744D004D5B0C /* PLFriendsTableViewController.swift */; };
		240ACB231D784BE000C8DD0E /* PLProfileCollectionHelper.swift in Sources */ = {isa = PBXBuildFile; fileRef = 240ACB221D784BE000C8DD0E /* PLProfileCollectionHelper.swift */; };
		241969251D7EB3AC006B371F /* PLSlidingViewController.swift in Sources */ = {isa = PBXBuildFile; fileRef = 241969241D7EB3AC006B371F /* PLSlidingViewController.swift */; };
		24788D551D7D72D9007BA3C3 /* PLDevice.swift in Sources */ = {isa = PBXBuildFile; fileRef = 24788D541D7D72D9007BA3C3 /* PLDevice.swift */; };
		24788D581D7D9CCC007BA3C3 /* PLOrderViewController.swift in Sources */ = {isa = PBXBuildFile; fileRef = 24788D571D7D9CCC007BA3C3 /* PLOrderViewController.swift */; };
		24788D5D1D7DABDB007BA3C3 /* PLOrderBackgroundView.swift in Sources */ = {isa = PBXBuildFile; fileRef = 24788D5C1D7DABDB007BA3C3 /* PLOrderBackgroundView.swift */; };
		24788D5F1D7DABED007BA3C3 /* PLOrderBackgroundView.xib in Resources */ = {isa = PBXBuildFile; fileRef = 24788D5E1D7DABED007BA3C3 /* PLOrderBackgroundView.xib */; };
		24788D611D7E9A28007BA3C3 /* PLOrderOffersView.swift in Sources */ = {isa = PBXBuildFile; fileRef = 24788D601D7E9A28007BA3C3 /* PLOrderOffersView.swift */; };
		24788D631D7E9A41007BA3C3 /* PLOrderOffersView.xib in Resources */ = {isa = PBXBuildFile; fileRef = 24788D621D7E9A41007BA3C3 /* PLOrderOffersView.xib */; };
		2483B27D1D79C0E600E312C0 /* PLAddFundsViewController.swift in Sources */ = {isa = PBXBuildFile; fileRef = 2483B27C1D79C0E600E312C0 /* PLAddFundsViewController.swift */; };
		2483B27F1D79C27400E312C0 /* PLAddFundsView.swift in Sources */ = {isa = PBXBuildFile; fileRef = 2483B27E1D79C27400E312C0 /* PLAddFundsView.swift */; };
		2483B2811D79C29800E312C0 /* PLAddFundsView.xib in Resources */ = {isa = PBXBuildFile; fileRef = 2483B2801D79C29800E312C0 /* PLAddFundsView.xib */; };
		24BB0C701D77249000B691D1 /* TGLBackgroundProxyView.m in Sources */ = {isa = PBXBuildFile; fileRef = 24BB0C6F1D77249000B691D1 /* TGLBackgroundProxyView.m */; };
		24BB0C721D77272600B691D1 /* PLProfileHeaderView.swift in Sources */ = {isa = PBXBuildFile; fileRef = 24BB0C711D77272600B691D1 /* PLProfileHeaderView.swift */; };
		24CBED3D1D76D6080028E5E3 /* PLProfileViewController.swift in Sources */ = {isa = PBXBuildFile; fileRef = 24CBED3C1D76D6080028E5E3 /* PLProfileViewController.swift */; };
		24CD9CDC1D77079300247FE8 /* TGLExposedLayout.m in Sources */ = {isa = PBXBuildFile; fileRef = 24CD9CD71D77079300247FE8 /* TGLExposedLayout.m */; };
		24CD9CDD1D77079300247FE8 /* TGLStackedLayout.m in Sources */ = {isa = PBXBuildFile; fileRef = 24CD9CD91D77079300247FE8 /* TGLStackedLayout.m */; };
		24CD9CDE1D77079300247FE8 /* TGLStackedViewController.m in Sources */ = {isa = PBXBuildFile; fileRef = 24CD9CDB1D77079300247FE8 /* TGLStackedViewController.m */; };
		24CD9CE31D77102D00247FE8 /* PLProfileDrinkCollectionViewCell.swift in Sources */ = {isa = PBXBuildFile; fileRef = 24CD9CE21D77102D00247FE8 /* PLProfileDrinkCollectionViewCell.swift */; };
		D42F53C91D76B497005DEA34 /* AppDelegate.swift in Sources */ = {isa = PBXBuildFile; fileRef = D42F53C81D76B497005DEA34 /* AppDelegate.swift */; };
		D42F53CE1D76B497005DEA34 /* Main.storyboard in Resources */ = {isa = PBXBuildFile; fileRef = D42F53CC1D76B497005DEA34 /* Main.storyboard */; };
		D42F53D01D76B497005DEA34 /* Assets.xcassets in Resources */ = {isa = PBXBuildFile; fileRef = D42F53CF1D76B497005DEA34 /* Assets.xcassets */; };
		D42F53D31D76B497005DEA34 /* LaunchScreen.storyboard in Resources */ = {isa = PBXBuildFile; fileRef = D42F53D11D76B497005DEA34 /* LaunchScreen.storyboard */; };
		D42F53DE1D76C5B7005DEA34 /* PLLoginViewController.swift in Sources */ = {isa = PBXBuildFile; fileRef = D42F53DD1D76C5B7005DEA34 /* PLLoginViewController.swift */; };
		D42F53E01D76CABE005DEA34 /* PLUniqueObject.swift in Sources */ = {isa = PBXBuildFile; fileRef = D42F53DF1D76CABE005DEA34 /* PLUniqueObject.swift */; };
		D42F53E21D76CBFD005DEA34 /* PLUser.swift in Sources */ = {isa = PBXBuildFile; fileRef = D42F53E11D76CBFD005DEA34 /* PLUser.swift */; };
		D42F53E51D76D344005DEA34 /* PLDictionary.swift in Sources */ = {isa = PBXBuildFile; fileRef = D42F53E41D76D344005DEA34 /* PLDictionary.swift */; };
		D48390951D78236F00990E83 /* PLFacade.swift in Sources */ = {isa = PBXBuildFile; fileRef = D48390941D78236F00990E83 /* PLFacade.swift */; };
		D48390971D7826FD00990E83 /* PLNetworkManager.swift in Sources */ = {isa = PBXBuildFile; fileRef = D48390961D7826FD00990E83 /* PLNetworkManager.swift */; };
		D48390991D782E4500990E83 /* PLProfileManager.swift in Sources */ = {isa = PBXBuildFile; fileRef = D48390981D782E4500990E83 /* PLProfileManager.swift */; };
		D483909E1D78672700990E83 /* config.plist in Resources */ = {isa = PBXBuildFile; fileRef = D483909B1D78672700990E83 /* config.plist */; };
		D483909F1D78672700990E83 /* login.json in Resources */ = {isa = PBXBuildFile; fileRef = D483909D1D78672700990E83 /* login.json */; };
		D48390A11D78681B00990E83 /* PLSettingsManager.swift in Sources */ = {isa = PBXBuildFile; fileRef = D48390A01D78681B00990E83 /* PLSettingsManager.swift */; };
		D48390A31D786ABE00990E83 /* PLFakeFeed.swift in Sources */ = {isa = PBXBuildFile; fileRef = D48390A21D786ABE00990E83 /* PLFakeFeed.swift */; };
		D48390A51D787D3B00990E83 /* PLErrors.swift in Sources */ = {isa = PBXBuildFile; fileRef = D48390A41D787D3B00990E83 /* PLErrors.swift */; };
		D48390A71D79746C00990E83 /* PLSignUpHelpers.swift in Sources */ = {isa = PBXBuildFile; fileRef = D48390A61D79746C00990E83 /* PLSignUpHelpers.swift */; };
		D483E1301D79A64400FCD614 /* signup.json in Resources */ = {isa = PBXBuildFile; fileRef = D483E12F1D79A64400FCD614 /* signup.json */; };
		D483E1321D79BC2A00FCD614 /* sendpassword.json in Resources */ = {isa = PBXBuildFile; fileRef = D483E1311D79BC2A00FCD614 /* sendpassword.json */; };
		D483E1341D79CBBA00FCD614 /* PLPlace.swift in Sources */ = {isa = PBXBuildFile; fileRef = D483E1331D79CBBA00FCD614 /* PLPlace.swift */; };
		D483E1361D79CC0F00FCD614 /* PLDrink.swift in Sources */ = {isa = PBXBuildFile; fileRef = D483E1351D79CC0F00FCD614 /* PLDrink.swift */; };
		D483E1381D79CC2900FCD614 /* PLEvent.swift in Sources */ = {isa = PBXBuildFile; fileRef = D483E1371D79CC2900FCD614 /* PLEvent.swift */; };
		D483E13A1D79CDAA00FCD614 /* PLOrder.swift in Sources */ = {isa = PBXBuildFile; fileRef = D483E1391D79CDAA00FCD614 /* PLOrder.swift */; };
		DC5EA978C0138C7F424C113C /* Pods_Pals.framework in Frameworks */ = {isa = PBXBuildFile; fileRef = 3E1097158C5C13F1394D646D /* Pods_Pals.framework */; };
		E80607231D7EFB2A001C0D81 /* PLPlaceProfileCollectionViewController.swift in Sources */ = {isa = PBXBuildFile; fileRef = E80607221D7EFB2A001C0D81 /* PLPlaceProfileCollectionViewController.swift */; };
		E80607271D7EFFB8001C0D81 /* PLEventCollectionViewCell.swift in Sources */ = {isa = PBXBuildFile; fileRef = E80607251D7EFFB8001C0D81 /* PLEventCollectionViewCell.swift */; };
		E80607281D7EFFB8001C0D81 /* PLEventCollectionViewCell.xib in Resources */ = {isa = PBXBuildFile; fileRef = E80607261D7EFFB8001C0D81 /* PLEventCollectionViewCell.xib */; };
		E806072C1D7F003B001C0D81 /* PLPlaceProfileHeader.swift in Sources */ = {isa = PBXBuildFile; fileRef = E806072A1D7F003B001C0D81 /* PLPlaceProfileHeader.swift */; };
		E806072D1D7F003B001C0D81 /* PLPlaceProfileHeader.xib in Resources */ = {isa = PBXBuildFile; fileRef = E806072B1D7F003B001C0D81 /* PLPlaceProfileHeader.xib */; };
		E80607301D7F00E4001C0D81 /* PLPlaceProfileSectionHeader.swift in Sources */ = {isa = PBXBuildFile; fileRef = E806072E1D7F00E4001C0D81 /* PLPlaceProfileSectionHeader.swift */; };
		E80607311D7F00E4001C0D81 /* PLPlaceProfileSectionHeader.xib in Resources */ = {isa = PBXBuildFile; fileRef = E806072F1D7F00E4001C0D81 /* PLPlaceProfileSectionHeader.xib */; };
		E84DB4211D79D97F00B16166 /* PLStoryboard.swift in Sources */ = {isa = PBXBuildFile; fileRef = E84DB41F1D79D97F00B16166 /* PLStoryboard.swift */; };
		E84DB4221D79D97F00B16166 /* PLString.swift in Sources */ = {isa = PBXBuildFile; fileRef = E84DB4201D79D97F00B16166 /* PLString.swift */; };
		E857F02B1D7801E90020B981 /* PLProfileDrinkCollectionViewCell.xib in Resources */ = {isa = PBXBuildFile; fileRef = E857F0291D7801E90020B981 /* PLProfileDrinkCollectionViewCell.xib */; };
		E857F02C1D7801E90020B981 /* PLProfileHeaderView.xib in Resources */ = {isa = PBXBuildFile; fileRef = E857F02A1D7801E90020B981 /* PLProfileHeaderView.xib */; };
		E857F0331D7802180020B981 /* PLAddButton.swift in Sources */ = {isa = PBXBuildFile; fileRef = E857F02E1D7802180020B981 /* PLAddButton.swift */; };
		E857F0341D7802180020B981 /* PLButton.swift in Sources */ = {isa = PBXBuildFile; fileRef = E857F02F1D7802180020B981 /* PLButton.swift */; };
		E857F0361D7802180020B981 /* PLSignUpViewController.swift in Sources */ = {isa = PBXBuildFile; fileRef = E857F0311D7802180020B981 /* PLSignUpViewController.swift */; };
		E857F0371D7802180020B981 /* PLTextField.swift in Sources */ = {isa = PBXBuildFile; fileRef = E857F0321D7802180020B981 /* PLTextField.swift */; };
		E8BCCEC51D7D761E00A1AB85 /* PLFriendProfileViewController.swift in Sources */ = {isa = PBXBuildFile; fileRef = E8BCCEC41D7D761E00A1AB85 /* PLFriendProfileViewController.swift */; };
		E8BCCEC71D7D918800A1AB85 /* PLPlacesTableViewController.swift in Sources */ = {isa = PBXBuildFile; fileRef = E8BCCEC61D7D918800A1AB85 /* PLPlacesTableViewController.swift */; };
		E8BCCECB1D7D95EB00A1AB85 /* PLPlaceTableViewCell.swift in Sources */ = {isa = PBXBuildFile; fileRef = E8BCCEC91D7D95EB00A1AB85 /* PLPlaceTableViewCell.swift */; };
		E8BCCECC1D7D95EB00A1AB85 /* PLPlaceTableViewCell.xib in Resources */ = {isa = PBXBuildFile; fileRef = E8BCCECA1D7D95EB00A1AB85 /* PLPlaceTableViewCell.xib */; };
		E8DBCECC1D7B13D1003727C7 /* PLSettingsTableViewController.swift in Sources */ = {isa = PBXBuildFile; fileRef = E8DBCECB1D7B13D1003727C7 /* PLSettingsTableViewController.swift */; };
		E8DBCEDB1D7C3D09003727C7 /* PLNavigationController.swift in Sources */ = {isa = PBXBuildFile; fileRef = E8DBCEDA1D7C3D09003727C7 /* PLNavigationController.swift */; };
		E8DBCEDD1D7C3D5C003727C7 /* PLImageView.swift in Sources */ = {isa = PBXBuildFile; fileRef = E8DBCEDC1D7C3D5C003727C7 /* PLImageView.swift */; };
/* End PBXBuildFile section */

/* Begin PBXFileReference section */
		04532A581D7EBC530027FB31 /* PLFriendsSearchTableViewController.swift */ = {isa = PBXFileReference; fileEncoding = 4; lastKnownFileType = sourcecode.swift; name = PLFriendsSearchTableViewController.swift; path = Classes/UI/PLFriendsSearchTableViewController.swift; sourceTree = "<group>"; };
		045772831D7D744D004D5B0C /* PLFriendCell.swift */ = {isa = PBXFileReference; fileEncoding = 4; lastKnownFileType = sourcecode.swift; name = PLFriendCell.swift; path = Classes/UI/PLFriendCell.swift; sourceTree = "<group>"; };
		045772851D7D744D004D5B0C /* PLFriendsModel.swift */ = {isa = PBXFileReference; fileEncoding = 4; lastKnownFileType = sourcecode.swift; name = PLFriendsModel.swift; path = Classes/UI/PLFriendsModel.swift; sourceTree = "<group>"; };
		045772861D7D744D004D5B0C /* PLFriendsTableViewController.swift */ = {isa = PBXFileReference; fileEncoding = 4; lastKnownFileType = sourcecode.swift; name = PLFriendsTableViewController.swift; path = Classes/UI/PLFriendsTableViewController.swift; sourceTree = "<group>"; };
		240ACB221D784BE000C8DD0E /* PLProfileCollectionHelper.swift */ = {isa = PBXFileReference; fileEncoding = 4; lastKnownFileType = sourcecode.swift; path = PLProfileCollectionHelper.swift; sourceTree = "<group>"; };
		241969241D7EB3AC006B371F /* PLSlidingViewController.swift */ = {isa = PBXFileReference; fileEncoding = 4; lastKnownFileType = sourcecode.swift; name = PLSlidingViewController.swift; path = Classes/UI/PLSlidingViewController.swift; sourceTree = "<group>"; };
		24788D541D7D72D9007BA3C3 /* PLDevice.swift */ = {isa = PBXFileReference; fileEncoding = 4; lastKnownFileType = sourcecode.swift; name = PLDevice.swift; path = Classes/Extensions/PLDevice.swift; sourceTree = "<group>"; };
		24788D571D7D9CCC007BA3C3 /* PLOrderViewController.swift */ = {isa = PBXFileReference; fileEncoding = 4; lastKnownFileType = sourcecode.swift; name = PLOrderViewController.swift; path = Classes/UI/PLOrderViewController.swift; sourceTree = "<group>"; };
		24788D5C1D7DABDB007BA3C3 /* PLOrderBackgroundView.swift */ = {isa = PBXFileReference; fileEncoding = 4; lastKnownFileType = sourcecode.swift; name = PLOrderBackgroundView.swift; path = Classes/UI/PLOrderBackgroundView.swift; sourceTree = "<group>"; };
		24788D5E1D7DABED007BA3C3 /* PLOrderBackgroundView.xib */ = {isa = PBXFileReference; fileEncoding = 4; lastKnownFileType = file.xib; name = PLOrderBackgroundView.xib; path = Classes/UI/PLOrderBackgroundView.xib; sourceTree = "<group>"; };
		24788D601D7E9A28007BA3C3 /* PLOrderOffersView.swift */ = {isa = PBXFileReference; fileEncoding = 4; lastKnownFileType = sourcecode.swift; name = PLOrderOffersView.swift; path = Classes/UI/PLOrderOffersView.swift; sourceTree = "<group>"; };
		24788D621D7E9A41007BA3C3 /* PLOrderOffersView.xib */ = {isa = PBXFileReference; fileEncoding = 4; lastKnownFileType = file.xib; name = PLOrderOffersView.xib; path = Classes/UI/PLOrderOffersView.xib; sourceTree = "<group>"; };
		2483B27C1D79C0E600E312C0 /* PLAddFundsViewController.swift */ = {isa = PBXFileReference; fileEncoding = 4; lastKnownFileType = sourcecode.swift; name = PLAddFundsViewController.swift; path = Classes/UI/PLAddFundsViewController.swift; sourceTree = "<group>"; };
		2483B27E1D79C27400E312C0 /* PLAddFundsView.swift */ = {isa = PBXFileReference; fileEncoding = 4; lastKnownFileType = sourcecode.swift; name = PLAddFundsView.swift; path = Classes/UI/PLAddFundsView.swift; sourceTree = "<group>"; };
		2483B2801D79C29800E312C0 /* PLAddFundsView.xib */ = {isa = PBXFileReference; fileEncoding = 4; lastKnownFileType = file.xib; name = PLAddFundsView.xib; path = Classes/UI/PLAddFundsView.xib; sourceTree = "<group>"; };
		24BB0C6E1D77249000B691D1 /* TGLBackgroundProxyView.h */ = {isa = PBXFileReference; fileEncoding = 4; lastKnownFileType = sourcecode.c.h; path = TGLBackgroundProxyView.h; sourceTree = "<group>"; };
		24BB0C6F1D77249000B691D1 /* TGLBackgroundProxyView.m */ = {isa = PBXFileReference; fileEncoding = 4; lastKnownFileType = sourcecode.c.objc; path = TGLBackgroundProxyView.m; sourceTree = "<group>"; };
		24BB0C711D77272600B691D1 /* PLProfileHeaderView.swift */ = {isa = PBXFileReference; fileEncoding = 4; lastKnownFileType = sourcecode.swift; name = PLProfileHeaderView.swift; path = Classes/UI/PLProfileHeaderView.swift; sourceTree = "<group>"; };
		24CBED3C1D76D6080028E5E3 /* PLProfileViewController.swift */ = {isa = PBXFileReference; fileEncoding = 4; lastKnownFileType = sourcecode.swift; name = PLProfileViewController.swift; path = Classes/UI/PLProfileViewController.swift; sourceTree = "<group>"; };
		24CD9CD71D77079300247FE8 /* TGLExposedLayout.m */ = {isa = PBXFileReference; fileEncoding = 4; lastKnownFileType = sourcecode.c.objc; path = TGLExposedLayout.m; sourceTree = "<group>"; };
		24CD9CD81D77079300247FE8 /* TGLStackedLayout.h */ = {isa = PBXFileReference; fileEncoding = 4; lastKnownFileType = sourcecode.c.h; path = TGLStackedLayout.h; sourceTree = "<group>"; };
		24CD9CD91D77079300247FE8 /* TGLStackedLayout.m */ = {isa = PBXFileReference; fileEncoding = 4; lastKnownFileType = sourcecode.c.objc; path = TGLStackedLayout.m; sourceTree = "<group>"; };
		24CD9CDA1D77079300247FE8 /* TGLStackedViewController.h */ = {isa = PBXFileReference; fileEncoding = 4; lastKnownFileType = sourcecode.c.h; path = TGLStackedViewController.h; sourceTree = "<group>"; };
		24CD9CDB1D77079300247FE8 /* TGLStackedViewController.m */ = {isa = PBXFileReference; fileEncoding = 4; lastKnownFileType = sourcecode.c.objc; path = TGLStackedViewController.m; sourceTree = "<group>"; };
		24CD9CDF1D77085600247FE8 /* TGLExposedLayout.h */ = {isa = PBXFileReference; lastKnownFileType = sourcecode.c.h; path = TGLExposedLayout.h; sourceTree = "<group>"; };
		24CD9CE01D77097000247FE8 /* Pals-Bridging-Header.h */ = {isa = PBXFileReference; lastKnownFileType = sourcecode.c.h; path = "Pals-Bridging-Header.h"; sourceTree = "<group>"; };
		24CD9CE21D77102D00247FE8 /* PLProfileDrinkCollectionViewCell.swift */ = {isa = PBXFileReference; fileEncoding = 4; lastKnownFileType = sourcecode.swift; name = PLProfileDrinkCollectionViewCell.swift; path = Classes/UI/PLProfileDrinkCollectionViewCell.swift; sourceTree = "<group>"; };
		3E1097158C5C13F1394D646D /* Pods_Pals.framework */ = {isa = PBXFileReference; explicitFileType = wrapper.framework; includeInIndex = 0; path = Pods_Pals.framework; sourceTree = BUILT_PRODUCTS_DIR; };
		590973F66E3E7966FD0200FE /* Pods-Pals.release.xcconfig */ = {isa = PBXFileReference; includeInIndex = 1; lastKnownFileType = text.xcconfig; name = "Pods-Pals.release.xcconfig"; path = "Pods/Target Support Files/Pods-Pals/Pods-Pals.release.xcconfig"; sourceTree = "<group>"; };
		D42F53C51D76B497005DEA34 /* Pals.app */ = {isa = PBXFileReference; explicitFileType = wrapper.application; includeInIndex = 0; path = Pals.app; sourceTree = BUILT_PRODUCTS_DIR; };
		D42F53C81D76B497005DEA34 /* AppDelegate.swift */ = {isa = PBXFileReference; lastKnownFileType = sourcecode.swift; path = AppDelegate.swift; sourceTree = "<group>"; };
		D42F53CD1D76B497005DEA34 /* Base */ = {isa = PBXFileReference; lastKnownFileType = file.storyboard; name = Base; path = Base.lproj/Main.storyboard; sourceTree = "<group>"; };
		D42F53CF1D76B497005DEA34 /* Assets.xcassets */ = {isa = PBXFileReference; lastKnownFileType = folder.assetcatalog; path = Assets.xcassets; sourceTree = "<group>"; };
		D42F53D21D76B497005DEA34 /* Base */ = {isa = PBXFileReference; lastKnownFileType = file.storyboard; name = Base; path = Base.lproj/LaunchScreen.storyboard; sourceTree = "<group>"; };
		D42F53D41D76B497005DEA34 /* Info.plist */ = {isa = PBXFileReference; lastKnownFileType = text.plist.xml; path = Info.plist; sourceTree = "<group>"; };
		D42F53DD1D76C5B7005DEA34 /* PLLoginViewController.swift */ = {isa = PBXFileReference; fileEncoding = 4; lastKnownFileType = sourcecode.swift; name = PLLoginViewController.swift; path = Classes/UI/PLLoginViewController.swift; sourceTree = "<group>"; };
		D42F53DF1D76CABE005DEA34 /* PLUniqueObject.swift */ = {isa = PBXFileReference; fileEncoding = 4; lastKnownFileType = sourcecode.swift; name = PLUniqueObject.swift; path = Classes/Model/PLUniqueObject.swift; sourceTree = "<group>"; };
		D42F53E11D76CBFD005DEA34 /* PLUser.swift */ = {isa = PBXFileReference; fileEncoding = 4; lastKnownFileType = sourcecode.swift; name = PLUser.swift; path = Classes/Model/PLUser.swift; sourceTree = "<group>"; };
		D42F53E41D76D344005DEA34 /* PLDictionary.swift */ = {isa = PBXFileReference; fileEncoding = 4; lastKnownFileType = sourcecode.swift; name = PLDictionary.swift; path = Classes/Extensions/PLDictionary.swift; sourceTree = "<group>"; };
		D48390941D78236F00990E83 /* PLFacade.swift */ = {isa = PBXFileReference; fileEncoding = 4; lastKnownFileType = sourcecode.swift; name = PLFacade.swift; path = Classes/Business/PLFacade.swift; sourceTree = "<group>"; };
		D48390961D7826FD00990E83 /* PLNetworkManager.swift */ = {isa = PBXFileReference; fileEncoding = 4; lastKnownFileType = sourcecode.swift; name = PLNetworkManager.swift; path = Classes/Business/PLNetworkManager.swift; sourceTree = "<group>"; };
		D48390981D782E4500990E83 /* PLProfileManager.swift */ = {isa = PBXFileReference; fileEncoding = 4; lastKnownFileType = sourcecode.swift; name = PLProfileManager.swift; path = Classes/Business/PLProfileManager.swift; sourceTree = "<group>"; };
		D483909B1D78672700990E83 /* config.plist */ = {isa = PBXFileReference; lastKnownFileType = text.plist; path = config.plist; sourceTree = "<group>"; };
		D483909D1D78672700990E83 /* login.json */ = {isa = PBXFileReference; fileEncoding = 4; lastKnownFileType = text.json; path = login.json; sourceTree = "<group>"; };
		D48390A01D78681B00990E83 /* PLSettingsManager.swift */ = {isa = PBXFileReference; fileEncoding = 4; lastKnownFileType = sourcecode.swift; name = PLSettingsManager.swift; path = Classes/Business/PLSettingsManager.swift; sourceTree = "<group>"; };
		D48390A21D786ABE00990E83 /* PLFakeFeed.swift */ = {isa = PBXFileReference; fileEncoding = 4; lastKnownFileType = sourcecode.swift; name = PLFakeFeed.swift; path = Classes/Model/PLFakeFeed.swift; sourceTree = "<group>"; };
		D48390A41D787D3B00990E83 /* PLErrors.swift */ = {isa = PBXFileReference; fileEncoding = 4; lastKnownFileType = sourcecode.swift; name = PLErrors.swift; path = Classes/Model/PLErrors.swift; sourceTree = "<group>"; };
		D48390A61D79746C00990E83 /* PLSignUpHelpers.swift */ = {isa = PBXFileReference; fileEncoding = 4; lastKnownFileType = sourcecode.swift; name = PLSignUpHelpers.swift; path = Classes/Extensions/PLSignUpHelpers.swift; sourceTree = "<group>"; };
		D483E12F1D79A64400FCD614 /* signup.json */ = {isa = PBXFileReference; fileEncoding = 4; lastKnownFileType = text.json; path = signup.json; sourceTree = "<group>"; };
		D483E1311D79BC2A00FCD614 /* sendpassword.json */ = {isa = PBXFileReference; fileEncoding = 4; lastKnownFileType = text.json; path = sendpassword.json; sourceTree = "<group>"; };
		D483E1331D79CBBA00FCD614 /* PLPlace.swift */ = {isa = PBXFileReference; fileEncoding = 4; lastKnownFileType = sourcecode.swift; name = PLPlace.swift; path = Classes/Model/PLPlace.swift; sourceTree = "<group>"; };
		D483E1351D79CC0F00FCD614 /* PLDrink.swift */ = {isa = PBXFileReference; fileEncoding = 4; lastKnownFileType = sourcecode.swift; name = PLDrink.swift; path = Classes/Model/PLDrink.swift; sourceTree = "<group>"; };
		D483E1371D79CC2900FCD614 /* PLEvent.swift */ = {isa = PBXFileReference; fileEncoding = 4; lastKnownFileType = sourcecode.swift; name = PLEvent.swift; path = Classes/Model/PLEvent.swift; sourceTree = "<group>"; };
		D483E1391D79CDAA00FCD614 /* PLOrder.swift */ = {isa = PBXFileReference; fileEncoding = 4; lastKnownFileType = sourcecode.swift; name = PLOrder.swift; path = Classes/Model/PLOrder.swift; sourceTree = "<group>"; };
		E80607221D7EFB2A001C0D81 /* PLPlaceProfileCollectionViewController.swift */ = {isa = PBXFileReference; fileEncoding = 4; lastKnownFileType = sourcecode.swift; name = PLPlaceProfileCollectionViewController.swift; path = Classes/UI/PLPlaceProfileCollectionViewController.swift; sourceTree = "<group>"; };
		E80607251D7EFFB8001C0D81 /* PLEventCollectionViewCell.swift */ = {isa = PBXFileReference; fileEncoding = 4; lastKnownFileType = sourcecode.swift; name = PLEventCollectionViewCell.swift; path = Classes/UI/PLEventCollectionViewCell.swift; sourceTree = "<group>"; };
		E80607261D7EFFB8001C0D81 /* PLEventCollectionViewCell.xib */ = {isa = PBXFileReference; fileEncoding = 4; lastKnownFileType = file.xib; name = PLEventCollectionViewCell.xib; path = Classes/UI/PLEventCollectionViewCell.xib; sourceTree = "<group>"; };
		E806072A1D7F003B001C0D81 /* PLPlaceProfileHeader.swift */ = {isa = PBXFileReference; fileEncoding = 4; lastKnownFileType = sourcecode.swift; name = PLPlaceProfileHeader.swift; path = Classes/UI/PLPlaceProfileHeader.swift; sourceTree = "<group>"; };
		E806072B1D7F003B001C0D81 /* PLPlaceProfileHeader.xib */ = {isa = PBXFileReference; fileEncoding = 4; lastKnownFileType = file.xib; name = PLPlaceProfileHeader.xib; path = Classes/UI/PLPlaceProfileHeader.xib; sourceTree = "<group>"; };
		E806072E1D7F00E4001C0D81 /* PLPlaceProfileSectionHeader.swift */ = {isa = PBXFileReference; fileEncoding = 4; lastKnownFileType = sourcecode.swift; name = PLPlaceProfileSectionHeader.swift; path = Classes/UI/PLPlaceProfileSectionHeader.swift; sourceTree = "<group>"; };
		E806072F1D7F00E4001C0D81 /* PLPlaceProfileSectionHeader.xib */ = {isa = PBXFileReference; fileEncoding = 4; lastKnownFileType = file.xib; name = PLPlaceProfileSectionHeader.xib; path = Classes/UI/PLPlaceProfileSectionHeader.xib; sourceTree = "<group>"; };
		E84DB41F1D79D97F00B16166 /* PLStoryboard.swift */ = {isa = PBXFileReference; fileEncoding = 4; lastKnownFileType = sourcecode.swift; name = PLStoryboard.swift; path = Classes/Extensions/PLStoryboard.swift; sourceTree = "<group>"; };
		E84DB4201D79D97F00B16166 /* PLString.swift */ = {isa = PBXFileReference; fileEncoding = 4; lastKnownFileType = sourcecode.swift; name = PLString.swift; path = Classes/Extensions/PLString.swift; sourceTree = "<group>"; };
		E857F0291D7801E90020B981 /* PLProfileDrinkCollectionViewCell.xib */ = {isa = PBXFileReference; fileEncoding = 4; lastKnownFileType = file.xib; name = PLProfileDrinkCollectionViewCell.xib; path = Classes/UI/PLProfileDrinkCollectionViewCell.xib; sourceTree = "<group>"; };
		E857F02A1D7801E90020B981 /* PLProfileHeaderView.xib */ = {isa = PBXFileReference; fileEncoding = 4; lastKnownFileType = file.xib; name = PLProfileHeaderView.xib; path = Classes/UI/PLProfileHeaderView.xib; sourceTree = "<group>"; };
		E857F02E1D7802180020B981 /* PLAddButton.swift */ = {isa = PBXFileReference; fileEncoding = 4; lastKnownFileType = sourcecode.swift; name = PLAddButton.swift; path = Classes/UI/PLAddButton.swift; sourceTree = "<group>"; };
		E857F02F1D7802180020B981 /* PLButton.swift */ = {isa = PBXFileReference; fileEncoding = 4; lastKnownFileType = sourcecode.swift; name = PLButton.swift; path = Classes/UI/PLButton.swift; sourceTree = "<group>"; };
		E857F0311D7802180020B981 /* PLSignUpViewController.swift */ = {isa = PBXFileReference; fileEncoding = 4; lastKnownFileType = sourcecode.swift; name = PLSignUpViewController.swift; path = Classes/UI/PLSignUpViewController.swift; sourceTree = "<group>"; };
		E857F0321D7802180020B981 /* PLTextField.swift */ = {isa = PBXFileReference; fileEncoding = 4; lastKnownFileType = sourcecode.swift; name = PLTextField.swift; path = Classes/UI/PLTextField.swift; sourceTree = "<group>"; };
		E8BCCEC41D7D761E00A1AB85 /* PLFriendProfileViewController.swift */ = {isa = PBXFileReference; fileEncoding = 4; lastKnownFileType = sourcecode.swift; name = PLFriendProfileViewController.swift; path = Classes/UI/PLFriendProfileViewController.swift; sourceTree = "<group>"; };
		E8BCCEC61D7D918800A1AB85 /* PLPlacesTableViewController.swift */ = {isa = PBXFileReference; fileEncoding = 4; lastKnownFileType = sourcecode.swift; name = PLPlacesTableViewController.swift; path = Classes/UI/PLPlacesTableViewController.swift; sourceTree = "<group>"; };
		E8BCCEC91D7D95EB00A1AB85 /* PLPlaceTableViewCell.swift */ = {isa = PBXFileReference; fileEncoding = 4; lastKnownFileType = sourcecode.swift; name = PLPlaceTableViewCell.swift; path = Classes/UI/PLPlaceTableViewCell.swift; sourceTree = "<group>"; };
		E8BCCECA1D7D95EB00A1AB85 /* PLPlaceTableViewCell.xib */ = {isa = PBXFileReference; fileEncoding = 4; lastKnownFileType = file.xib; name = PLPlaceTableViewCell.xib; path = Classes/UI/PLPlaceTableViewCell.xib; sourceTree = "<group>"; };
		E8DBCECB1D7B13D1003727C7 /* PLSettingsTableViewController.swift */ = {isa = PBXFileReference; fileEncoding = 4; lastKnownFileType = sourcecode.swift; name = PLSettingsTableViewController.swift; path = Classes/UI/PLSettingsTableViewController.swift; sourceTree = "<group>"; };
		E8DBCEDA1D7C3D09003727C7 /* PLNavigationController.swift */ = {isa = PBXFileReference; fileEncoding = 4; lastKnownFileType = sourcecode.swift; name = PLNavigationController.swift; path = Classes/Extensions/PLNavigationController.swift; sourceTree = "<group>"; };
		E8DBCEDC1D7C3D5C003727C7 /* PLImageView.swift */ = {isa = PBXFileReference; fileEncoding = 4; lastKnownFileType = sourcecode.swift; name = PLImageView.swift; path = Classes/UI/PLImageView.swift; sourceTree = "<group>"; };
		F68B4BF8C8ACD9F362E9AFD7 /* Pods-Pals.debug.xcconfig */ = {isa = PBXFileReference; includeInIndex = 1; lastKnownFileType = text.xcconfig; name = "Pods-Pals.debug.xcconfig"; path = "Pods/Target Support Files/Pods-Pals/Pods-Pals.debug.xcconfig"; sourceTree = "<group>"; };
/* End PBXFileReference section */

/* Begin PBXFrameworksBuildPhase section */
		D42F53C21D76B497005DEA34 /* Frameworks */ = {
			isa = PBXFrameworksBuildPhase;
			buildActionMask = 2147483647;
			files = (
				DC5EA978C0138C7F424C113C /* Pods_Pals.framework in Frameworks */,
			);
			runOnlyForDeploymentPostprocessing = 0;
		};
/* End PBXFrameworksBuildPhase section */

/* Begin PBXGroup section */
		045772821D7D743D004D5B0C /* Friends */ = {
			isa = PBXGroup;
			children = (
				045772831D7D744D004D5B0C /* PLFriendCell.swift */,
				045772851D7D744D004D5B0C /* PLFriendsModel.swift */,
				045772861D7D744D004D5B0C /* PLFriendsTableViewController.swift */,
				04532A581D7EBC530027FB31 /* PLFriendsSearchTableViewController.swift */,
			);
			name = Friends;
			sourceTree = "<group>";
		};
		241969261D7EFEAE006B371F /* Tools */ = {
			isa = PBXGroup;
			children = (
				241969241D7EB3AC006B371F /* PLSlidingViewController.swift */,
			);
			name = Tools;
			sourceTree = "<group>";
		};
		24788D561D7D9C9A007BA3C3 /* Order */ = {
			isa = PBXGroup;
			children = (
				24788D571D7D9CCC007BA3C3 /* PLOrderViewController.swift */,
				24788D591D7DA010007BA3C3 /* Resources */,
			);
			name = Order;
			sourceTree = "<group>";
		};
		24788D591D7DA010007BA3C3 /* Resources */ = {
			isa = PBXGroup;
			children = (
				24788D5C1D7DABDB007BA3C3 /* PLOrderBackgroundView.swift */,
				24788D5E1D7DABED007BA3C3 /* PLOrderBackgroundView.xib */,
				24788D601D7E9A28007BA3C3 /* PLOrderOffersView.swift */,
				24788D621D7E9A41007BA3C3 /* PLOrderOffersView.xib */,
			);
			name = Resources;
			sourceTree = "<group>";
		};
		24CBED3B1D76D0250028E5E3 /* Supporting Fiels */ = {
			isa = PBXGroup;
			children = (
				24CD9CD41D77079300247FE8 /* Thrird Party Libraries */,
				D42F53D11D76B497005DEA34 /* LaunchScreen.storyboard */,
				D42F53D41D76B497005DEA34 /* Info.plist */,
				24CD9CE01D77097000247FE8 /* Pals-Bridging-Header.h */,
			);
			name = "Supporting Fiels";
			sourceTree = "<group>";
		};
		24CBED3E1D76D60F0028E5E3 /* Profile */ = {
			isa = PBXGroup;
			children = (
				24CBED3C1D76D6080028E5E3 /* PLProfileViewController.swift */,
				2483B27C1D79C0E600E312C0 /* PLAddFundsViewController.swift */,
				240ACB221D784BE000C8DD0E /* PLProfileCollectionHelper.swift */,
				24CD9CE11D770F9C00247FE8 /* Resources */,
			);
			name = Profile;
			sourceTree = "<group>";
		};
		24CD9CD41D77079300247FE8 /* Thrird Party Libraries */ = {
			isa = PBXGroup;
			children = (
				24CD9CD51D77079300247FE8 /* TGLStackedViewController */,
			);
			path = "Thrird Party Libraries";
			sourceTree = "<group>";
		};
		24CD9CD51D77079300247FE8 /* TGLStackedViewController */ = {
			isa = PBXGroup;
			children = (
				24CD9CDF1D77085600247FE8 /* TGLExposedLayout.h */,
				24CD9CD71D77079300247FE8 /* TGLExposedLayout.m */,
				24CD9CD81D77079300247FE8 /* TGLStackedLayout.h */,
				24CD9CD91D77079300247FE8 /* TGLStackedLayout.m */,
				24CD9CDA1D77079300247FE8 /* TGLStackedViewController.h */,
				24CD9CDB1D77079300247FE8 /* TGLStackedViewController.m */,
				24BB0C6E1D77249000B691D1 /* TGLBackgroundProxyView.h */,
				24BB0C6F1D77249000B691D1 /* TGLBackgroundProxyView.m */,
			);
			path = TGLStackedViewController;
			sourceTree = "<group>";
		};
		24CD9CE11D770F9C00247FE8 /* Resources */ = {
			isa = PBXGroup;
			children = (
				24CD9CE21D77102D00247FE8 /* PLProfileDrinkCollectionViewCell.swift */,
				E857F0291D7801E90020B981 /* PLProfileDrinkCollectionViewCell.xib */,
				24BB0C711D77272600B691D1 /* PLProfileHeaderView.swift */,
				E857F02A1D7801E90020B981 /* PLProfileHeaderView.xib */,
				2483B27E1D79C27400E312C0 /* PLAddFundsView.swift */,
				2483B2801D79C29800E312C0 /* PLAddFundsView.xib */,
			);
			name = Resources;
			sourceTree = "<group>";
		};
		3031C286B9CA11146B8E1FA5 /* Pods */ = {
			isa = PBXGroup;
			children = (
				F68B4BF8C8ACD9F362E9AFD7 /* Pods-Pals.debug.xcconfig */,
				590973F66E3E7966FD0200FE /* Pods-Pals.release.xcconfig */,
			);
			name = Pods;
			sourceTree = "<group>";
		};
		38538A45B4B15C074AAEF5B7 /* Frameworks */ = {
			isa = PBXGroup;
			children = (
				3E1097158C5C13F1394D646D /* Pods_Pals.framework */,
			);
			name = Frameworks;
			sourceTree = "<group>";
		};
		D42F53BC1D76B497005DEA34 = {
			isa = PBXGroup;
			children = (
				D42F53C71D76B497005DEA34 /* Pals */,
				D42F53C61D76B497005DEA34 /* Products */,
				3031C286B9CA11146B8E1FA5 /* Pods */,
				38538A45B4B15C074AAEF5B7 /* Frameworks */,
			);
			sourceTree = "<group>";
		};
		D42F53C61D76B497005DEA34 /* Products */ = {
			isa = PBXGroup;
			children = (
				D42F53C51D76B497005DEA34 /* Pals.app */,
			);
			name = Products;
			sourceTree = "<group>";
		};
		D42F53C71D76B497005DEA34 /* Pals */ = {
			isa = PBXGroup;
			children = (
				E80F928D1D7EA65D0066AA3F /* AppDelegate */,
				D42F53E31D76D31D005DEA34 /* Extensions */,
				D42F53DA1D76C28F005DEA34 /* Business */,
				D42F53DB1D76C2A4005DEA34 /* Model */,
				D42F53DC1D76C2AB005DEA34 /* UI */,
				241969261D7EFEAE006B371F /* Tools */,
				D42F53CC1D76B497005DEA34 /* Main.storyboard */,
				D42F53CF1D76B497005DEA34 /* Assets.xcassets */,
				D483909A1D78672700990E83 /* Resources */,
				24CBED3B1D76D0250028E5E3 /* Supporting Fiels */,
			);
			path = Pals;
			sourceTree = "<group>";
		};
		D42F53DA1D76C28F005DEA34 /* Business */ = {
			isa = PBXGroup;
			children = (
				D48390941D78236F00990E83 /* PLFacade.swift */,
				D48390981D782E4500990E83 /* PLProfileManager.swift */,
				D48390961D7826FD00990E83 /* PLNetworkManager.swift */,
				D48390A01D78681B00990E83 /* PLSettingsManager.swift */,
			);
			name = Business;
			sourceTree = "<group>";
		};
		D42F53DB1D76C2A4005DEA34 /* Model */ = {
			isa = PBXGroup;
			children = (
				D42F53DF1D76CABE005DEA34 /* PLUniqueObject.swift */,
				D42F53E11D76CBFD005DEA34 /* PLUser.swift */,
				D483E1391D79CDAA00FCD614 /* PLOrder.swift */,
				D483E1331D79CBBA00FCD614 /* PLPlace.swift */,
				D483E1351D79CC0F00FCD614 /* PLDrink.swift */,
				D483E1371D79CC2900FCD614 /* PLEvent.swift */,
				D48390A21D786ABE00990E83 /* PLFakeFeed.swift */,
				D48390A41D787D3B00990E83 /* PLErrors.swift */,
			);
			name = Model;
			sourceTree = "<group>";
		};
		D42F53DC1D76C2AB005DEA34 /* UI */ = {
			isa = PBXGroup;
			children = (
				D42F53DD1D76C5B7005DEA34 /* PLLoginViewController.swift */,
				E857F02D1D7801F40020B981 /* SignUp */,
				E8DBCECA1D7B137A003727C7 /* Settings */,
				24CBED3E1D76D60F0028E5E3 /* Profile */,
				045772821D7D743D004D5B0C /* Friends */,
				E8BCCEC31D7D75E000A1AB85 /* Friend Profile */,
				E8BCCEC81D7D918E00A1AB85 /* Places */,
				E8BCCED01D7DAC7900A1AB85 /* Place Profile */,
				24788D561D7D9C9A007BA3C3 /* Order */,
			);
			name = UI;
			sourceTree = "<group>";
		};
		D42F53E31D76D31D005DEA34 /* Extensions */ = {
			isa = PBXGroup;
			children = (
				D42F53E41D76D344005DEA34 /* PLDictionary.swift */,
				D48390A61D79746C00990E83 /* PLSignUpHelpers.swift */,
				E84DB41F1D79D97F00B16166 /* PLStoryboard.swift */,
				E84DB4201D79D97F00B16166 /* PLString.swift */,
				E8DBCEDA1D7C3D09003727C7 /* PLNavigationController.swift */,
				24788D541D7D72D9007BA3C3 /* PLDevice.swift */,
			);
			name = Extensions;
			sourceTree = "<group>";
		};
		D483909A1D78672700990E83 /* Resources */ = {
			isa = PBXGroup;
			children = (
				D483909B1D78672700990E83 /* config.plist */,
				D483909C1D78672700990E83 /* FakeFeeds */,
			);
			path = Resources;
			sourceTree = "<group>";
		};
		D483909C1D78672700990E83 /* FakeFeeds */ = {
			isa = PBXGroup;
			children = (
				D483E12F1D79A64400FCD614 /* signup.json */,
				D483909D1D78672700990E83 /* login.json */,
				D483E1311D79BC2A00FCD614 /* sendpassword.json */,
			);
			path = FakeFeeds;
			sourceTree = "<group>";
		};
		E80607241D7EFCEC001C0D81 /* Cells */ = {
			isa = PBXGroup;
			children = (
				E80607251D7EFFB8001C0D81 /* PLEventCollectionViewCell.swift */,
				E80607261D7EFFB8001C0D81 /* PLEventCollectionViewCell.xib */,
			);
			name = Cells;
			sourceTree = "<group>";
		};
		E80607291D7EFFDC001C0D81 /* Headers */ = {
			isa = PBXGroup;
			children = (
				E806072A1D7F003B001C0D81 /* PLPlaceProfileHeader.swift */,
				E806072B1D7F003B001C0D81 /* PLPlaceProfileHeader.xib */,
				E806072E1D7F00E4001C0D81 /* PLPlaceProfileSectionHeader.swift */,
				E806072F1D7F00E4001C0D81 /* PLPlaceProfileSectionHeader.xib */,
			);
			name = Headers;
			sourceTree = "<group>";
		};
		E80F928D1D7EA65D0066AA3F /* AppDelegate */ = {
			isa = PBXGroup;
			children = (
				D42F53C81D76B497005DEA34 /* AppDelegate.swift */,
			);
			name = AppDelegate;
			sourceTree = "<group>";
		};
		E857F02D1D7801F40020B981 /* SignUp */ = {
			isa = PBXGroup;
			children = (
				E857F0311D7802180020B981 /* PLSignUpViewController.swift */,
				E857F0381D78047D0020B981 /* Views */,
			);
			name = SignUp;
			sourceTree = "<group>";
		};
		E857F0381D78047D0020B981 /* Views */ = {
			isa = PBXGroup;
			children = (
				E857F02E1D7802180020B981 /* PLAddButton.swift */,
				E857F02F1D7802180020B981 /* PLButton.swift */,
				E857F0321D7802180020B981 /* PLTextField.swift */,
				E8DBCEDC1D7C3D5C003727C7 /* PLImageView.swift */,
			);
			name = Views;
			sourceTree = "<group>";
		};
		E8BCCEC31D7D75E000A1AB85 /* Friend Profile */ = {
			isa = PBXGroup;
			children = (
				E8BCCEC41D7D761E00A1AB85 /* PLFriendProfileViewController.swift */,
			);
			name = "Friend Profile";
			sourceTree = "<group>";
		};
		E8BCCEC81D7D918E00A1AB85 /* Places */ = {
			isa = PBXGroup;
			children = (
				E8BCCEC61D7D918800A1AB85 /* PLPlacesTableViewController.swift */,
				E8BCCECD1D7D95F200A1AB85 /* Cells */,
			);
			name = Places;
			sourceTree = "<group>";
		};
		E8BCCECD1D7D95F200A1AB85 /* Cells */ = {
			isa = PBXGroup;
			children = (
				E8BCCEC91D7D95EB00A1AB85 /* PLPlaceTableViewCell.swift */,
				E8BCCECA1D7D95EB00A1AB85 /* PLPlaceTableViewCell.xib */,
			);
			name = Cells;
			sourceTree = "<group>";
		};
		E8BCCED01D7DAC7900A1AB85 /* Place Profile */ = {
			isa = PBXGroup;
			children = (
				E80607221D7EFB2A001C0D81 /* PLPlaceProfileCollectionViewController.swift */,
				E80607291D7EFFDC001C0D81 /* Headers */,
				E80607241D7EFCEC001C0D81 /* Cells */,
			);
			name = "Place Profile";
			sourceTree = "<group>";
		};
		E8DBCECA1D7B137A003727C7 /* Settings */ = {
			isa = PBXGroup;
			children = (
				E8DBCECB1D7B13D1003727C7 /* PLSettingsTableViewController.swift */,
			);
			name = Settings;
			sourceTree = "<group>";
		};
/* End PBXGroup section */

/* Begin PBXNativeTarget section */
		D42F53C41D76B497005DEA34 /* Pals */ = {
			isa = PBXNativeTarget;
			buildConfigurationList = D42F53D71D76B497005DEA34 /* Build configuration list for PBXNativeTarget "Pals" */;
			buildPhases = (
				F5AB92BEE7FD97B1DE8EBA28 /* [CP] Check Pods Manifest.lock */,
				D42F53C11D76B497005DEA34 /* Sources */,
				D42F53C21D76B497005DEA34 /* Frameworks */,
				D42F53C31D76B497005DEA34 /* Resources */,
				A071B8C436598B4DA0F999B2 /* [CP] Embed Pods Frameworks */,
				B3C08415ECB10D4F8B4851DC /* [CP] Copy Pods Resources */,
			);
			buildRules = (
			);
			dependencies = (
			);
			name = Pals;
			productName = Pals;
			productReference = D42F53C51D76B497005DEA34 /* Pals.app */;
			productType = "com.apple.product-type.application";
		};
/* End PBXNativeTarget section */

/* Begin PBXProject section */
		D42F53BD1D76B497005DEA34 /* Project object */ = {
			isa = PBXProject;
			attributes = {
				CLASSPREFIX = PL;
				LastSwiftUpdateCheck = 0730;
				LastUpgradeCheck = 0730;
				ORGANIZATIONNAME = citirex;
				TargetAttributes = {
					D42F53C41D76B497005DEA34 = {
						CreatedOnToolsVersion = 7.3.1;
					};
				};
			};
			buildConfigurationList = D42F53C01D76B497005DEA34 /* Build configuration list for PBXProject "Pals" */;
			compatibilityVersion = "Xcode 3.2";
			developmentRegion = English;
			hasScannedForEncodings = 0;
			knownRegions = (
				en,
				Base,
			);
			mainGroup = D42F53BC1D76B497005DEA34;
			productRefGroup = D42F53C61D76B497005DEA34 /* Products */;
			projectDirPath = "";
			projectRoot = "";
			targets = (
				D42F53C41D76B497005DEA34 /* Pals */,
			);
		};
/* End PBXProject section */

/* Begin PBXResourcesBuildPhase section */
		D42F53C31D76B497005DEA34 /* Resources */ = {
			isa = PBXResourcesBuildPhase;
			buildActionMask = 2147483647;
			files = (
				E806072D1D7F003B001C0D81 /* PLPlaceProfileHeader.xib in Resources */,
				D42F53D31D76B497005DEA34 /* LaunchScreen.storyboard in Resources */,
				24788D631D7E9A41007BA3C3 /* PLOrderOffersView.xib in Resources */,
				D483E1301D79A64400FCD614 /* signup.json in Resources */,
				D483E1321D79BC2A00FCD614 /* sendpassword.json in Resources */,
				E857F02C1D7801E90020B981 /* PLProfileHeaderView.xib in Resources */,
				E8BCCECC1D7D95EB00A1AB85 /* PLPlaceTableViewCell.xib in Resources */,
				D483909E1D78672700990E83 /* config.plist in Resources */,
				2483B2811D79C29800E312C0 /* PLAddFundsView.xib in Resources */,
				E80607281D7EFFB8001C0D81 /* PLEventCollectionViewCell.xib in Resources */,
				E857F02B1D7801E90020B981 /* PLProfileDrinkCollectionViewCell.xib in Resources */,
				E80607311D7F00E4001C0D81 /* PLPlaceProfileSectionHeader.xib in Resources */,
				D42F53D01D76B497005DEA34 /* Assets.xcassets in Resources */,
				24788D5F1D7DABED007BA3C3 /* PLOrderBackgroundView.xib in Resources */,
				D483909F1D78672700990E83 /* login.json in Resources */,
				D42F53CE1D76B497005DEA34 /* Main.storyboard in Resources */,
			);
			runOnlyForDeploymentPostprocessing = 0;
		};
/* End PBXResourcesBuildPhase section */

/* Begin PBXShellScriptBuildPhase section */
		A071B8C436598B4DA0F999B2 /* [CP] Embed Pods Frameworks */ = {
			isa = PBXShellScriptBuildPhase;
			buildActionMask = 2147483647;
			files = (
			);
			inputPaths = (
			);
			name = "[CP] Embed Pods Frameworks";
			outputPaths = (
			);
			runOnlyForDeploymentPostprocessing = 0;
			shellPath = /bin/sh;
			shellScript = "\"${SRCROOT}/Pods/Target Support Files/Pods-Pals/Pods-Pals-frameworks.sh\"\n";
			showEnvVarsInLog = 0;
		};
		B3C08415ECB10D4F8B4851DC /* [CP] Copy Pods Resources */ = {
			isa = PBXShellScriptBuildPhase;
			buildActionMask = 2147483647;
			files = (
			);
			inputPaths = (
			);
			name = "[CP] Copy Pods Resources";
			outputPaths = (
			);
			runOnlyForDeploymentPostprocessing = 0;
			shellPath = /bin/sh;
			shellScript = "\"${SRCROOT}/Pods/Target Support Files/Pods-Pals/Pods-Pals-resources.sh\"\n";
			showEnvVarsInLog = 0;
		};
		F5AB92BEE7FD97B1DE8EBA28 /* [CP] Check Pods Manifest.lock */ = {
			isa = PBXShellScriptBuildPhase;
			buildActionMask = 2147483647;
			files = (
			);
			inputPaths = (
			);
			name = "[CP] Check Pods Manifest.lock";
			outputPaths = (
			);
			runOnlyForDeploymentPostprocessing = 0;
			shellPath = /bin/sh;
			shellScript = "diff \"${PODS_ROOT}/../Podfile.lock\" \"${PODS_ROOT}/Manifest.lock\" > /dev/null\nif [[ $? != 0 ]] ; then\n    cat << EOM\nerror: The sandbox is not in sync with the Podfile.lock. Run 'pod install' or update your CocoaPods installation.\nEOM\n    exit 1\nfi\n";
			showEnvVarsInLog = 0;
		};
/* End PBXShellScriptBuildPhase section */

/* Begin PBXSourcesBuildPhase section */
		D42F53C11D76B497005DEA34 /* Sources */ = {
			isa = PBXSourcesBuildPhase;
			buildActionMask = 2147483647;
			files = (
				24CD9CDE1D77079300247FE8 /* TGLStackedViewController.m in Sources */,
				24CBED3D1D76D6080028E5E3 /* PLProfileViewController.swift in Sources */,
				D483E13A1D79CDAA00FCD614 /* PLOrder.swift in Sources */,
				D48390971D7826FD00990E83 /* PLNetworkManager.swift in Sources */,
				045772891D7D744D004D5B0C /* PLFriendsModel.swift in Sources */,
				04532A591D7EBC530027FB31 /* PLFriendsSearchTableViewController.swift in Sources */,
				240ACB231D784BE000C8DD0E /* PLProfileCollectionHelper.swift in Sources */,
				E80607231D7EFB2A001C0D81 /* PLPlaceProfileCollectionViewController.swift in Sources */,
				D483E1341D79CBBA00FCD614 /* PLPlace.swift in Sources */,
				E806072C1D7F003B001C0D81 /* PLPlaceProfileHeader.swift in Sources */,
				E857F0341D7802180020B981 /* PLButton.swift in Sources */,
				E8DBCEDB1D7C3D09003727C7 /* PLNavigationController.swift in Sources */,
				24BB0C701D77249000B691D1 /* TGLBackgroundProxyView.m in Sources */,
				24CD9CDC1D77079300247FE8 /* TGLExposedLayout.m in Sources */,
				D48390A51D787D3B00990E83 /* PLErrors.swift in Sources */,
				D42F53DE1D76C5B7005DEA34 /* PLLoginViewController.swift in Sources */,
				D48390A11D78681B00990E83 /* PLSettingsManager.swift in Sources */,
				D48390951D78236F00990E83 /* PLFacade.swift in Sources */,
				24788D611D7E9A28007BA3C3 /* PLOrderOffersView.swift in Sources */,
				E8DBCEDD1D7C3D5C003727C7 /* PLImageView.swift in Sources */,
				E80607271D7EFFB8001C0D81 /* PLEventCollectionViewCell.swift in Sources */,
				24CD9CDD1D77079300247FE8 /* TGLStackedLayout.m in Sources */,
				E80607301D7F00E4001C0D81 /* PLPlaceProfileSectionHeader.swift in Sources */,
				24CD9CE31D77102D00247FE8 /* PLProfileDrinkCollectionViewCell.swift in Sources */,
				D48390A71D79746C00990E83 /* PLSignUpHelpers.swift in Sources */,
				E8BCCEC71D7D918800A1AB85 /* PLPlacesTableViewController.swift in Sources */,
				D42F53E51D76D344005DEA34 /* PLDictionary.swift in Sources */,
				2483B27D1D79C0E600E312C0 /* PLAddFundsViewController.swift in Sources */,
				D42F53E21D76CBFD005DEA34 /* PLUser.swift in Sources */,
				D483E1381D79CC2900FCD614 /* PLEvent.swift in Sources */,
				2483B27F1D79C27400E312C0 /* PLAddFundsView.swift in Sources */,
				E8DBCECC1D7B13D1003727C7 /* PLSettingsTableViewController.swift in Sources */,
				0457728A1D7D744D004D5B0C /* PLFriendsTableViewController.swift in Sources */,
				D42F53E01D76CABE005DEA34 /* PLUniqueObject.swift in Sources */,
				24788D551D7D72D9007BA3C3 /* PLDevice.swift in Sources */,
				D42F53C91D76B497005DEA34 /* AppDelegate.swift in Sources */,
				24788D5D1D7DABDB007BA3C3 /* PLOrderBackgroundView.swift in Sources */,
				D48390991D782E4500990E83 /* PLProfileManager.swift in Sources */,
				E8BCCECB1D7D95EB00A1AB85 /* PLPlaceTableViewCell.swift in Sources */,
				241969251D7EB3AC006B371F /* PLSlidingViewController.swift in Sources */,
				E8BCCEC51D7D761E00A1AB85 /* PLFriendProfileViewController.swift in Sources */,
				24788D581D7D9CCC007BA3C3 /* PLOrderViewController.swift in Sources */,
				E84DB4211D79D97F00B16166 /* PLStoryboard.swift in Sources */,
				E857F0371D7802180020B981 /* PLTextField.swift in Sources */,
				24BB0C721D77272600B691D1 /* PLProfileHeaderView.swift in Sources */,
				D483E1361D79CC0F00FCD614 /* PLDrink.swift in Sources */,
				E84DB4221D79D97F00B16166 /* PLString.swift in Sources */,
				E857F0331D7802180020B981 /* PLAddButton.swift in Sources */,
				045772871D7D744D004D5B0C /* PLFriendCell.swift in Sources */,
				D48390A31D786ABE00990E83 /* PLFakeFeed.swift in Sources */,
				E857F0361D7802180020B981 /* PLSignUpViewController.swift in Sources */,
			);
			runOnlyForDeploymentPostprocessing = 0;
		};
/* End PBXSourcesBuildPhase section */

/* Begin PBXVariantGroup section */
		D42F53CC1D76B497005DEA34 /* Main.storyboard */ = {
			isa = PBXVariantGroup;
			children = (
				D42F53CD1D76B497005DEA34 /* Base */,
			);
			name = Main.storyboard;
			sourceTree = "<group>";
		};
		D42F53D11D76B497005DEA34 /* LaunchScreen.storyboard */ = {
			isa = PBXVariantGroup;
			children = (
				D42F53D21D76B497005DEA34 /* Base */,
			);
			name = LaunchScreen.storyboard;
			sourceTree = "<group>";
		};
/* End PBXVariantGroup section */

/* Begin XCBuildConfiguration section */
		D42F53D51D76B497005DEA34 /* Debug */ = {
			isa = XCBuildConfiguration;
			buildSettings = {
				ALWAYS_SEARCH_USER_PATHS = NO;
				CLANG_ANALYZER_NONNULL = YES;
				CLANG_CXX_LANGUAGE_STANDARD = "gnu++0x";
				CLANG_CXX_LIBRARY = "libc++";
				CLANG_ENABLE_MODULES = YES;
				CLANG_ENABLE_OBJC_ARC = YES;
				CLANG_WARN_BOOL_CONVERSION = YES;
				CLANG_WARN_CONSTANT_CONVERSION = YES;
				CLANG_WARN_DIRECT_OBJC_ISA_USAGE = YES_ERROR;
				CLANG_WARN_EMPTY_BODY = YES;
				CLANG_WARN_ENUM_CONVERSION = YES;
				CLANG_WARN_INT_CONVERSION = YES;
				CLANG_WARN_OBJC_ROOT_CLASS = YES_ERROR;
				CLANG_WARN_UNREACHABLE_CODE = YES;
				CLANG_WARN__DUPLICATE_METHOD_MATCH = YES;
				"CODE_SIGN_IDENTITY[sdk=iphoneos*]" = "iPhone Developer";
				COPY_PHASE_STRIP = NO;
				DEBUG_INFORMATION_FORMAT = dwarf;
				ENABLE_STRICT_OBJC_MSGSEND = YES;
				ENABLE_TESTABILITY = YES;
				GCC_C_LANGUAGE_STANDARD = gnu99;
				GCC_DYNAMIC_NO_PIC = NO;
				GCC_NO_COMMON_BLOCKS = YES;
				GCC_OPTIMIZATION_LEVEL = 0;
				GCC_PREPROCESSOR_DEFINITIONS = (
					"DEBUG=1",
					"$(inherited)",
				);
				GCC_WARN_64_TO_32_BIT_CONVERSION = YES;
				GCC_WARN_ABOUT_RETURN_TYPE = YES_ERROR;
				GCC_WARN_UNDECLARED_SELECTOR = YES;
				GCC_WARN_UNINITIALIZED_AUTOS = YES_AGGRESSIVE;
				GCC_WARN_UNUSED_FUNCTION = YES;
				GCC_WARN_UNUSED_VARIABLE = YES;
				IPHONEOS_DEPLOYMENT_TARGET = 9.3;
				MTL_ENABLE_DEBUG_INFO = YES;
				ONLY_ACTIVE_ARCH = YES;
				SDKROOT = iphoneos;
				SWIFT_OPTIMIZATION_LEVEL = "-Onone";
			};
			name = Debug;
		};
		D42F53D61D76B497005DEA34 /* Release */ = {
			isa = XCBuildConfiguration;
			buildSettings = {
				ALWAYS_SEARCH_USER_PATHS = NO;
				CLANG_ANALYZER_NONNULL = YES;
				CLANG_CXX_LANGUAGE_STANDARD = "gnu++0x";
				CLANG_CXX_LIBRARY = "libc++";
				CLANG_ENABLE_MODULES = YES;
				CLANG_ENABLE_OBJC_ARC = YES;
				CLANG_WARN_BOOL_CONVERSION = YES;
				CLANG_WARN_CONSTANT_CONVERSION = YES;
				CLANG_WARN_DIRECT_OBJC_ISA_USAGE = YES_ERROR;
				CLANG_WARN_EMPTY_BODY = YES;
				CLANG_WARN_ENUM_CONVERSION = YES;
				CLANG_WARN_INT_CONVERSION = YES;
				CLANG_WARN_OBJC_ROOT_CLASS = YES_ERROR;
				CLANG_WARN_UNREACHABLE_CODE = YES;
				CLANG_WARN__DUPLICATE_METHOD_MATCH = YES;
				"CODE_SIGN_IDENTITY[sdk=iphoneos*]" = "iPhone Developer";
				COPY_PHASE_STRIP = NO;
				DEBUG_INFORMATION_FORMAT = "dwarf-with-dsym";
				ENABLE_NS_ASSERTIONS = NO;
				ENABLE_STRICT_OBJC_MSGSEND = YES;
				GCC_C_LANGUAGE_STANDARD = gnu99;
				GCC_NO_COMMON_BLOCKS = YES;
				GCC_WARN_64_TO_32_BIT_CONVERSION = YES;
				GCC_WARN_ABOUT_RETURN_TYPE = YES_ERROR;
				GCC_WARN_UNDECLARED_SELECTOR = YES;
				GCC_WARN_UNINITIALIZED_AUTOS = YES_AGGRESSIVE;
				GCC_WARN_UNUSED_FUNCTION = YES;
				GCC_WARN_UNUSED_VARIABLE = YES;
				IPHONEOS_DEPLOYMENT_TARGET = 9.3;
				MTL_ENABLE_DEBUG_INFO = NO;
				SDKROOT = iphoneos;
				VALIDATE_PRODUCT = YES;
			};
			name = Release;
		};
		D42F53D81D76B497005DEA34 /* Debug */ = {
			isa = XCBuildConfiguration;
			baseConfigurationReference = F68B4BF8C8ACD9F362E9AFD7 /* Pods-Pals.debug.xcconfig */;
			buildSettings = {
				ASSETCATALOG_COMPILER_APPICON_NAME = AppIcon;
				CODE_SIGN_IDENTITY = "iPhone Developer";
				"CODE_SIGN_IDENTITY[sdk=iphoneos*]" = "iPhone Developer";
				INFOPLIST_FILE = Pals/Info.plist;
				IPHONEOS_DEPLOYMENT_TARGET = 8.0;
				LD_RUNPATH_SEARCH_PATHS = "$(inherited) @executable_path/Frameworks";
				PRODUCT_BUNDLE_IDENTIFIER = com.citirex.Pals;
				PRODUCT_NAME = "$(TARGET_NAME)";
				PROVISIONING_PROFILE = "de5f0ce2-2b43-473b-acf1-ebd2d9ee525e";
				SWIFT_OBJC_BRIDGING_HEADER = "$(SRCROOT)/Pals/Pals-Bridging-Header.h";
			};
			name = Debug;
		};
		D42F53D91D76B497005DEA34 /* Release */ = {
			isa = XCBuildConfiguration;
			baseConfigurationReference = 590973F66E3E7966FD0200FE /* Pods-Pals.release.xcconfig */;
			buildSettings = {
				ASSETCATALOG_COMPILER_APPICON_NAME = AppIcon;
				CODE_SIGN_IDENTITY = "iPhone Developer";
				"CODE_SIGN_IDENTITY[sdk=iphoneos*]" = "iPhone Developer";
				INFOPLIST_FILE = Pals/Info.plist;
				IPHONEOS_DEPLOYMENT_TARGET = 8.0;
				LD_RUNPATH_SEARCH_PATHS = "$(inherited) @executable_path/Frameworks";
				PRODUCT_BUNDLE_IDENTIFIER = com.citirex.Pals;
				PRODUCT_NAME = "$(TARGET_NAME)";
				PROVISIONING_PROFILE = "de5f0ce2-2b43-473b-acf1-ebd2d9ee525e";
				SWIFT_OBJC_BRIDGING_HEADER = "$(SRCROOT)/Pals/Pals-Bridging-Header.h";
			};
			name = Release;
		};
/* End XCBuildConfiguration section */

/* Begin XCConfigurationList section */
		D42F53C01D76B497005DEA34 /* Build configuration list for PBXProject "Pals" */ = {
			isa = XCConfigurationList;
			buildConfigurations = (
				D42F53D51D76B497005DEA34 /* Debug */,
				D42F53D61D76B497005DEA34 /* Release */,
			);
			defaultConfigurationIsVisible = 0;
			defaultConfigurationName = Release;
		};
		D42F53D71D76B497005DEA34 /* Build configuration list for PBXNativeTarget "Pals" */ = {
			isa = XCConfigurationList;
			buildConfigurations = (
				D42F53D81D76B497005DEA34 /* Debug */,
				D42F53D91D76B497005DEA34 /* Release */,
			);
			defaultConfigurationIsVisible = 0;
			defaultConfigurationName = Release;
		};
/* End XCConfigurationList section */
	};
	rootObject = D42F53BD1D76B497005DEA34 /* Project object */;
}
