PODS:
  - AFNetworking (3.1.0):
    - AFNetworking/NSURLSession (= 3.1.0)
    - AFNetworking/Reachability (= 3.1.0)
    - AFNetworking/Security (= 3.1.0)
    - AFNetworking/Serialization (= 3.1.0)
    - AFNetworking/UIKit (= 3.1.0)
  - AFNetworking/NSURLSession (3.1.0):
    - AFNetworking/Reachability
    - AFNetworking/Security
    - AFNetworking/Serialization
  - AFNetworking/Reachability (3.1.0)
  - AFNetworking/Security (3.1.0)
  - AFNetworking/Serialization (3.1.0)
  - AFNetworking/UIKit (3.1.0):
    - AFNetworking/NSURLSession
  - Bolts (1.8.4):
    - Bolts/AppLinks (= 1.8.4)
    - Bolts/Tasks (= 1.8.4)
  - Bolts/AppLinks (1.8.4):
    - Bolts/Tasks
  - Bolts/Tasks (1.8.4)
  - CSStickyHeaderFlowLayout (0.2.11)
  - DZNEmptyDataSet (1.8.1)
  - FBSDKCoreKit (4.16.0):
    - Bolts (~> 1.7)
  - FBSDKLoginKit (4.16.1):
    - FBSDKCoreKit
  - GPUImage (0.1.7)
  - IQKeyboardManager (4.0.6)
  - Permission (1.5)
  - PureLayout (3.0.2)
  - SVProgressHUD (2.0.3)
  - SwiftQRCode (2.0.2)

DEPENDENCIES:
  - AFNetworking
  - CSStickyHeaderFlowLayout
  - DZNEmptyDataSet
  - FBSDKCoreKit
  - FBSDKLoginKit
  - GPUImage
  - IQKeyboardManager
  - Permission
  - PureLayout
  - SVProgressHUD
  - SwiftQRCode

SPEC CHECKSUMS:
  AFNetworking: 5e0e199f73d8626b11e79750991f5d173d1f8b67
  Bolts: 8a7995239dbe724f9cba2248b766d48b7ebdd322
  CSStickyHeaderFlowLayout: e9bcb1762413f49d7d09e5bd0ae5efd1100116b7
  DZNEmptyDataSet: 9525833b9e68ac21c30253e1d3d7076cc828eaa7
  FBSDKCoreKit: 7a6baaed4a2b2a244ba253346713bdbc74df135b
  FBSDKLoginKit: 469a56cebe2e1ed62b1621d0b155970fd6aac2d8
  GPUImage: 733a5f0fab92df9de1c37ba9df520a833ccb406d
  IQKeyboardManager: c52debb1967799ae7addb98eab0cf328083a874f
  Permission: 2d9647f8b994a5faf7e1c5a40d4328fde158c2f2
  PureLayout: 4d550abe49a94f24c2808b9b95db9131685fe4cd
  SVProgressHUD: b0830714205bea1317ea1a2ebc71e5633af334d4
  SwiftQRCode: 68e920781686e376d70646b90c8ad87fd6523309

PODFILE CHECKSUM: 0ddf1ba987be9d8c283f548cb305b092f4fd4dc9

COCOAPODS: 1.0.1
